// !$*UTF8*$!
{
	archiveVersion = 1;
	classes = {
	};
	objectVersion = 48;
	objects = {

/* Begin PBXBuildFile section */
		0B36E9F420A08FED008D1553 /* AppNC.swift in Sources */ = {isa = PBXBuildFile; fileRef = 0B36E9F320A08FED008D1553 /* AppNC.swift */; };
		0B36E9F820A09705008D1553 /* CustomMenuView.swift in Sources */ = {isa = PBXBuildFile; fileRef = 0B36E9F720A09705008D1553 /* CustomMenuView.swift */; };
		0B4D6F9A209F45840090B380 /* TVCFriends.swift in Sources */ = {isa = PBXBuildFile; fileRef = 0B4D6F99209F45840090B380 /* TVCFriends.swift */; };
		0B4D6F9E209F608C0090B380 /* TVCellFriend.swift in Sources */ = {isa = PBXBuildFile; fileRef = 0B4D6F9D209F608C0090B380 /* TVCellFriend.swift */; };
		0B534D5020A388BF000416F9 /* VCMeetMe.swift in Sources */ = {isa = PBXBuildFile; fileRef = 0B534D4F20A388BF000416F9 /* VCMeetMe.swift */; };
		0B534D5620A3899B000416F9 /* VCChat.swift in Sources */ = {isa = PBXBuildFile; fileRef = 0B534D5520A3899B000416F9 /* VCChat.swift */; };
		0B534D5820A389AD000416F9 /* VCCreateEvent.swift in Sources */ = {isa = PBXBuildFile; fileRef = 0B534D5720A389AD000416F9 /* VCCreateEvent.swift */; };
		0B534D5A20A38A31000416F9 /* VCSettings.swift in Sources */ = {isa = PBXBuildFile; fileRef = 0B534D5920A38A31000416F9 /* VCSettings.swift */; };
		0B534D5C20A38A42000416F9 /* VCProfile.swift in Sources */ = {isa = PBXBuildFile; fileRef = 0B534D5B20A38A42000416F9 /* VCProfile.swift */; };
		323D4FD6FCDAF4F864BB2FC3 /* Pods_Template_Project_iOS.framework in Frameworks */ = {isa = PBXBuildFile; fileRef = FE3767D8B247B11F6B5466BF /* Pods_Template_Project_iOS.framework */; };
		463046F71FBF38F9005F1106 /* AppDelegate.swift in Sources */ = {isa = PBXBuildFile; fileRef = 463046F61FBF38F9005F1106 /* AppDelegate.swift */; };
		463046F91FBF38F9005F1106 /* ViewController.swift in Sources */ = {isa = PBXBuildFile; fileRef = 463046F81FBF38F9005F1106 /* ViewController.swift */; };
		463046FC1FBF38F9005F1106 /* Main.storyboard in Resources */ = {isa = PBXBuildFile; fileRef = 463046FA1FBF38F9005F1106 /* Main.storyboard */; };
		463046FE1FBF38F9005F1106 /* Assets.xcassets in Resources */ = {isa = PBXBuildFile; fileRef = 463046FD1FBF38F9005F1106 /* Assets.xcassets */; };
		463047011FBF38F9005F1106 /* LaunchScreen.storyboard in Resources */ = {isa = PBXBuildFile; fileRef = 463046FF1FBF38F9005F1106 /* LaunchScreen.storyboard */; };
		4630470C1FBF38FA005F1106 /* Template_Project_iOSTests.swift in Sources */ = {isa = PBXBuildFile; fileRef = 4630470B1FBF38FA005F1106 /* Template_Project_iOSTests.swift */; };
		463047171FBF38FA005F1106 /* Template_Project_iOSUITests.swift in Sources */ = {isa = PBXBuildFile; fileRef = 463047161FBF38FA005F1106 /* Template_Project_iOSUITests.swift */; };
		469339E82052ED9500A5B173 /* Lato-Black.ttf in Resources */ = {isa = PBXBuildFile; fileRef = 469339BC2052ED9500A5B173 /* Lato-Black.ttf */; };
		469339E92052ED9500A5B173 /* Lato-BlackItalic.ttf in Resources */ = {isa = PBXBuildFile; fileRef = 469339BD2052ED9500A5B173 /* Lato-BlackItalic.ttf */; };
		469339EA2052ED9500A5B173 /* Lato-Bold.ttf in Resources */ = {isa = PBXBuildFile; fileRef = 469339BE2052ED9500A5B173 /* Lato-Bold.ttf */; };
		469339EB2052ED9500A5B173 /* Lato-BoldItalic.ttf in Resources */ = {isa = PBXBuildFile; fileRef = 469339BF2052ED9500A5B173 /* Lato-BoldItalic.ttf */; };
		469339EC2052ED9500A5B173 /* Lato-Hairline.ttf in Resources */ = {isa = PBXBuildFile; fileRef = 469339C02052ED9500A5B173 /* Lato-Hairline.ttf */; };
		469339ED2052ED9500A5B173 /* Lato-HairlineItalic.ttf in Resources */ = {isa = PBXBuildFile; fileRef = 469339C12052ED9500A5B173 /* Lato-HairlineItalic.ttf */; };
		469339EE2052ED9500A5B173 /* Lato-Heavy.ttf in Resources */ = {isa = PBXBuildFile; fileRef = 469339C22052ED9500A5B173 /* Lato-Heavy.ttf */; };
		469339EF2052ED9500A5B173 /* Lato-HeavyItalic.ttf in Resources */ = {isa = PBXBuildFile; fileRef = 469339C32052ED9500A5B173 /* Lato-HeavyItalic.ttf */; };
		469339F02052ED9500A5B173 /* Lato-Italic.ttf in Resources */ = {isa = PBXBuildFile; fileRef = 469339C42052ED9500A5B173 /* Lato-Italic.ttf */; };
		469339F12052ED9500A5B173 /* Lato-Light.ttf in Resources */ = {isa = PBXBuildFile; fileRef = 469339C52052ED9500A5B173 /* Lato-Light.ttf */; };
		469339F22052ED9500A5B173 /* Lato-LightItalic.ttf in Resources */ = {isa = PBXBuildFile; fileRef = 469339C62052ED9500A5B173 /* Lato-LightItalic.ttf */; };
		469339F32052ED9500A5B173 /* Lato-Medium.ttf in Resources */ = {isa = PBXBuildFile; fileRef = 469339C72052ED9500A5B173 /* Lato-Medium.ttf */; };
		469339F42052ED9500A5B173 /* Lato-MediumItalic.ttf in Resources */ = {isa = PBXBuildFile; fileRef = 469339C82052ED9500A5B173 /* Lato-MediumItalic.ttf */; };
		469339F52052ED9500A5B173 /* Lato-Regular.ttf in Resources */ = {isa = PBXBuildFile; fileRef = 469339C92052ED9500A5B173 /* Lato-Regular.ttf */; };
		469339F62052ED9500A5B173 /* Lato-Semibold.ttf in Resources */ = {isa = PBXBuildFile; fileRef = 469339CA2052ED9500A5B173 /* Lato-Semibold.ttf */; };
		469339F72052ED9500A5B173 /* Lato-SemiboldItalic.ttf in Resources */ = {isa = PBXBuildFile; fileRef = 469339CB2052ED9500A5B173 /* Lato-SemiboldItalic.ttf */; };
		469339F82052ED9500A5B173 /* Lato-Thin.ttf in Resources */ = {isa = PBXBuildFile; fileRef = 469339CC2052ED9500A5B173 /* Lato-Thin.ttf */; };
		469339F92052ED9500A5B173 /* Lato-ThinItalic.ttf in Resources */ = {isa = PBXBuildFile; fileRef = 469339CD2052ED9500A5B173 /* Lato-ThinItalic.ttf */; };
		469339FA2052ED9500A5B173 /* Montserrat-Black.otf in Resources */ = {isa = PBXBuildFile; fileRef = 469339CE2052ED9500A5B173 /* Montserrat-Black.otf */; };
		469339FB2052ED9500A5B173 /* Montserrat-Bold.otf in Resources */ = {isa = PBXBuildFile; fileRef = 469339CF2052ED9500A5B173 /* Montserrat-Bold.otf */; };
		469339FC2052ED9500A5B173 /* Montserrat-ExtraBold.otf in Resources */ = {isa = PBXBuildFile; fileRef = 469339D02052ED9500A5B173 /* Montserrat-ExtraBold.otf */; };
		469339FD2052ED9500A5B173 /* Montserrat-ExtraLight.otf in Resources */ = {isa = PBXBuildFile; fileRef = 469339D12052ED9500A5B173 /* Montserrat-ExtraLight.otf */; };
		469339FE2052ED9500A5B173 /* Montserrat-Light.otf in Resources */ = {isa = PBXBuildFile; fileRef = 469339D22052ED9500A5B173 /* Montserrat-Light.otf */; };
		469339FF2052ED9500A5B173 /* Montserrat-Medium.otf in Resources */ = {isa = PBXBuildFile; fileRef = 469339D32052ED9500A5B173 /* Montserrat-Medium.otf */; };
		46933A002052ED9500A5B173 /* Montserrat-Regular.otf in Resources */ = {isa = PBXBuildFile; fileRef = 469339D42052ED9500A5B173 /* Montserrat-Regular.otf */; };
		46933A012052ED9500A5B173 /* Montserrat-SemiBold.otf in Resources */ = {isa = PBXBuildFile; fileRef = 469339D52052ED9500A5B173 /* Montserrat-SemiBold.otf */; };
		46933A022052ED9500A5B173 /* Montserrat-Thin.otf in Resources */ = {isa = PBXBuildFile; fileRef = 469339D62052ED9500A5B173 /* Montserrat-Thin.otf */; };
		46933A032052ED9500A5B173 /* MontserratAlternates-Black.otf in Resources */ = {isa = PBXBuildFile; fileRef = 469339D72052ED9500A5B173 /* MontserratAlternates-Black.otf */; };
		46933A042052ED9500A5B173 /* MontserratAlternates-Bold.otf in Resources */ = {isa = PBXBuildFile; fileRef = 469339D82052ED9500A5B173 /* MontserratAlternates-Bold.otf */; };
		46933A052052ED9500A5B173 /* MontserratAlternates-ExtraBold.otf in Resources */ = {isa = PBXBuildFile; fileRef = 469339D92052ED9500A5B173 /* MontserratAlternates-ExtraBold.otf */; };
		46933A062052ED9500A5B173 /* MontserratAlternates-ExtraLight.otf in Resources */ = {isa = PBXBuildFile; fileRef = 469339DA2052ED9500A5B173 /* MontserratAlternates-ExtraLight.otf */; };
		46933A072052ED9500A5B173 /* MontserratAlternates-Light.otf in Resources */ = {isa = PBXBuildFile; fileRef = 469339DB2052ED9500A5B173 /* MontserratAlternates-Light.otf */; };
		46933A082052ED9500A5B173 /* MontserratAlternates-Medium.otf in Resources */ = {isa = PBXBuildFile; fileRef = 469339DC2052ED9500A5B173 /* MontserratAlternates-Medium.otf */; };
		46933A092052ED9500A5B173 /* MontserratAlternates-Regular.otf in Resources */ = {isa = PBXBuildFile; fileRef = 469339DD2052ED9500A5B173 /* MontserratAlternates-Regular.otf */; };
		46933A0A2052ED9500A5B173 /* MontserratAlternates-SemiBold.otf in Resources */ = {isa = PBXBuildFile; fileRef = 469339DE2052ED9500A5B173 /* MontserratAlternates-SemiBold.otf */; };
		46933A0B2052ED9500A5B173 /* MontserratAlternates-Thin.otf in Resources */ = {isa = PBXBuildFile; fileRef = 469339DF2052ED9500A5B173 /* MontserratAlternates-Thin.otf */; };
		46933A0C2052ED9500A5B173 /* Ubuntu-Bold.ttf in Resources */ = {isa = PBXBuildFile; fileRef = 469339E02052ED9500A5B173 /* Ubuntu-Bold.ttf */; };
		46933A0D2052ED9500A5B173 /* Ubuntu-BoldItalic.ttf in Resources */ = {isa = PBXBuildFile; fileRef = 469339E12052ED9500A5B173 /* Ubuntu-BoldItalic.ttf */; };
		46933A0E2052ED9500A5B173 /* Ubuntu-Italic.ttf in Resources */ = {isa = PBXBuildFile; fileRef = 469339E22052ED9500A5B173 /* Ubuntu-Italic.ttf */; };
		46933A0F2052ED9500A5B173 /* Ubuntu-Light.ttf in Resources */ = {isa = PBXBuildFile; fileRef = 469339E32052ED9500A5B173 /* Ubuntu-Light.ttf */; };
		46933A102052ED9500A5B173 /* Ubuntu-LightItalic.ttf in Resources */ = {isa = PBXBuildFile; fileRef = 469339E42052ED9500A5B173 /* Ubuntu-LightItalic.ttf */; };
		46933A112052ED9500A5B173 /* Ubuntu-Medium.ttf in Resources */ = {isa = PBXBuildFile; fileRef = 469339E52052ED9500A5B173 /* Ubuntu-Medium.ttf */; };
		46933A122052ED9500A5B173 /* Ubuntu-MediumItalic.ttf in Resources */ = {isa = PBXBuildFile; fileRef = 469339E62052ED9500A5B173 /* Ubuntu-MediumItalic.ttf */; };
		46933A132052ED9500A5B173 /* Ubuntu-Regular.ttf in Resources */ = {isa = PBXBuildFile; fileRef = 469339E72052ED9500A5B173 /* Ubuntu-Regular.ttf */; };
		46933A3A2052EDAE00A5B173 /* CalendarTools.swift in Sources */ = {isa = PBXBuildFile; fileRef = 46933A162052EDAE00A5B173 /* CalendarTools.swift */; };
		46933A3B2052EDAE00A5B173 /* DateHelper.swift in Sources */ = {isa = PBXBuildFile; fileRef = 46933A172052EDAE00A5B173 /* DateHelper.swift */; };
		46933A3C2052EDAE00A5B173 /* CircleGesture.swift in Sources */ = {isa = PBXBuildFile; fileRef = 46933A192052EDAE00A5B173 /* CircleGesture.swift */; };
		46933A3D2052EDAE00A5B173 /* SafeAreaGuideExemple.swift in Sources */ = {isa = PBXBuildFile; fileRef = 46933A1B2052EDAE00A5B173 /* SafeAreaGuideExemple.swift */; };
		46933A3E2052EDAE00A5B173 /* Utility.swift in Sources */ = {isa = PBXBuildFile; fileRef = 46933A1C2052EDAE00A5B173 /* Utility.swift */; };
		46933A3F2052EDAE00A5B173 /* LineGraph.swift in Sources */ = {isa = PBXBuildFile; fileRef = 46933A1E2052EDAE00A5B173 /* LineGraph.swift */; };
		46933A402052EDAE00A5B173 /* Images.swift in Sources */ = {isa = PBXBuildFile; fileRef = 46933A202052EDAE00A5B173 /* Images.swift */; };
		46933A412052EDAE00A5B173 /* UIImageTools.swift in Sources */ = {isa = PBXBuildFile; fileRef = 46933A212052EDAE00A5B173 /* UIImageTools.swift */; };
		46933A422052EDAE00A5B173 /* GoogleMapTools.swift in Sources */ = {isa = PBXBuildFile; fileRef = 46933A232052EDAE00A5B173 /* GoogleMapTools.swift */; };
		46933A432052EDAE00A5B173 /* NavigationTools.swift in Sources */ = {isa = PBXBuildFile; fileRef = 46933A252052EDAE00A5B173 /* NavigationTools.swift */; };
		46933A442052EDAE00A5B173 /* TopSelector.swift in Sources */ = {isa = PBXBuildFile; fileRef = 46933A272052EDAE00A5B173 /* TopSelector.swift */; };
		46933A452052EDAE00A5B173 /* StripeClass.swift in Sources */ = {isa = PBXBuildFile; fileRef = 46933A292052EDAE00A5B173 /* StripeClass.swift */; };
		46933A462052EDAE00A5B173 /* ArrayTools.swift in Sources */ = {isa = PBXBuildFile; fileRef = 46933A2B2052EDAE00A5B173 /* ArrayTools.swift */; };
		46933A472052EDAE00A5B173 /* AttributedStringTools.swift in Sources */ = {isa = PBXBuildFile; fileRef = 46933A2C2052EDAE00A5B173 /* AttributedStringTools.swift */; };
		46933A482052EDAE00A5B173 /* ColorTools.swift in Sources */ = {isa = PBXBuildFile; fileRef = 46933A2D2052EDAE00A5B173 /* ColorTools.swift */; };
		46933A492052EDAE00A5B173 /* FloatTools.swift in Sources */ = {isa = PBXBuildFile; fileRef = 46933A2E2052EDAE00A5B173 /* FloatTools.swift */; };
		46933A4A2052EDAE00A5B173 /* NSNumberTools.swift in Sources */ = {isa = PBXBuildFile; fileRef = 46933A2F2052EDAE00A5B173 /* NSNumberTools.swift */; };
		46933A4B2052EDAE00A5B173 /* StringTools.swift in Sources */ = {isa = PBXBuildFile; fileRef = 46933A302052EDAE00A5B173 /* StringTools.swift */; };
		46933A4C2052EDAE00A5B173 /* PieChart.swift in Sources */ = {isa = PBXBuildFile; fileRef = 46933A322052EDAE00A5B173 /* PieChart.swift */; };
		46933A4D2052EDAE00A5B173 /* ProgressBar.swift in Sources */ = {isa = PBXBuildFile; fileRef = 46933A332052EDAE00A5B173 /* ProgressBar.swift */; };
		46933A4E2052EDAE00A5B173 /* TextFieldsTools.swift in Sources */ = {isa = PBXBuildFile; fileRef = 46933A342052EDAE00A5B173 /* TextFieldsTools.swift */; };
		46933A4F2052EDAE00A5B173 /* UILabelTools.swift in Sources */ = {isa = PBXBuildFile; fileRef = 46933A352052EDAE00A5B173 /* UILabelTools.swift */; };
		46933A502052EDAE00A5B173 /* UIScrollViewTools.swift in Sources */ = {isa = PBXBuildFile; fileRef = 46933A362052EDAE00A5B173 /* UIScrollViewTools.swift */; };
		46933A512052EDAE00A5B173 /* UITableViewTools.swift in Sources */ = {isa = PBXBuildFile; fileRef = 46933A372052EDAE00A5B173 /* UITableViewTools.swift */; };
		46933A522052EDAE00A5B173 /* UIViewControllerTools.swift in Sources */ = {isa = PBXBuildFile; fileRef = 46933A382052EDAE00A5B173 /* UIViewControllerTools.swift */; };
		46933A532052EDAE00A5B173 /* UIViewTools.swift in Sources */ = {isa = PBXBuildFile; fileRef = 46933A392052EDAE00A5B173 /* UIViewTools.swift */; };
		46933A592052F07200A5B173 /* StripeGraph.swift in Sources */ = {isa = PBXBuildFile; fileRef = 46933A582052F07200A5B173 /* StripeGraph.swift */; };
		46933A5B2052F07A00A5B173 /* DottedLine.swift in Sources */ = {isa = PBXBuildFile; fileRef = 46933A5A2052F07A00A5B173 /* DottedLine.swift */; };
		46C65679209DF9080039EF82 /* SecondViewController.swift in Sources */ = {isa = PBXBuildFile; fileRef = 46C65678209DF9080039EF82 /* SecondViewController.swift */; };
		F706BB1A209F996500249239 /* VCRegister2.swift in Sources */ = {isa = PBXBuildFile; fileRef = F706BB19209F996500249239 /* VCRegister2.swift */; };
		F712631720A35E8E00EEAF35 /* PageAnimations.swift in Sources */ = {isa = PBXBuildFile; fileRef = F712631620A35E8E00EEAF35 /* PageAnimations.swift */; };
		F7C32E64209F412B00022C08 /* VCRegister.swift in Sources */ = {isa = PBXBuildFile; fileRef = F7C32E63209F412B00022C08 /* VCRegister.swift */; };
		F7C32E68209F463000022C08 /* MainNC.swift in Sources */ = {isa = PBXBuildFile; fileRef = F7C32E67209F463000022C08 /* MainNC.swift */; };
		F7C32E6C209F601400022C08 /* loadingIndicator.swift in Sources */ = {isa = PBXBuildFile; fileRef = F7C32E6B209F601400022C08 /* loadingIndicator.swift */; };
		F7C32E6F209F639000022C08 /* Application.storyboard in Resources */ = {isa = PBXBuildFile; fileRef = F7C32E6E209F639000022C08 /* Application.storyboard */; };
		F7EE27D220A08BC300910C67 /* LocalHelper.swift in Sources */ = {isa = PBXBuildFile; fileRef = F7EE27D120A08BC300910C67 /* LocalHelper.swift */; };
		F7EE27D420A08E2700910C67 /* VCFinalRegister.swift in Sources */ = {isa = PBXBuildFile; fileRef = F7EE27D320A08E2700910C67 /* VCFinalRegister.swift */; };
/* End PBXBuildFile section */

/* Begin PBXContainerItemProxy section */
		463047081FBF38F9005F1106 /* PBXContainerItemProxy */ = {
			isa = PBXContainerItemProxy;
			containerPortal = 463046EB1FBF38F9005F1106 /* Project object */;
			proxyType = 1;
			remoteGlobalIDString = 463046F21FBF38F9005F1106;
			remoteInfo = "Template Project iOS";
		};
		463047131FBF38FA005F1106 /* PBXContainerItemProxy */ = {
			isa = PBXContainerItemProxy;
			containerPortal = 463046EB1FBF38F9005F1106 /* Project object */;
			proxyType = 1;
			remoteGlobalIDString = 463046F21FBF38F9005F1106;
			remoteInfo = "Template Project iOS";
		};
/* End PBXContainerItemProxy section */

/* Begin PBXFileReference section */
		0B36E9F320A08FED008D1553 /* AppNC.swift */ = {isa = PBXFileReference; lastKnownFileType = sourcecode.swift; path = AppNC.swift; sourceTree = "<group>"; };
		0B36E9F720A09705008D1553 /* CustomMenuView.swift */ = {isa = PBXFileReference; lastKnownFileType = sourcecode.swift; path = CustomMenuView.swift; sourceTree = "<group>"; };
		0B4D6F99209F45840090B380 /* TVCFriends.swift */ = {isa = PBXFileReference; lastKnownFileType = sourcecode.swift; path = TVCFriends.swift; sourceTree = "<group>"; };
		0B4D6F9D209F608C0090B380 /* TVCellFriend.swift */ = {isa = PBXFileReference; lastKnownFileType = sourcecode.swift; path = TVCellFriend.swift; sourceTree = "<group>"; };
		0B534D4F20A388BF000416F9 /* VCMeetMe.swift */ = {isa = PBXFileReference; lastKnownFileType = sourcecode.swift; path = VCMeetMe.swift; sourceTree = "<group>"; };
		0B534D5520A3899B000416F9 /* VCChat.swift */ = {isa = PBXFileReference; lastKnownFileType = sourcecode.swift; path = VCChat.swift; sourceTree = "<group>"; };
		0B534D5720A389AD000416F9 /* VCCreateEvent.swift */ = {isa = PBXFileReference; lastKnownFileType = sourcecode.swift; path = VCCreateEvent.swift; sourceTree = "<group>"; };
		0B534D5920A38A31000416F9 /* VCSettings.swift */ = {isa = PBXFileReference; lastKnownFileType = sourcecode.swift; path = VCSettings.swift; sourceTree = "<group>"; };
		0B534D5B20A38A42000416F9 /* VCProfile.swift */ = {isa = PBXFileReference; lastKnownFileType = sourcecode.swift; path = VCProfile.swift; sourceTree = "<group>"; };
		463046F31FBF38F9005F1106 /* Template Project iOS.app */ = {isa = PBXFileReference; explicitFileType = wrapper.application; includeInIndex = 0; path = "Template Project iOS.app"; sourceTree = BUILT_PRODUCTS_DIR; };
		463046F61FBF38F9005F1106 /* AppDelegate.swift */ = {isa = PBXFileReference; lastKnownFileType = sourcecode.swift; path = AppDelegate.swift; sourceTree = "<group>"; };
		463046F81FBF38F9005F1106 /* ViewController.swift */ = {isa = PBXFileReference; lastKnownFileType = sourcecode.swift; path = ViewController.swift; sourceTree = "<group>"; };
		463046FB1FBF38F9005F1106 /* Base */ = {isa = PBXFileReference; lastKnownFileType = file.storyboard; name = Base; path = Base.lproj/Main.storyboard; sourceTree = "<group>"; };
		463046FD1FBF38F9005F1106 /* Assets.xcassets */ = {isa = PBXFileReference; lastKnownFileType = folder.assetcatalog; path = Assets.xcassets; sourceTree = "<group>"; };
		463047001FBF38F9005F1106 /* Base */ = {isa = PBXFileReference; lastKnownFileType = file.storyboard; name = Base; path = Base.lproj/LaunchScreen.storyboard; sourceTree = "<group>"; };
		463047021FBF38F9005F1106 /* Info.plist */ = {isa = PBXFileReference; lastKnownFileType = text.plist.xml; path = Info.plist; sourceTree = "<group>"; };
		463047071FBF38F9005F1106 /* Template Project iOSTests.xctest */ = {isa = PBXFileReference; explicitFileType = wrapper.cfbundle; includeInIndex = 0; path = "Template Project iOSTests.xctest"; sourceTree = BUILT_PRODUCTS_DIR; };
		4630470B1FBF38FA005F1106 /* Template_Project_iOSTests.swift */ = {isa = PBXFileReference; lastKnownFileType = sourcecode.swift; path = Template_Project_iOSTests.swift; sourceTree = "<group>"; };
		4630470D1FBF38FA005F1106 /* Info.plist */ = {isa = PBXFileReference; lastKnownFileType = text.plist.xml; path = Info.plist; sourceTree = "<group>"; };
		463047121FBF38FA005F1106 /* Template Project iOSUITests.xctest */ = {isa = PBXFileReference; explicitFileType = wrapper.cfbundle; includeInIndex = 0; path = "Template Project iOSUITests.xctest"; sourceTree = BUILT_PRODUCTS_DIR; };
		463047161FBF38FA005F1106 /* Template_Project_iOSUITests.swift */ = {isa = PBXFileReference; lastKnownFileType = sourcecode.swift; path = Template_Project_iOSUITests.swift; sourceTree = "<group>"; };
		463047181FBF38FA005F1106 /* Info.plist */ = {isa = PBXFileReference; lastKnownFileType = text.plist.xml; path = Info.plist; sourceTree = "<group>"; };
		469339BC2052ED9500A5B173 /* Lato-Black.ttf */ = {isa = PBXFileReference; lastKnownFileType = file; path = "Lato-Black.ttf"; sourceTree = "<group>"; };
		469339BD2052ED9500A5B173 /* Lato-BlackItalic.ttf */ = {isa = PBXFileReference; lastKnownFileType = file; path = "Lato-BlackItalic.ttf"; sourceTree = "<group>"; };
		469339BE2052ED9500A5B173 /* Lato-Bold.ttf */ = {isa = PBXFileReference; lastKnownFileType = file; path = "Lato-Bold.ttf"; sourceTree = "<group>"; };
		469339BF2052ED9500A5B173 /* Lato-BoldItalic.ttf */ = {isa = PBXFileReference; lastKnownFileType = file; path = "Lato-BoldItalic.ttf"; sourceTree = "<group>"; };
		469339C02052ED9500A5B173 /* Lato-Hairline.ttf */ = {isa = PBXFileReference; lastKnownFileType = file; path = "Lato-Hairline.ttf"; sourceTree = "<group>"; };
		469339C12052ED9500A5B173 /* Lato-HairlineItalic.ttf */ = {isa = PBXFileReference; lastKnownFileType = file; path = "Lato-HairlineItalic.ttf"; sourceTree = "<group>"; };
		469339C22052ED9500A5B173 /* Lato-Heavy.ttf */ = {isa = PBXFileReference; lastKnownFileType = file; path = "Lato-Heavy.ttf"; sourceTree = "<group>"; };
		469339C32052ED9500A5B173 /* Lato-HeavyItalic.ttf */ = {isa = PBXFileReference; lastKnownFileType = file; path = "Lato-HeavyItalic.ttf"; sourceTree = "<group>"; };
		469339C42052ED9500A5B173 /* Lato-Italic.ttf */ = {isa = PBXFileReference; lastKnownFileType = file; path = "Lato-Italic.ttf"; sourceTree = "<group>"; };
		469339C52052ED9500A5B173 /* Lato-Light.ttf */ = {isa = PBXFileReference; lastKnownFileType = file; path = "Lato-Light.ttf"; sourceTree = "<group>"; };
		469339C62052ED9500A5B173 /* Lato-LightItalic.ttf */ = {isa = PBXFileReference; lastKnownFileType = file; path = "Lato-LightItalic.ttf"; sourceTree = "<group>"; };
		469339C72052ED9500A5B173 /* Lato-Medium.ttf */ = {isa = PBXFileReference; lastKnownFileType = file; path = "Lato-Medium.ttf"; sourceTree = "<group>"; };
		469339C82052ED9500A5B173 /* Lato-MediumItalic.ttf */ = {isa = PBXFileReference; lastKnownFileType = file; path = "Lato-MediumItalic.ttf"; sourceTree = "<group>"; };
		469339C92052ED9500A5B173 /* Lato-Regular.ttf */ = {isa = PBXFileReference; lastKnownFileType = file; path = "Lato-Regular.ttf"; sourceTree = "<group>"; };
		469339CA2052ED9500A5B173 /* Lato-Semibold.ttf */ = {isa = PBXFileReference; lastKnownFileType = file; path = "Lato-Semibold.ttf"; sourceTree = "<group>"; };
		469339CB2052ED9500A5B173 /* Lato-SemiboldItalic.ttf */ = {isa = PBXFileReference; lastKnownFileType = file; path = "Lato-SemiboldItalic.ttf"; sourceTree = "<group>"; };
		469339CC2052ED9500A5B173 /* Lato-Thin.ttf */ = {isa = PBXFileReference; lastKnownFileType = file; path = "Lato-Thin.ttf"; sourceTree = "<group>"; };
		469339CD2052ED9500A5B173 /* Lato-ThinItalic.ttf */ = {isa = PBXFileReference; lastKnownFileType = file; path = "Lato-ThinItalic.ttf"; sourceTree = "<group>"; };
		469339CE2052ED9500A5B173 /* Montserrat-Black.otf */ = {isa = PBXFileReference; lastKnownFileType = file; path = "Montserrat-Black.otf"; sourceTree = "<group>"; };
		469339CF2052ED9500A5B173 /* Montserrat-Bold.otf */ = {isa = PBXFileReference; lastKnownFileType = file; path = "Montserrat-Bold.otf"; sourceTree = "<group>"; };
		469339D02052ED9500A5B173 /* Montserrat-ExtraBold.otf */ = {isa = PBXFileReference; lastKnownFileType = file; path = "Montserrat-ExtraBold.otf"; sourceTree = "<group>"; };
		469339D12052ED9500A5B173 /* Montserrat-ExtraLight.otf */ = {isa = PBXFileReference; lastKnownFileType = file; path = "Montserrat-ExtraLight.otf"; sourceTree = "<group>"; };
		469339D22052ED9500A5B173 /* Montserrat-Light.otf */ = {isa = PBXFileReference; lastKnownFileType = file; path = "Montserrat-Light.otf"; sourceTree = "<group>"; };
		469339D32052ED9500A5B173 /* Montserrat-Medium.otf */ = {isa = PBXFileReference; lastKnownFileType = file; path = "Montserrat-Medium.otf"; sourceTree = "<group>"; };
		469339D42052ED9500A5B173 /* Montserrat-Regular.otf */ = {isa = PBXFileReference; lastKnownFileType = file; path = "Montserrat-Regular.otf"; sourceTree = "<group>"; };
		469339D52052ED9500A5B173 /* Montserrat-SemiBold.otf */ = {isa = PBXFileReference; lastKnownFileType = file; path = "Montserrat-SemiBold.otf"; sourceTree = "<group>"; };
		469339D62052ED9500A5B173 /* Montserrat-Thin.otf */ = {isa = PBXFileReference; lastKnownFileType = file; path = "Montserrat-Thin.otf"; sourceTree = "<group>"; };
		469339D72052ED9500A5B173 /* MontserratAlternates-Black.otf */ = {isa = PBXFileReference; lastKnownFileType = file; path = "MontserratAlternates-Black.otf"; sourceTree = "<group>"; };
		469339D82052ED9500A5B173 /* MontserratAlternates-Bold.otf */ = {isa = PBXFileReference; lastKnownFileType = file; path = "MontserratAlternates-Bold.otf"; sourceTree = "<group>"; };
		469339D92052ED9500A5B173 /* MontserratAlternates-ExtraBold.otf */ = {isa = PBXFileReference; lastKnownFileType = file; path = "MontserratAlternates-ExtraBold.otf"; sourceTree = "<group>"; };
		469339DA2052ED9500A5B173 /* MontserratAlternates-ExtraLight.otf */ = {isa = PBXFileReference; lastKnownFileType = file; path = "MontserratAlternates-ExtraLight.otf"; sourceTree = "<group>"; };
		469339DB2052ED9500A5B173 /* MontserratAlternates-Light.otf */ = {isa = PBXFileReference; lastKnownFileType = file; path = "MontserratAlternates-Light.otf"; sourceTree = "<group>"; };
		469339DC2052ED9500A5B173 /* MontserratAlternates-Medium.otf */ = {isa = PBXFileReference; lastKnownFileType = file; path = "MontserratAlternates-Medium.otf"; sourceTree = "<group>"; };
		469339DD2052ED9500A5B173 /* MontserratAlternates-Regular.otf */ = {isa = PBXFileReference; lastKnownFileType = file; path = "MontserratAlternates-Regular.otf"; sourceTree = "<group>"; };
		469339DE2052ED9500A5B173 /* MontserratAlternates-SemiBold.otf */ = {isa = PBXFileReference; lastKnownFileType = file; path = "MontserratAlternates-SemiBold.otf"; sourceTree = "<group>"; };
		469339DF2052ED9500A5B173 /* MontserratAlternates-Thin.otf */ = {isa = PBXFileReference; lastKnownFileType = file; path = "MontserratAlternates-Thin.otf"; sourceTree = "<group>"; };
		469339E02052ED9500A5B173 /* Ubuntu-Bold.ttf */ = {isa = PBXFileReference; lastKnownFileType = file; path = "Ubuntu-Bold.ttf"; sourceTree = "<group>"; };
		469339E12052ED9500A5B173 /* Ubuntu-BoldItalic.ttf */ = {isa = PBXFileReference; lastKnownFileType = file; path = "Ubuntu-BoldItalic.ttf"; sourceTree = "<group>"; };
		469339E22052ED9500A5B173 /* Ubuntu-Italic.ttf */ = {isa = PBXFileReference; lastKnownFileType = file; path = "Ubuntu-Italic.ttf"; sourceTree = "<group>"; };
		469339E32052ED9500A5B173 /* Ubuntu-Light.ttf */ = {isa = PBXFileReference; lastKnownFileType = file; path = "Ubuntu-Light.ttf"; sourceTree = "<group>"; };
		469339E42052ED9500A5B173 /* Ubuntu-LightItalic.ttf */ = {isa = PBXFileReference; lastKnownFileType = file; path = "Ubuntu-LightItalic.ttf"; sourceTree = "<group>"; };
		469339E52052ED9500A5B173 /* Ubuntu-Medium.ttf */ = {isa = PBXFileReference; lastKnownFileType = file; path = "Ubuntu-Medium.ttf"; sourceTree = "<group>"; };
		469339E62052ED9500A5B173 /* Ubuntu-MediumItalic.ttf */ = {isa = PBXFileReference; lastKnownFileType = file; path = "Ubuntu-MediumItalic.ttf"; sourceTree = "<group>"; };
		469339E72052ED9500A5B173 /* Ubuntu-Regular.ttf */ = {isa = PBXFileReference; lastKnownFileType = file; path = "Ubuntu-Regular.ttf"; sourceTree = "<group>"; };
		46933A162052EDAE00A5B173 /* CalendarTools.swift */ = {isa = PBXFileReference; fileEncoding = 4; lastKnownFileType = sourcecode.swift; path = CalendarTools.swift; sourceTree = "<group>"; };
		46933A172052EDAE00A5B173 /* DateHelper.swift */ = {isa = PBXFileReference; fileEncoding = 4; lastKnownFileType = sourcecode.swift; path = DateHelper.swift; sourceTree = "<group>"; };
		46933A192052EDAE00A5B173 /* CircleGesture.swift */ = {isa = PBXFileReference; fileEncoding = 4; lastKnownFileType = sourcecode.swift; path = CircleGesture.swift; sourceTree = "<group>"; };
		46933A1B2052EDAE00A5B173 /* SafeAreaGuideExemple.swift */ = {isa = PBXFileReference; fileEncoding = 4; lastKnownFileType = sourcecode.swift; path = SafeAreaGuideExemple.swift; sourceTree = "<group>"; };
		46933A1C2052EDAE00A5B173 /* Utility.swift */ = {isa = PBXFileReference; fileEncoding = 4; lastKnownFileType = sourcecode.swift; path = Utility.swift; sourceTree = "<group>"; };
		46933A1E2052EDAE00A5B173 /* LineGraph.swift */ = {isa = PBXFileReference; fileEncoding = 4; lastKnownFileType = sourcecode.swift; path = LineGraph.swift; sourceTree = "<group>"; };
		46933A202052EDAE00A5B173 /* Images.swift */ = {isa = PBXFileReference; fileEncoding = 4; lastKnownFileType = sourcecode.swift; path = Images.swift; sourceTree = "<group>"; };
		46933A212052EDAE00A5B173 /* UIImageTools.swift */ = {isa = PBXFileReference; fileEncoding = 4; lastKnownFileType = sourcecode.swift; path = UIImageTools.swift; sourceTree = "<group>"; };
		46933A232052EDAE00A5B173 /* GoogleMapTools.swift */ = {isa = PBXFileReference; fileEncoding = 4; lastKnownFileType = sourcecode.swift; path = GoogleMapTools.swift; sourceTree = "<group>"; };
		46933A252052EDAE00A5B173 /* NavigationTools.swift */ = {isa = PBXFileReference; fileEncoding = 4; lastKnownFileType = sourcecode.swift; path = NavigationTools.swift; sourceTree = "<group>"; };
		46933A272052EDAE00A5B173 /* TopSelector.swift */ = {isa = PBXFileReference; fileEncoding = 4; lastKnownFileType = sourcecode.swift; path = TopSelector.swift; sourceTree = "<group>"; };
		46933A292052EDAE00A5B173 /* StripeClass.swift */ = {isa = PBXFileReference; fileEncoding = 4; lastKnownFileType = sourcecode.swift; path = StripeClass.swift; sourceTree = "<group>"; };
		46933A2B2052EDAE00A5B173 /* ArrayTools.swift */ = {isa = PBXFileReference; fileEncoding = 4; lastKnownFileType = sourcecode.swift; path = ArrayTools.swift; sourceTree = "<group>"; };
		46933A2C2052EDAE00A5B173 /* AttributedStringTools.swift */ = {isa = PBXFileReference; fileEncoding = 4; lastKnownFileType = sourcecode.swift; path = AttributedStringTools.swift; sourceTree = "<group>"; };
		46933A2D2052EDAE00A5B173 /* ColorTools.swift */ = {isa = PBXFileReference; fileEncoding = 4; lastKnownFileType = sourcecode.swift; path = ColorTools.swift; sourceTree = "<group>"; };
		46933A2E2052EDAE00A5B173 /* FloatTools.swift */ = {isa = PBXFileReference; fileEncoding = 4; lastKnownFileType = sourcecode.swift; path = FloatTools.swift; sourceTree = "<group>"; };
		46933A2F2052EDAE00A5B173 /* NSNumberTools.swift */ = {isa = PBXFileReference; fileEncoding = 4; lastKnownFileType = sourcecode.swift; path = NSNumberTools.swift; sourceTree = "<group>"; };
		46933A302052EDAE00A5B173 /* StringTools.swift */ = {isa = PBXFileReference; fileEncoding = 4; lastKnownFileType = sourcecode.swift; path = StringTools.swift; sourceTree = "<group>"; };
		46933A322052EDAE00A5B173 /* PieChart.swift */ = {isa = PBXFileReference; fileEncoding = 4; lastKnownFileType = sourcecode.swift; path = PieChart.swift; sourceTree = "<group>"; };
		46933A332052EDAE00A5B173 /* ProgressBar.swift */ = {isa = PBXFileReference; fileEncoding = 4; lastKnownFileType = sourcecode.swift; path = ProgressBar.swift; sourceTree = "<group>"; };
		46933A342052EDAE00A5B173 /* TextFieldsTools.swift */ = {isa = PBXFileReference; fileEncoding = 4; lastKnownFileType = sourcecode.swift; path = TextFieldsTools.swift; sourceTree = "<group>"; };
		46933A352052EDAE00A5B173 /* UILabelTools.swift */ = {isa = PBXFileReference; fileEncoding = 4; lastKnownFileType = sourcecode.swift; path = UILabelTools.swift; sourceTree = "<group>"; };
		46933A362052EDAE00A5B173 /* UIScrollViewTools.swift */ = {isa = PBXFileReference; fileEncoding = 4; lastKnownFileType = sourcecode.swift; path = UIScrollViewTools.swift; sourceTree = "<group>"; };
		46933A372052EDAE00A5B173 /* UITableViewTools.swift */ = {isa = PBXFileReference; fileEncoding = 4; lastKnownFileType = sourcecode.swift; path = UITableViewTools.swift; sourceTree = "<group>"; };
		46933A382052EDAE00A5B173 /* UIViewControllerTools.swift */ = {isa = PBXFileReference; fileEncoding = 4; lastKnownFileType = sourcecode.swift; path = UIViewControllerTools.swift; sourceTree = "<group>"; };
		46933A392052EDAE00A5B173 /* UIViewTools.swift */ = {isa = PBXFileReference; fileEncoding = 4; lastKnownFileType = sourcecode.swift; path = UIViewTools.swift; sourceTree = "<group>"; };
		46933A582052F07200A5B173 /* StripeGraph.swift */ = {isa = PBXFileReference; fileEncoding = 4; lastKnownFileType = sourcecode.swift; path = StripeGraph.swift; sourceTree = "<group>"; };
		46933A5A2052F07A00A5B173 /* DottedLine.swift */ = {isa = PBXFileReference; fileEncoding = 4; lastKnownFileType = sourcecode.swift; path = DottedLine.swift; sourceTree = "<group>"; };
		46A8ADEC87B3CF4350B8E9C1 /* Pods-Template Project iOS.debug.xcconfig */ = {isa = PBXFileReference; includeInIndex = 1; lastKnownFileType = text.xcconfig; name = "Pods-Template Project iOS.debug.xcconfig"; path = "Pods/Target Support Files/Pods-Template Project iOS/Pods-Template Project iOS.debug.xcconfig"; sourceTree = "<group>"; };
		46C65678209DF9080039EF82 /* SecondViewController.swift */ = {isa = PBXFileReference; lastKnownFileType = sourcecode.swift; path = SecondViewController.swift; sourceTree = "<group>"; };
		9793E0FC4C11488C6A2F6A48 /* Pods-Template Project iOS.release.xcconfig */ = {isa = PBXFileReference; includeInIndex = 1; lastKnownFileType = text.xcconfig; name = "Pods-Template Project iOS.release.xcconfig"; path = "Pods/Target Support Files/Pods-Template Project iOS/Pods-Template Project iOS.release.xcconfig"; sourceTree = "<group>"; };
		F706BB19209F996500249239 /* VCRegister2.swift */ = {isa = PBXFileReference; lastKnownFileType = sourcecode.swift; path = VCRegister2.swift; sourceTree = "<group>"; };
		F712631620A35E8E00EEAF35 /* PageAnimations.swift */ = {isa = PBXFileReference; lastKnownFileType = sourcecode.swift; path = PageAnimations.swift; sourceTree = "<group>"; };
		F7C32E63209F412B00022C08 /* VCRegister.swift */ = {isa = PBXFileReference; lastKnownFileType = sourcecode.swift; path = VCRegister.swift; sourceTree = "<group>"; };
		F7C32E67209F463000022C08 /* MainNC.swift */ = {isa = PBXFileReference; lastKnownFileType = sourcecode.swift; path = MainNC.swift; sourceTree = "<group>"; };
		F7C32E6B209F601400022C08 /* loadingIndicator.swift */ = {isa = PBXFileReference; fileEncoding = 4; lastKnownFileType = sourcecode.swift; path = loadingIndicator.swift; sourceTree = "<group>"; };
		F7C32E6E209F639000022C08 /* Application.storyboard */ = {isa = PBXFileReference; lastKnownFileType = file.storyboard; path = Application.storyboard; sourceTree = "<group>"; };
		F7EE27D120A08BC300910C67 /* LocalHelper.swift */ = {isa = PBXFileReference; fileEncoding = 4; lastKnownFileType = sourcecode.swift; path = LocalHelper.swift; sourceTree = "<group>"; };
		F7EE27D320A08E2700910C67 /* VCFinalRegister.swift */ = {isa = PBXFileReference; lastKnownFileType = sourcecode.swift; path = VCFinalRegister.swift; sourceTree = "<group>"; };
		FE3767D8B247B11F6B5466BF /* Pods_Template_Project_iOS.framework */ = {isa = PBXFileReference; explicitFileType = wrapper.framework; includeInIndex = 0; path = Pods_Template_Project_iOS.framework; sourceTree = BUILT_PRODUCTS_DIR; };
/* End PBXFileReference section */

/* Begin PBXFrameworksBuildPhase section */
		463046F01FBF38F9005F1106 /* Frameworks */ = {
			isa = PBXFrameworksBuildPhase;
			buildActionMask = 2147483647;
			files = (
				323D4FD6FCDAF4F864BB2FC3 /* Pods_Template_Project_iOS.framework in Frameworks */,
			);
			runOnlyForDeploymentPostprocessing = 0;
		};
		463047041FBF38F9005F1106 /* Frameworks */ = {
			isa = PBXFrameworksBuildPhase;
			buildActionMask = 2147483647;
			files = (
			);
			runOnlyForDeploymentPostprocessing = 0;
		};
		4630470F1FBF38FA005F1106 /* Frameworks */ = {
			isa = PBXFrameworksBuildPhase;
			buildActionMask = 2147483647;
			files = (
			);
			runOnlyForDeploymentPostprocessing = 0;
		};
/* End PBXFrameworksBuildPhase section */

/* Begin PBXGroup section */
		0B534D4E20A3889D000416F9 /* MeetMe */ = {
			isa = PBXGroup;
			children = (
				0B534D4F20A388BF000416F9 /* VCMeetMe.swift */,
			);
			path = MeetMe;
			sourceTree = "<group>";
		};
		0B534D5120A38950000416F9 /* Profile */ = {
			isa = PBXGroup;
			children = (
				0B534D5B20A38A42000416F9 /* VCProfile.swift */,
			);
			path = Profile;
			sourceTree = "<group>";
		};
		0B534D5220A3895B000416F9 /* Settings */ = {
			isa = PBXGroup;
			children = (
				0B534D5920A38A31000416F9 /* VCSettings.swift */,
			);
			path = Settings;
			sourceTree = "<group>";
		};
		0B534D5320A38969000416F9 /* CreateEvent */ = {
			isa = PBXGroup;
			children = (
				0B534D5720A389AD000416F9 /* VCCreateEvent.swift */,
			);
			path = CreateEvent;
			sourceTree = "<group>";
		};
		0B534D5420A38980000416F9 /* Chat */ = {
			isa = PBXGroup;
			children = (
				0B534D5520A3899B000416F9 /* VCChat.swift */,
			);
			path = Chat;
			sourceTree = "<group>";
		};
		463046EA1FBF38F9005F1106 = {
			isa = PBXGroup;
			children = (
				463046F51FBF38F9005F1106 /* Template Project iOS */,
				4630470A1FBF38FA005F1106 /* Template Project iOSTests */,
				463047151FBF38FA005F1106 /* Template Project iOSUITests */,
				463046F41FBF38F9005F1106 /* Products */,
				7C63726D46F615C997D17FB9 /* Pods */,
				E0AAB9604C833246C7AA6E7E /* Frameworks */,
			);
			sourceTree = "<group>";
		};
		463046F41FBF38F9005F1106 /* Products */ = {
			isa = PBXGroup;
			children = (
				463046F31FBF38F9005F1106 /* Template Project iOS.app */,
				463047071FBF38F9005F1106 /* Template Project iOSTests.xctest */,
				463047121FBF38FA005F1106 /* Template Project iOSUITests.xctest */,
			);
			name = Products;
			sourceTree = "<group>";
		};
		463046F51FBF38F9005F1106 /* Template Project iOS */ = {
			isa = PBXGroup;
			children = (
				0B534D5420A38980000416F9 /* Chat */,
				0B534D5320A38969000416F9 /* CreateEvent */,
				0B534D5220A3895B000416F9 /* Settings */,
				0B534D5120A38950000416F9 /* Profile */,
				0B534D4E20A3889D000416F9 /* MeetMe */,
				F712631320A3492700EEAF35 /* Friends */,
				F706BB18209F669B00249239 /* Main */,
				F706BB17209F668900249239 /* Application */,
				46933A142052EDAE00A5B173 /* Tools */,
				469339BB2052ED9500A5B173 /* Fonts */,
				463046F61FBF38F9005F1106 /* AppDelegate.swift */,
				463046FD1FBF38F9005F1106 /* Assets.xcassets */,
				463047021FBF38F9005F1106 /* Info.plist */,
			);
			path = "Template Project iOS";
			sourceTree = "<group>";
		};
		4630470A1FBF38FA005F1106 /* Template Project iOSTests */ = {
			isa = PBXGroup;
			children = (
				4630470B1FBF38FA005F1106 /* Template_Project_iOSTests.swift */,
				4630470D1FBF38FA005F1106 /* Info.plist */,
			);
			path = "Template Project iOSTests";
			sourceTree = "<group>";
		};
		463047151FBF38FA005F1106 /* Template Project iOSUITests */ = {
			isa = PBXGroup;
			children = (
				463047161FBF38FA005F1106 /* Template_Project_iOSUITests.swift */,
				463047181FBF38FA005F1106 /* Info.plist */,
			);
			path = "Template Project iOSUITests";
			sourceTree = "<group>";
		};
		469339BB2052ED9500A5B173 /* Fonts */ = {
			isa = PBXGroup;
			children = (
				469339BC2052ED9500A5B173 /* Lato-Black.ttf */,
				469339BD2052ED9500A5B173 /* Lato-BlackItalic.ttf */,
				469339BE2052ED9500A5B173 /* Lato-Bold.ttf */,
				469339BF2052ED9500A5B173 /* Lato-BoldItalic.ttf */,
				469339C02052ED9500A5B173 /* Lato-Hairline.ttf */,
				469339C12052ED9500A5B173 /* Lato-HairlineItalic.ttf */,
				469339C22052ED9500A5B173 /* Lato-Heavy.ttf */,
				469339C32052ED9500A5B173 /* Lato-HeavyItalic.ttf */,
				469339C42052ED9500A5B173 /* Lato-Italic.ttf */,
				469339C52052ED9500A5B173 /* Lato-Light.ttf */,
				469339C62052ED9500A5B173 /* Lato-LightItalic.ttf */,
				469339C72052ED9500A5B173 /* Lato-Medium.ttf */,
				469339C82052ED9500A5B173 /* Lato-MediumItalic.ttf */,
				469339C92052ED9500A5B173 /* Lato-Regular.ttf */,
				469339CA2052ED9500A5B173 /* Lato-Semibold.ttf */,
				469339CB2052ED9500A5B173 /* Lato-SemiboldItalic.ttf */,
				469339CC2052ED9500A5B173 /* Lato-Thin.ttf */,
				469339CD2052ED9500A5B173 /* Lato-ThinItalic.ttf */,
				469339CE2052ED9500A5B173 /* Montserrat-Black.otf */,
				469339CF2052ED9500A5B173 /* Montserrat-Bold.otf */,
				469339D02052ED9500A5B173 /* Montserrat-ExtraBold.otf */,
				469339D12052ED9500A5B173 /* Montserrat-ExtraLight.otf */,
				469339D22052ED9500A5B173 /* Montserrat-Light.otf */,
				469339D32052ED9500A5B173 /* Montserrat-Medium.otf */,
				469339D42052ED9500A5B173 /* Montserrat-Regular.otf */,
				469339D52052ED9500A5B173 /* Montserrat-SemiBold.otf */,
				469339D62052ED9500A5B173 /* Montserrat-Thin.otf */,
				469339D72052ED9500A5B173 /* MontserratAlternates-Black.otf */,
				469339D82052ED9500A5B173 /* MontserratAlternates-Bold.otf */,
				469339D92052ED9500A5B173 /* MontserratAlternates-ExtraBold.otf */,
				469339DA2052ED9500A5B173 /* MontserratAlternates-ExtraLight.otf */,
				469339DB2052ED9500A5B173 /* MontserratAlternates-Light.otf */,
				469339DC2052ED9500A5B173 /* MontserratAlternates-Medium.otf */,
				469339DD2052ED9500A5B173 /* MontserratAlternates-Regular.otf */,
				469339DE2052ED9500A5B173 /* MontserratAlternates-SemiBold.otf */,
				469339DF2052ED9500A5B173 /* MontserratAlternates-Thin.otf */,
				469339E02052ED9500A5B173 /* Ubuntu-Bold.ttf */,
				469339E12052ED9500A5B173 /* Ubuntu-BoldItalic.ttf */,
				469339E22052ED9500A5B173 /* Ubuntu-Italic.ttf */,
				469339E32052ED9500A5B173 /* Ubuntu-Light.ttf */,
				469339E42052ED9500A5B173 /* Ubuntu-LightItalic.ttf */,
				469339E52052ED9500A5B173 /* Ubuntu-Medium.ttf */,
				469339E62052ED9500A5B173 /* Ubuntu-MediumItalic.ttf */,
				469339E72052ED9500A5B173 /* Ubuntu-Regular.ttf */,
			);
			path = Fonts;
			sourceTree = "<group>";
		};
		46933A142052EDAE00A5B173 /* Tools */ = {
			isa = PBXGroup;
			children = (
				F7EE27D020A08BB300910C67 /* Helper */,
				46933A152052EDAE00A5B173 /* Date */,
				46933A182052EDAE00A5B173 /* Gestures */,
				46933A1A2052EDAE00A5B173 /* Global Utility */,
				46933A1D2052EDAE00A5B173 /* Graph */,
				46933A1F2052EDAE00A5B173 /* Images */,
				46933A222052EDAE00A5B173 /* Maps */,
				46933A242052EDAE00A5B173 /* Navigation */,
				46933A262052EDAE00A5B173 /* Segmented Controller */,
				46933A282052EDAE00A5B173 /* Stripe */,
				46933A2A2052EDAE00A5B173 /* Utility */,
				46933A312052EDAE00A5B173 /* Views */,
			);
			path = Tools;
			sourceTree = "<group>";
		};
		46933A152052EDAE00A5B173 /* Date */ = {
			isa = PBXGroup;
			children = (
				46933A162052EDAE00A5B173 /* CalendarTools.swift */,
				46933A172052EDAE00A5B173 /* DateHelper.swift */,
			);
			path = Date;
			sourceTree = "<group>";
		};
		46933A182052EDAE00A5B173 /* Gestures */ = {
			isa = PBXGroup;
			children = (
				46933A192052EDAE00A5B173 /* CircleGesture.swift */,
			);
			path = Gestures;
			sourceTree = "<group>";
		};
		46933A1A2052EDAE00A5B173 /* Global Utility */ = {
			isa = PBXGroup;
			children = (
				46933A1B2052EDAE00A5B173 /* SafeAreaGuideExemple.swift */,
				46933A1C2052EDAE00A5B173 /* Utility.swift */,
			);
			path = "Global Utility";
			sourceTree = "<group>";
		};
		46933A1D2052EDAE00A5B173 /* Graph */ = {
			isa = PBXGroup;
			children = (
				46933A582052F07200A5B173 /* StripeGraph.swift */,
				46933A1E2052EDAE00A5B173 /* LineGraph.swift */,
			);
			path = Graph;
			sourceTree = "<group>";
		};
		46933A1F2052EDAE00A5B173 /* Images */ = {
			isa = PBXGroup;
			children = (
				46933A202052EDAE00A5B173 /* Images.swift */,
				46933A212052EDAE00A5B173 /* UIImageTools.swift */,
			);
			path = Images;
			sourceTree = "<group>";
		};
		46933A222052EDAE00A5B173 /* Maps */ = {
			isa = PBXGroup;
			children = (
				46933A232052EDAE00A5B173 /* GoogleMapTools.swift */,
			);
			path = Maps;
			sourceTree = "<group>";
		};
		46933A242052EDAE00A5B173 /* Navigation */ = {
			isa = PBXGroup;
			children = (
				46933A252052EDAE00A5B173 /* NavigationTools.swift */,
			);
			path = Navigation;
			sourceTree = "<group>";
		};
		46933A262052EDAE00A5B173 /* Segmented Controller */ = {
			isa = PBXGroup;
			children = (
				46933A272052EDAE00A5B173 /* TopSelector.swift */,
			);
			path = "Segmented Controller";
			sourceTree = "<group>";
		};
		46933A282052EDAE00A5B173 /* Stripe */ = {
			isa = PBXGroup;
			children = (
				46933A292052EDAE00A5B173 /* StripeClass.swift */,
			);
			path = Stripe;
			sourceTree = "<group>";
		};
		46933A2A2052EDAE00A5B173 /* Utility */ = {
			isa = PBXGroup;
			children = (
				46933A2B2052EDAE00A5B173 /* ArrayTools.swift */,
				46933A2C2052EDAE00A5B173 /* AttributedStringTools.swift */,
				46933A2D2052EDAE00A5B173 /* ColorTools.swift */,
				46933A2E2052EDAE00A5B173 /* FloatTools.swift */,
				46933A2F2052EDAE00A5B173 /* NSNumberTools.swift */,
				46933A302052EDAE00A5B173 /* StringTools.swift */,
			);
			path = Utility;
			sourceTree = "<group>";
		};
		46933A312052EDAE00A5B173 /* Views */ = {
			isa = PBXGroup;
			children = (
				F7C32E6B209F601400022C08 /* loadingIndicator.swift */,
				46933A5A2052F07A00A5B173 /* DottedLine.swift */,
				46933A322052EDAE00A5B173 /* PieChart.swift */,
				46933A332052EDAE00A5B173 /* ProgressBar.swift */,
				46933A342052EDAE00A5B173 /* TextFieldsTools.swift */,
				46933A352052EDAE00A5B173 /* UILabelTools.swift */,
				46933A362052EDAE00A5B173 /* UIScrollViewTools.swift */,
				46933A372052EDAE00A5B173 /* UITableViewTools.swift */,
				46933A382052EDAE00A5B173 /* UIViewControllerTools.swift */,
				46933A392052EDAE00A5B173 /* UIViewTools.swift */,
			);
			path = Views;
			sourceTree = "<group>";
		};
		7C63726D46F615C997D17FB9 /* Pods */ = {
			isa = PBXGroup;
			children = (
				46A8ADEC87B3CF4350B8E9C1 /* Pods-Template Project iOS.debug.xcconfig */,
				9793E0FC4C11488C6A2F6A48 /* Pods-Template Project iOS.release.xcconfig */,
			);
			name = Pods;
			sourceTree = "<group>";
		};
		E0AAB9604C833246C7AA6E7E /* Frameworks */ = {
			isa = PBXGroup;
			children = (
				FE3767D8B247B11F6B5466BF /* Pods_Template_Project_iOS.framework */,
			);
			name = Frameworks;
			sourceTree = "<group>";
		};
		F706BB17209F668900249239 /* Application */ = {
			isa = PBXGroup;
			children = (
				F7C32E6E209F639000022C08 /* Application.storyboard */,
				0B36E9F720A09705008D1553 /* CustomMenuView.swift */,
				0B36E9F320A08FED008D1553 /* AppNC.swift */,
				F712631620A35E8E00EEAF35 /* PageAnimations.swift */,
			);
			path = Application;
			sourceTree = "<group>";
		};
		F706BB18209F669B00249239 /* Main */ = {
			isa = PBXGroup;
			children = (
				463046FA1FBF38F9005F1106 /* Main.storyboard */,
				463046FF1FBF38F9005F1106 /* LaunchScreen.storyboard */,
				46C65678209DF9080039EF82 /* SecondViewController.swift */,
				463046F81FBF38F9005F1106 /* ViewController.swift */,
				F7C32E67209F463000022C08 /* MainNC.swift */,
				F7C32E63209F412B00022C08 /* VCRegister.swift */,
				F706BB19209F996500249239 /* VCRegister2.swift */,
				F7EE27D320A08E2700910C67 /* VCFinalRegister.swift */,
			);
			name = Main;
			path = "New Group";
			sourceTree = "<group>";
		};
		F712631320A3492700EEAF35 /* Friends */ = {
			isa = PBXGroup;
			children = (
				0B4D6F99209F45840090B380 /* TVCFriends.swift */,
				0B4D6F9D209F608C0090B380 /* TVCellFriend.swift */,
			);
			path = Friends;
			sourceTree = "<group>";
		};
		F7EE27D020A08BB300910C67 /* Helper */ = {
			isa = PBXGroup;
			children = (
				F7EE27D120A08BC300910C67 /* LocalHelper.swift */,
			);
			path = Helper;
			sourceTree = "<group>";
		};
/* End PBXGroup section */

/* Begin PBXNativeTarget section */
		463046F21FBF38F9005F1106 /* Template Project iOS */ = {
			isa = PBXNativeTarget;
			buildConfigurationList = 4630471B1FBF38FA005F1106 /* Build configuration list for PBXNativeTarget "Template Project iOS" */;
			buildPhases = (
				3A0B609FD794ACDEAB7F008F /* [CP] Check Pods Manifest.lock */,
				463046EF1FBF38F9005F1106 /* Sources */,
				463046F01FBF38F9005F1106 /* Frameworks */,
				463046F11FBF38F9005F1106 /* Resources */,
				684BEB038690019F7646FC2B /* [CP] Embed Pods Frameworks */,
				D9968D6172FB329831FBD483 /* [CP] Copy Pods Resources */,
			);
			buildRules = (
			);
			dependencies = (
			);
			name = "Template Project iOS";
			productName = "Template Project iOS";
			productReference = 463046F31FBF38F9005F1106 /* Template Project iOS.app */;
			productType = "com.apple.product-type.application";
		};
		463047061FBF38F9005F1106 /* Template Project iOSTests */ = {
			isa = PBXNativeTarget;
			buildConfigurationList = 4630471E1FBF38FA005F1106 /* Build configuration list for PBXNativeTarget "Template Project iOSTests" */;
			buildPhases = (
				463047031FBF38F9005F1106 /* Sources */,
				463047041FBF38F9005F1106 /* Frameworks */,
				463047051FBF38F9005F1106 /* Resources */,
			);
			buildRules = (
			);
			dependencies = (
				463047091FBF38F9005F1106 /* PBXTargetDependency */,
			);
			name = "Template Project iOSTests";
			productName = "Template Project iOSTests";
			productReference = 463047071FBF38F9005F1106 /* Template Project iOSTests.xctest */;
			productType = "com.apple.product-type.bundle.unit-test";
		};
		463047111FBF38FA005F1106 /* Template Project iOSUITests */ = {
			isa = PBXNativeTarget;
			buildConfigurationList = 463047211FBF38FA005F1106 /* Build configuration list for PBXNativeTarget "Template Project iOSUITests" */;
			buildPhases = (
				4630470E1FBF38FA005F1106 /* Sources */,
				4630470F1FBF38FA005F1106 /* Frameworks */,
				463047101FBF38FA005F1106 /* Resources */,
			);
			buildRules = (
			);
			dependencies = (
				463047141FBF38FA005F1106 /* PBXTargetDependency */,
			);
			name = "Template Project iOSUITests";
			productName = "Template Project iOSUITests";
			productReference = 463047121FBF38FA005F1106 /* Template Project iOSUITests.xctest */;
			productType = "com.apple.product-type.bundle.ui-testing";
		};
/* End PBXNativeTarget section */

/* Begin PBXProject section */
		463046EB1FBF38F9005F1106 /* Project object */ = {
			isa = PBXProject;
			attributes = {
				LastSwiftUpdateCheck = 0910;
				LastUpgradeCheck = 0910;
				ORGANIZATIONNAME = "Guillaume Jette";
				TargetAttributes = {
					463046F21FBF38F9005F1106 = {
						CreatedOnToolsVersion = 9.1;
						ProvisioningStyle = Automatic;
					};
					463047061FBF38F9005F1106 = {
						CreatedOnToolsVersion = 9.1;
						ProvisioningStyle = Automatic;
						TestTargetID = 463046F21FBF38F9005F1106;
					};
					463047111FBF38FA005F1106 = {
						CreatedOnToolsVersion = 9.1;
						ProvisioningStyle = Automatic;
						TestTargetID = 463046F21FBF38F9005F1106;
					};
				};
			};
			buildConfigurationList = 463046EE1FBF38F9005F1106 /* Build configuration list for PBXProject "Template Project iOS" */;
			compatibilityVersion = "Xcode 8.0";
			developmentRegion = en;
			hasScannedForEncodings = 0;
			knownRegions = (
				en,
				Base,
			);
			mainGroup = 463046EA1FBF38F9005F1106;
			productRefGroup = 463046F41FBF38F9005F1106 /* Products */;
			projectDirPath = "";
			projectRoot = "";
			targets = (
				463046F21FBF38F9005F1106 /* Template Project iOS */,
				463047061FBF38F9005F1106 /* Template Project iOSTests */,
				463047111FBF38FA005F1106 /* Template Project iOSUITests */,
			);
		};
/* End PBXProject section */

/* Begin PBXResourcesBuildPhase section */
		463046F11FBF38F9005F1106 /* Resources */ = {
			isa = PBXResourcesBuildPhase;
			buildActionMask = 2147483647;
			files = (
				469339FC2052ED9500A5B173 /* Montserrat-ExtraBold.otf in Resources */,
				469339EE2052ED9500A5B173 /* Lato-Heavy.ttf in Resources */,
				46933A092052ED9500A5B173 /* MontserratAlternates-Regular.otf in Resources */,
				469339F92052ED9500A5B173 /* Lato-ThinItalic.ttf in Resources */,
				469339F12052ED9500A5B173 /* Lato-Light.ttf in Resources */,
				46933A042052ED9500A5B173 /* MontserratAlternates-Bold.otf in Resources */,
				469339E82052ED9500A5B173 /* Lato-Black.ttf in Resources */,
				469339EA2052ED9500A5B173 /* Lato-Bold.ttf in Resources */,
				46933A0B2052ED9500A5B173 /* MontserratAlternates-Thin.otf in Resources */,
				463047011FBF38F9005F1106 /* LaunchScreen.storyboard in Resources */,
				46933A072052ED9500A5B173 /* MontserratAlternates-Light.otf in Resources */,
				46933A112052ED9500A5B173 /* Ubuntu-Medium.ttf in Resources */,
				469339F42052ED9500A5B173 /* Lato-MediumItalic.ttf in Resources */,
				46933A082052ED9500A5B173 /* MontserratAlternates-Medium.otf in Resources */,
				46933A0A2052ED9500A5B173 /* MontserratAlternates-SemiBold.otf in Resources */,
				469339F72052ED9500A5B173 /* Lato-SemiboldItalic.ttf in Resources */,
				46933A122052ED9500A5B173 /* Ubuntu-MediumItalic.ttf in Resources */,
				F7C32E6F209F639000022C08 /* Application.storyboard in Resources */,
				46933A032052ED9500A5B173 /* MontserratAlternates-Black.otf in Resources */,
				469339FD2052ED9500A5B173 /* Montserrat-ExtraLight.otf in Resources */,
				469339E92052ED9500A5B173 /* Lato-BlackItalic.ttf in Resources */,
				469339FB2052ED9500A5B173 /* Montserrat-Bold.otf in Resources */,
				46933A012052ED9500A5B173 /* Montserrat-SemiBold.otf in Resources */,
				46933A0C2052ED9500A5B173 /* Ubuntu-Bold.ttf in Resources */,
				469339EF2052ED9500A5B173 /* Lato-HeavyItalic.ttf in Resources */,
				46933A0F2052ED9500A5B173 /* Ubuntu-Light.ttf in Resources */,
				463046FE1FBF38F9005F1106 /* Assets.xcassets in Resources */,
				46933A102052ED9500A5B173 /* Ubuntu-LightItalic.ttf in Resources */,
				469339ED2052ED9500A5B173 /* Lato-HairlineItalic.ttf in Resources */,
				469339FA2052ED9500A5B173 /* Montserrat-Black.otf in Resources */,
				469339FF2052ED9500A5B173 /* Montserrat-Medium.otf in Resources */,
				469339EB2052ED9500A5B173 /* Lato-BoldItalic.ttf in Resources */,
				469339FE2052ED9500A5B173 /* Montserrat-Light.otf in Resources */,
				46933A132052ED9500A5B173 /* Ubuntu-Regular.ttf in Resources */,
				46933A052052ED9500A5B173 /* MontserratAlternates-ExtraBold.otf in Resources */,
				46933A002052ED9500A5B173 /* Montserrat-Regular.otf in Resources */,
				469339F62052ED9500A5B173 /* Lato-Semibold.ttf in Resources */,
				46933A0E2052ED9500A5B173 /* Ubuntu-Italic.ttf in Resources */,
				469339F32052ED9500A5B173 /* Lato-Medium.ttf in Resources */,
				469339EC2052ED9500A5B173 /* Lato-Hairline.ttf in Resources */,
				46933A062052ED9500A5B173 /* MontserratAlternates-ExtraLight.otf in Resources */,
				469339F02052ED9500A5B173 /* Lato-Italic.ttf in Resources */,
				46933A022052ED9500A5B173 /* Montserrat-Thin.otf in Resources */,
				463046FC1FBF38F9005F1106 /* Main.storyboard in Resources */,
				46933A0D2052ED9500A5B173 /* Ubuntu-BoldItalic.ttf in Resources */,
				469339F82052ED9500A5B173 /* Lato-Thin.ttf in Resources */,
				469339F22052ED9500A5B173 /* Lato-LightItalic.ttf in Resources */,
				469339F52052ED9500A5B173 /* Lato-Regular.ttf in Resources */,
			);
			runOnlyForDeploymentPostprocessing = 0;
		};
		463047051FBF38F9005F1106 /* Resources */ = {
			isa = PBXResourcesBuildPhase;
			buildActionMask = 2147483647;
			files = (
			);
			runOnlyForDeploymentPostprocessing = 0;
		};
		463047101FBF38FA005F1106 /* Resources */ = {
			isa = PBXResourcesBuildPhase;
			buildActionMask = 2147483647;
			files = (
			);
			runOnlyForDeploymentPostprocessing = 0;
		};
/* End PBXResourcesBuildPhase section */

/* Begin PBXShellScriptBuildPhase section */
		3A0B609FD794ACDEAB7F008F /* [CP] Check Pods Manifest.lock */ = {
			isa = PBXShellScriptBuildPhase;
			buildActionMask = 2147483647;
			files = (
			);
			inputPaths = (
				"${PODS_PODFILE_DIR_PATH}/Podfile.lock",
				"${PODS_ROOT}/Manifest.lock",
			);
			name = "[CP] Check Pods Manifest.lock";
			outputPaths = (
				"$(DERIVED_FILE_DIR)/Pods-Template Project iOS-checkManifestLockResult.txt",
			);
			runOnlyForDeploymentPostprocessing = 0;
			shellPath = /bin/sh;
			shellScript = "diff \"${PODS_PODFILE_DIR_PATH}/Podfile.lock\" \"${PODS_ROOT}/Manifest.lock\" > /dev/null\nif [ $? != 0 ] ; then\n    # print error to STDERR\n    echo \"error: The sandbox is not in sync with the Podfile.lock. Run 'pod install' or update your CocoaPods installation.\" >&2\n    exit 1\nfi\n# This output is used by Xcode 'outputs' to avoid re-running this script phase.\necho \"SUCCESS\" > \"${SCRIPT_OUTPUT_FILE_0}\"\n";
			showEnvVarsInLog = 0;
		};
		684BEB038690019F7646FC2B /* [CP] Embed Pods Frameworks */ = {
			isa = PBXShellScriptBuildPhase;
			buildActionMask = 2147483647;
			files = (
			);
			inputPaths = (
				"${SRCROOT}/Pods/Target Support Files/Pods-Template Project iOS/Pods-Template Project iOS-frameworks.sh",
				"${BUILT_PRODUCTS_DIR}/Bolts/Bolts.framework",
				"${BUILT_PRODUCTS_DIR}/FBSDKCoreKit/FBSDKCoreKit.framework",
				"${BUILT_PRODUCTS_DIR}/FBSDKLoginKit/FBSDKLoginKit.framework",
				"${BUILT_PRODUCTS_DIR}/FBSDKShareKit/FBSDKShareKit.framework",
				"${BUILT_PRODUCTS_DIR}/Kingfisher/Kingfisher.framework",
			);
			name = "[CP] Embed Pods Frameworks";
			outputPaths = (
				"${TARGET_BUILD_DIR}/${FRAMEWORKS_FOLDER_PATH}/Bolts.framework",
				"${TARGET_BUILD_DIR}/${FRAMEWORKS_FOLDER_PATH}/FBSDKCoreKit.framework",
				"${TARGET_BUILD_DIR}/${FRAMEWORKS_FOLDER_PATH}/FBSDKLoginKit.framework",
				"${TARGET_BUILD_DIR}/${FRAMEWORKS_FOLDER_PATH}/FBSDKShareKit.framework",
				"${TARGET_BUILD_DIR}/${FRAMEWORKS_FOLDER_PATH}/Kingfisher.framework",
			);
			runOnlyForDeploymentPostprocessing = 0;
			shellPath = /bin/sh;
			shellScript = "\"${SRCROOT}/Pods/Target Support Files/Pods-Template Project iOS/Pods-Template Project iOS-frameworks.sh\"\n";
			showEnvVarsInLog = 0;
		};
		D9968D6172FB329831FBD483 /* [CP] Copy Pods Resources */ = {
			isa = PBXShellScriptBuildPhase;
			buildActionMask = 2147483647;
			files = (
			);
			inputPaths = (
				"${SRCROOT}/Pods/Target Support Files/Pods-Template Project iOS/Pods-Template Project iOS-resources.sh",
				"${PODS_ROOT}/GoogleMaps/Maps/Frameworks/GoogleMaps.framework/Resources/GoogleMaps.bundle",
				"${PODS_ROOT}/GooglePlaces/Frameworks/GooglePlaces.framework/Resources/GooglePlaces.bundle",
			);
			name = "[CP] Copy Pods Resources";
			outputPaths = (
				"${TARGET_BUILD_DIR}/${UNLOCALIZED_RESOURCES_FOLDER_PATH}/GoogleMaps.bundle",
				"${TARGET_BUILD_DIR}/${UNLOCALIZED_RESOURCES_FOLDER_PATH}/GooglePlaces.bundle",
			);
			runOnlyForDeploymentPostprocessing = 0;
			shellPath = /bin/sh;
			shellScript = "\"${SRCROOT}/Pods/Target Support Files/Pods-Template Project iOS/Pods-Template Project iOS-resources.sh\"\n";
			showEnvVarsInLog = 0;
		};
/* End PBXShellScriptBuildPhase section */

/* Begin PBXSourcesBuildPhase section */
		463046EF1FBF38F9005F1106 /* Sources */ = {
			isa = PBXSourcesBuildPhase;
			buildActionMask = 2147483647;
			files = (
				0B534D5620A3899B000416F9 /* VCChat.swift in Sources */,
				F712631720A35E8E00EEAF35 /* PageAnimations.swift in Sources */,
				46933A3E2052EDAE00A5B173 /* Utility.swift in Sources */,
				F7EE27D220A08BC300910C67 /* LocalHelper.swift in Sources */,
				46933A412052EDAE00A5B173 /* UIImageTools.swift in Sources */,
				46933A3A2052EDAE00A5B173 /* CalendarTools.swift in Sources */,
				46933A4C2052EDAE00A5B173 /* PieChart.swift in Sources */,
				46933A3B2052EDAE00A5B173 /* DateHelper.swift in Sources */,
				46933A422052EDAE00A5B173 /* GoogleMapTools.swift in Sources */,
				46933A432052EDAE00A5B173 /* NavigationTools.swift in Sources */,
				46933A502052EDAE00A5B173 /* UIScrollViewTools.swift in Sources */,
				F7EE27D420A08E2700910C67 /* VCFinalRegister.swift in Sources */,
				0B534D5A20A38A31000416F9 /* VCSettings.swift in Sources */,
				46933A492052EDAE00A5B173 /* FloatTools.swift in Sources */,
				46933A472052EDAE00A5B173 /* AttributedStringTools.swift in Sources */,
				46933A3C2052EDAE00A5B173 /* CircleGesture.swift in Sources */,
				F706BB1A209F996500249239 /* VCRegister2.swift in Sources */,
				46933A592052F07200A5B173 /* StripeGraph.swift in Sources */,
				0B4D6F9E209F608C0090B380 /* TVCellFriend.swift in Sources */,
				46933A402052EDAE00A5B173 /* Images.swift in Sources */,
				46933A482052EDAE00A5B173 /* ColorTools.swift in Sources */,
				46933A4D2052EDAE00A5B173 /* ProgressBar.swift in Sources */,
				46933A3F2052EDAE00A5B173 /* LineGraph.swift in Sources */,
				0B36E9F820A09705008D1553 /* CustomMenuView.swift in Sources */,
				46933A452052EDAE00A5B173 /* StripeClass.swift in Sources */,
				0B36E9F420A08FED008D1553 /* AppNC.swift in Sources */,
				46933A4E2052EDAE00A5B173 /* TextFieldsTools.swift in Sources */,
				0B534D5C20A38A42000416F9 /* VCProfile.swift in Sources */,
				F7C32E68209F463000022C08 /* MainNC.swift in Sources */,
				46933A3D2052EDAE00A5B173 /* SafeAreaGuideExemple.swift in Sources */,
				46933A532052EDAE00A5B173 /* UIViewTools.swift in Sources */,
				46933A522052EDAE00A5B173 /* UIViewControllerTools.swift in Sources */,
				46933A4A2052EDAE00A5B173 /* NSNumberTools.swift in Sources */,
				F7C32E64209F412B00022C08 /* VCRegister.swift in Sources */,
				0B534D5820A389AD000416F9 /* VCCreateEvent.swift in Sources */,
				463046F91FBF38F9005F1106 /* ViewController.swift in Sources */,
				46933A4B2052EDAE00A5B173 /* StringTools.swift in Sources */,
				F7C32E6C209F601400022C08 /* loadingIndicator.swift in Sources */,
				46933A4F2052EDAE00A5B173 /* UILabelTools.swift in Sources */,
				46933A462052EDAE00A5B173 /* ArrayTools.swift in Sources */,
				46C65679209DF9080039EF82 /* SecondViewController.swift in Sources */,
				0B534D5020A388BF000416F9 /* VCMeetMe.swift in Sources */,
				0B4D6F9A209F45840090B380 /* TVCFriends.swift in Sources */,
				46933A512052EDAE00A5B173 /* UITableViewTools.swift in Sources */,
				46933A5B2052F07A00A5B173 /* DottedLine.swift in Sources */,
				46933A442052EDAE00A5B173 /* TopSelector.swift in Sources */,
				463046F71FBF38F9005F1106 /* AppDelegate.swift in Sources */,
			);
			runOnlyForDeploymentPostprocessing = 0;
		};
		463047031FBF38F9005F1106 /* Sources */ = {
			isa = PBXSourcesBuildPhase;
			buildActionMask = 2147483647;
			files = (
				4630470C1FBF38FA005F1106 /* Template_Project_iOSTests.swift in Sources */,
			);
			runOnlyForDeploymentPostprocessing = 0;
		};
		4630470E1FBF38FA005F1106 /* Sources */ = {
			isa = PBXSourcesBuildPhase;
			buildActionMask = 2147483647;
			files = (
				463047171FBF38FA005F1106 /* Template_Project_iOSUITests.swift in Sources */,
			);
			runOnlyForDeploymentPostprocessing = 0;
		};
/* End PBXSourcesBuildPhase section */

/* Begin PBXTargetDependency section */
		463047091FBF38F9005F1106 /* PBXTargetDependency */ = {
			isa = PBXTargetDependency;
			target = 463046F21FBF38F9005F1106 /* Template Project iOS */;
			targetProxy = 463047081FBF38F9005F1106 /* PBXContainerItemProxy */;
		};
		463047141FBF38FA005F1106 /* PBXTargetDependency */ = {
			isa = PBXTargetDependency;
			target = 463046F21FBF38F9005F1106 /* Template Project iOS */;
			targetProxy = 463047131FBF38FA005F1106 /* PBXContainerItemProxy */;
		};
/* End PBXTargetDependency section */

/* Begin PBXVariantGroup section */
		463046FA1FBF38F9005F1106 /* Main.storyboard */ = {
			isa = PBXVariantGroup;
			children = (
				463046FB1FBF38F9005F1106 /* Base */,
			);
			name = Main.storyboard;
			sourceTree = "<group>";
		};
		463046FF1FBF38F9005F1106 /* LaunchScreen.storyboard */ = {
			isa = PBXVariantGroup;
			children = (
				463047001FBF38F9005F1106 /* Base */,
			);
			name = LaunchScreen.storyboard;
			sourceTree = "<group>";
		};
/* End PBXVariantGroup section */

/* Begin XCBuildConfiguration section */
		463047191FBF38FA005F1106 /* Debug */ = {
			isa = XCBuildConfiguration;
			buildSettings = {
				ALWAYS_SEARCH_USER_PATHS = NO;
				CLANG_ANALYZER_NONNULL = YES;
				CLANG_ANALYZER_NUMBER_OBJECT_CONVERSION = YES_AGGRESSIVE;
				CLANG_CXX_LANGUAGE_STANDARD = "gnu++14";
				CLANG_CXX_LIBRARY = "libc++";
				CLANG_ENABLE_MODULES = YES;
				CLANG_ENABLE_OBJC_ARC = YES;
				CLANG_WARN_BLOCK_CAPTURE_AUTORELEASING = YES;
				CLANG_WARN_BOOL_CONVERSION = YES;
				CLANG_WARN_COMMA = YES;
				CLANG_WARN_CONSTANT_CONVERSION = YES;
				CLANG_WARN_DIRECT_OBJC_ISA_USAGE = YES_ERROR;
				CLANG_WARN_DOCUMENTATION_COMMENTS = YES;
				CLANG_WARN_EMPTY_BODY = YES;
				CLANG_WARN_ENUM_CONVERSION = YES;
				CLANG_WARN_INFINITE_RECURSION = YES;
				CLANG_WARN_INT_CONVERSION = YES;
				CLANG_WARN_NON_LITERAL_NULL_CONVERSION = YES;
				CLANG_WARN_OBJC_LITERAL_CONVERSION = YES;
				CLANG_WARN_OBJC_ROOT_CLASS = YES_ERROR;
				CLANG_WARN_RANGE_LOOP_ANALYSIS = YES;
				CLANG_WARN_STRICT_PROTOTYPES = YES;
				CLANG_WARN_SUSPICIOUS_MOVE = YES;
				CLANG_WARN_UNGUARDED_AVAILABILITY = YES_AGGRESSIVE;
				CLANG_WARN_UNREACHABLE_CODE = YES;
				CLANG_WARN__DUPLICATE_METHOD_MATCH = YES;
				CODE_SIGN_IDENTITY = "iPhone Developer";
				COPY_PHASE_STRIP = NO;
				DEBUG_INFORMATION_FORMAT = dwarf;
				ENABLE_STRICT_OBJC_MSGSEND = YES;
				ENABLE_TESTABILITY = YES;
				GCC_C_LANGUAGE_STANDARD = gnu11;
				GCC_DYNAMIC_NO_PIC = NO;
				GCC_NO_COMMON_BLOCKS = YES;
				GCC_OPTIMIZATION_LEVEL = 0;
				GCC_PREPROCESSOR_DEFINITIONS = (
					"DEBUG=1",
					"$(inherited)",
				);
				GCC_WARN_64_TO_32_BIT_CONVERSION = YES;
				GCC_WARN_ABOUT_RETURN_TYPE = YES_ERROR;
				GCC_WARN_UNDECLARED_SELECTOR = YES;
				GCC_WARN_UNINITIALIZED_AUTOS = YES_AGGRESSIVE;
				GCC_WARN_UNUSED_FUNCTION = YES;
				GCC_WARN_UNUSED_VARIABLE = YES;
				IPHONEOS_DEPLOYMENT_TARGET = 11.1;
				MTL_ENABLE_DEBUG_INFO = YES;
				ONLY_ACTIVE_ARCH = YES;
				SDKROOT = iphoneos;
				SWIFT_ACTIVE_COMPILATION_CONDITIONS = DEBUG;
				SWIFT_OPTIMIZATION_LEVEL = "-Onone";
			};
			name = Debug;
		};
		4630471A1FBF38FA005F1106 /* Release */ = {
			isa = XCBuildConfiguration;
			buildSettings = {
				ALWAYS_SEARCH_USER_PATHS = NO;
				CLANG_ANALYZER_NONNULL = YES;
				CLANG_ANALYZER_NUMBER_OBJECT_CONVERSION = YES_AGGRESSIVE;
				CLANG_CXX_LANGUAGE_STANDARD = "gnu++14";
				CLANG_CXX_LIBRARY = "libc++";
				CLANG_ENABLE_MODULES = YES;
				CLANG_ENABLE_OBJC_ARC = YES;
				CLANG_WARN_BLOCK_CAPTURE_AUTORELEASING = YES;
				CLANG_WARN_BOOL_CONVERSION = YES;
				CLANG_WARN_COMMA = YES;
				CLANG_WARN_CONSTANT_CONVERSION = YES;
				CLANG_WARN_DIRECT_OBJC_ISA_USAGE = YES_ERROR;
				CLANG_WARN_DOCUMENTATION_COMMENTS = YES;
				CLANG_WARN_EMPTY_BODY = YES;
				CLANG_WARN_ENUM_CONVERSION = YES;
				CLANG_WARN_INFINITE_RECURSION = YES;
				CLANG_WARN_INT_CONVERSION = YES;
				CLANG_WARN_NON_LITERAL_NULL_CONVERSION = YES;
				CLANG_WARN_OBJC_LITERAL_CONVERSION = YES;
				CLANG_WARN_OBJC_ROOT_CLASS = YES_ERROR;
				CLANG_WARN_RANGE_LOOP_ANALYSIS = YES;
				CLANG_WARN_STRICT_PROTOTYPES = YES;
				CLANG_WARN_SUSPICIOUS_MOVE = YES;
				CLANG_WARN_UNGUARDED_AVAILABILITY = YES_AGGRESSIVE;
				CLANG_WARN_UNREACHABLE_CODE = YES;
				CLANG_WARN__DUPLICATE_METHOD_MATCH = YES;
				CODE_SIGN_IDENTITY = "iPhone Developer";
				COPY_PHASE_STRIP = NO;
				DEBUG_INFORMATION_FORMAT = "dwarf-with-dsym";
				ENABLE_NS_ASSERTIONS = NO;
				ENABLE_STRICT_OBJC_MSGSEND = YES;
				GCC_C_LANGUAGE_STANDARD = gnu11;
				GCC_NO_COMMON_BLOCKS = YES;
				GCC_WARN_64_TO_32_BIT_CONVERSION = YES;
				GCC_WARN_ABOUT_RETURN_TYPE = YES_ERROR;
				GCC_WARN_UNDECLARED_SELECTOR = YES;
				GCC_WARN_UNINITIALIZED_AUTOS = YES_AGGRESSIVE;
				GCC_WARN_UNUSED_FUNCTION = YES;
				GCC_WARN_UNUSED_VARIABLE = YES;
				IPHONEOS_DEPLOYMENT_TARGET = 11.1;
				MTL_ENABLE_DEBUG_INFO = NO;
				SDKROOT = iphoneos;
				SWIFT_OPTIMIZATION_LEVEL = "-Owholemodule";
				VALIDATE_PRODUCT = YES;
			};
			name = Release;
		};
		4630471C1FBF38FA005F1106 /* Debug */ = {
			isa = XCBuildConfiguration;
			baseConfigurationReference = 46A8ADEC87B3CF4350B8E9C1 /* Pods-Template Project iOS.debug.xcconfig */;
			buildSettings = {
				ASSETCATALOG_COMPILER_APPICON_NAME = AppIcon;
				CODE_SIGN_STYLE = Automatic;
				DEVELOPMENT_TEAM = ZS22ZRK6AQ;
				INFOPLIST_FILE = "Template Project iOS/Info.plist";
				LD_RUNPATH_SEARCH_PATHS = "$(inherited) @executable_path/Frameworks";
				PRODUCT_BUNDLE_IDENTIFIER = "Guijet.Template-Project-iOS";
				PRODUCT_NAME = "$(TARGET_NAME)";
				SWIFT_VERSION = 4.0;
				TARGETED_DEVICE_FAMILY = "1,2";
			};
			name = Debug;
		};
		4630471D1FBF38FA005F1106 /* Release */ = {
			isa = XCBuildConfiguration;
			baseConfigurationReference = 9793E0FC4C11488C6A2F6A48 /* Pods-Template Project iOS.release.xcconfig */;
			buildSettings = {
				ASSETCATALOG_COMPILER_APPICON_NAME = AppIcon;
				CODE_SIGN_STYLE = Automatic;
				DEVELOPMENT_TEAM = ZS22ZRK6AQ;
				INFOPLIST_FILE = "Template Project iOS/Info.plist";
				LD_RUNPATH_SEARCH_PATHS = "$(inherited) @executable_path/Frameworks";
				PRODUCT_BUNDLE_IDENTIFIER = "Guijet.Template-Project-iOS";
				PRODUCT_NAME = "$(TARGET_NAME)";
				SWIFT_VERSION = 4.0;
				TARGETED_DEVICE_FAMILY = "1,2";
			};
			name = Release;
		};
		4630471F1FBF38FA005F1106 /* Debug */ = {
			isa = XCBuildConfiguration;
			buildSettings = {
				ALWAYS_EMBED_SWIFT_STANDARD_LIBRARIES = YES;
				BUNDLE_LOADER = "$(TEST_HOST)";
				CODE_SIGN_STYLE = Automatic;
				DEVELOPMENT_TEAM = ZS22ZRK6AQ;
				INFOPLIST_FILE = "Template Project iOSTests/Info.plist";
				LD_RUNPATH_SEARCH_PATHS = "$(inherited) @executable_path/Frameworks @loader_path/Frameworks";
				PRODUCT_BUNDLE_IDENTIFIER = "Guijet.Template-Project-iOSTests";
				PRODUCT_NAME = "$(TARGET_NAME)";
				SWIFT_VERSION = 4.0;
				TARGETED_DEVICE_FAMILY = "1,2";
				TEST_HOST = "$(BUILT_PRODUCTS_DIR)/Template Project iOS.app/Template Project iOS";
			};
			name = Debug;
		};
		463047201FBF38FA005F1106 /* Release */ = {
			isa = XCBuildConfiguration;
			buildSettings = {
				ALWAYS_EMBED_SWIFT_STANDARD_LIBRARIES = YES;
				BUNDLE_LOADER = "$(TEST_HOST)";
				CODE_SIGN_STYLE = Automatic;
				DEVELOPMENT_TEAM = ZS22ZRK6AQ;
				INFOPLIST_FILE = "Template Project iOSTests/Info.plist";
				LD_RUNPATH_SEARCH_PATHS = "$(inherited) @executable_path/Frameworks @loader_path/Frameworks";
				PRODUCT_BUNDLE_IDENTIFIER = "Guijet.Template-Project-iOSTests";
				PRODUCT_NAME = "$(TARGET_NAME)";
				SWIFT_VERSION = 4.0;
				TARGETED_DEVICE_FAMILY = "1,2";
				TEST_HOST = "$(BUILT_PRODUCTS_DIR)/Template Project iOS.app/Template Project iOS";
			};
			name = Release;
		};
		463047221FBF38FA005F1106 /* Debug */ = {
			isa = XCBuildConfiguration;
			buildSettings = {
				ALWAYS_EMBED_SWIFT_STANDARD_LIBRARIES = YES;
				CODE_SIGN_STYLE = Automatic;
				DEVELOPMENT_TEAM = ZS22ZRK6AQ;
				INFOPLIST_FILE = "Template Project iOSUITests/Info.plist";
				LD_RUNPATH_SEARCH_PATHS = "$(inherited) @executable_path/Frameworks @loader_path/Frameworks";
				PRODUCT_BUNDLE_IDENTIFIER = "Guijet.Template-Project-iOSUITests";
				PRODUCT_NAME = "$(TARGET_NAME)";
				SWIFT_VERSION = 4.0;
				TARGETED_DEVICE_FAMILY = "1,2";
				TEST_TARGET_NAME = "Template Project iOS";
			};
			name = Debug;
		};
		463047231FBF38FA005F1106 /* Release */ = {
			isa = XCBuildConfiguration;
			buildSettings = {
				ALWAYS_EMBED_SWIFT_STANDARD_LIBRARIES = YES;
				CODE_SIGN_STYLE = Automatic;
				DEVELOPMENT_TEAM = ZS22ZRK6AQ;
				INFOPLIST_FILE = "Template Project iOSUITests/Info.plist";
				LD_RUNPATH_SEARCH_PATHS = "$(inherited) @executable_path/Frameworks @loader_path/Frameworks";
				PRODUCT_BUNDLE_IDENTIFIER = "Guijet.Template-Project-iOSUITests";
				PRODUCT_NAME = "$(TARGET_NAME)";
				SWIFT_VERSION = 4.0;
				TARGETED_DEVICE_FAMILY = "1,2";
				TEST_TARGET_NAME = "Template Project iOS";
			};
			name = Release;
		};
/* End XCBuildConfiguration section */

/* Begin XCConfigurationList section */
		463046EE1FBF38F9005F1106 /* Build configuration list for PBXProject "Template Project iOS" */ = {
			isa = XCConfigurationList;
			buildConfigurations = (
				463047191FBF38FA005F1106 /* Debug */,
				4630471A1FBF38FA005F1106 /* Release */,
			);
			defaultConfigurationIsVisible = 0;
			defaultConfigurationName = Release;
		};
		4630471B1FBF38FA005F1106 /* Build configuration list for PBXNativeTarget "Template Project iOS" */ = {
			isa = XCConfigurationList;
			buildConfigurations = (
				4630471C1FBF38FA005F1106 /* Debug */,
				4630471D1FBF38FA005F1106 /* Release */,
			);
			defaultConfigurationIsVisible = 0;
			defaultConfigurationName = Release;
		};
		4630471E1FBF38FA005F1106 /* Build configuration list for PBXNativeTarget "Template Project iOSTests" */ = {
			isa = XCConfigurationList;
			buildConfigurations = (
				4630471F1FBF38FA005F1106 /* Debug */,
				463047201FBF38FA005F1106 /* Release */,
			);
			defaultConfigurationIsVisible = 0;
			defaultConfigurationName = Release;
		};
		463047211FBF38FA005F1106 /* Build configuration list for PBXNativeTarget "Template Project iOSUITests" */ = {
			isa = XCConfigurationList;
			buildConfigurations = (
				463047221FBF38FA005F1106 /* Debug */,
				463047231FBF38FA005F1106 /* Release */,
			);
			defaultConfigurationIsVisible = 0;
			defaultConfigurationName = Release;
		};
/* End XCConfigurationList section */
	};
	rootObject = 463046EB1FBF38F9005F1106 /* Project object */;
}
