// !$*UTF8*$!
{
	archiveVersion = 1;
	classes = {
	};
	objectVersion = 48;
	objects = {

/* Begin PBXBuildFile section */
		0C70DC7FAC23744A5F502421 /* Pods_Template_Project_iOS.framework in Frameworks */ = {isa = PBXBuildFile; fileRef = E8D316A903FF2B7232A0C410 /* Pods_Template_Project_iOS.framework */; };
		463046F71FBF38F9005F1106 /* AppDelegate.swift in Sources */ = {isa = PBXBuildFile; fileRef = 463046F61FBF38F9005F1106 /* AppDelegate.swift */; };
		463046F91FBF38F9005F1106 /* ViewController.swift in Sources */ = {isa = PBXBuildFile; fileRef = 463046F81FBF38F9005F1106 /* ViewController.swift */; };
		463046FE1FBF38F9005F1106 /* Assets.xcassets in Resources */ = {isa = PBXBuildFile; fileRef = 463046FD1FBF38F9005F1106 /* Assets.xcassets */; };
		463047011FBF38F9005F1106 /* LaunchScreen.storyboard in Resources */ = {isa = PBXBuildFile; fileRef = 463046FF1FBF38F9005F1106 /* LaunchScreen.storyboard */; };
		4630470C1FBF38FA005F1106 /* Template_Project_iOSTests.swift in Sources */ = {isa = PBXBuildFile; fileRef = 4630470B1FBF38FA005F1106 /* Template_Project_iOSTests.swift */; };
		463047171FBF38FA005F1106 /* Template_Project_iOSUITests.swift in Sources */ = {isa = PBXBuildFile; fileRef = 463047161FBF38FA005F1106 /* Template_Project_iOSUITests.swift */; };
		469339E82052ED9500A5B173 /* Lato-Black.ttf in Resources */ = {isa = PBXBuildFile; fileRef = 469339BC2052ED9500A5B173 /* Lato-Black.ttf */; };
		469339E92052ED9500A5B173 /* Lato-BlackItalic.ttf in Resources */ = {isa = PBXBuildFile; fileRef = 469339BD2052ED9500A5B173 /* Lato-BlackItalic.ttf */; };
		469339EA2052ED9500A5B173 /* Lato-Bold.ttf in Resources */ = {isa = PBXBuildFile; fileRef = 469339BE2052ED9500A5B173 /* Lato-Bold.ttf */; };
		469339EB2052ED9500A5B173 /* Lato-BoldItalic.ttf in Resources */ = {isa = PBXBuildFile; fileRef = 469339BF2052ED9500A5B173 /* Lato-BoldItalic.ttf */; };
		469339EC2052ED9500A5B173 /* Lato-Hairline.ttf in Resources */ = {isa = PBXBuildFile; fileRef = 469339C02052ED9500A5B173 /* Lato-Hairline.ttf */; };
		469339ED2052ED9500A5B173 /* Lato-HairlineItalic.ttf in Resources */ = {isa = PBXBuildFile; fileRef = 469339C12052ED9500A5B173 /* Lato-HairlineItalic.ttf */; };
		469339EE2052ED9500A5B173 /* Lato-Heavy.ttf in Resources */ = {isa = PBXBuildFile; fileRef = 469339C22052ED9500A5B173 /* Lato-Heavy.ttf */; };
		469339EF2052ED9500A5B173 /* Lato-HeavyItalic.ttf in Resources */ = {isa = PBXBuildFile; fileRef = 469339C32052ED9500A5B173 /* Lato-HeavyItalic.ttf */; };
		469339F02052ED9500A5B173 /* Lato-Italic.ttf in Resources */ = {isa = PBXBuildFile; fileRef = 469339C42052ED9500A5B173 /* Lato-Italic.ttf */; };
		469339F12052ED9500A5B173 /* Lato-Light.ttf in Resources */ = {isa = PBXBuildFile; fileRef = 469339C52052ED9500A5B173 /* Lato-Light.ttf */; };
		469339F22052ED9500A5B173 /* Lato-LightItalic.ttf in Resources */ = {isa = PBXBuildFile; fileRef = 469339C62052ED9500A5B173 /* Lato-LightItalic.ttf */; };
		469339F32052ED9500A5B173 /* Lato-Medium.ttf in Resources */ = {isa = PBXBuildFile; fileRef = 469339C72052ED9500A5B173 /* Lato-Medium.ttf */; };
		469339F42052ED9500A5B173 /* Lato-MediumItalic.ttf in Resources */ = {isa = PBXBuildFile; fileRef = 469339C82052ED9500A5B173 /* Lato-MediumItalic.ttf */; };
		469339F52052ED9500A5B173 /* Lato-Regular.ttf in Resources */ = {isa = PBXBuildFile; fileRef = 469339C92052ED9500A5B173 /* Lato-Regular.ttf */; };
		469339F62052ED9500A5B173 /* Lato-Semibold.ttf in Resources */ = {isa = PBXBuildFile; fileRef = 469339CA2052ED9500A5B173 /* Lato-Semibold.ttf */; };
		469339F72052ED9500A5B173 /* Lato-SemiboldItalic.ttf in Resources */ = {isa = PBXBuildFile; fileRef = 469339CB2052ED9500A5B173 /* Lato-SemiboldItalic.ttf */; };
		469339F82052ED9500A5B173 /* Lato-Thin.ttf in Resources */ = {isa = PBXBuildFile; fileRef = 469339CC2052ED9500A5B173 /* Lato-Thin.ttf */; };
		469339F92052ED9500A5B173 /* Lato-ThinItalic.ttf in Resources */ = {isa = PBXBuildFile; fileRef = 469339CD2052ED9500A5B173 /* Lato-ThinItalic.ttf */; };
		469339FA2052ED9500A5B173 /* Montserrat-Black.otf in Resources */ = {isa = PBXBuildFile; fileRef = 469339CE2052ED9500A5B173 /* Montserrat-Black.otf */; };
		469339FB2052ED9500A5B173 /* Montserrat-Bold.otf in Resources */ = {isa = PBXBuildFile; fileRef = 469339CF2052ED9500A5B173 /* Montserrat-Bold.otf */; };
		469339FC2052ED9500A5B173 /* Montserrat-ExtraBold.otf in Resources */ = {isa = PBXBuildFile; fileRef = 469339D02052ED9500A5B173 /* Montserrat-ExtraBold.otf */; };
		469339FD2052ED9500A5B173 /* Montserrat-ExtraLight.otf in Resources */ = {isa = PBXBuildFile; fileRef = 469339D12052ED9500A5B173 /* Montserrat-ExtraLight.otf */; };
		469339FE2052ED9500A5B173 /* Montserrat-Light.otf in Resources */ = {isa = PBXBuildFile; fileRef = 469339D22052ED9500A5B173 /* Montserrat-Light.otf */; };
		469339FF2052ED9500A5B173 /* Montserrat-Medium.otf in Resources */ = {isa = PBXBuildFile; fileRef = 469339D32052ED9500A5B173 /* Montserrat-Medium.otf */; };
		46933A002052ED9500A5B173 /* Montserrat-Regular.otf in Resources */ = {isa = PBXBuildFile; fileRef = 469339D42052ED9500A5B173 /* Montserrat-Regular.otf */; };
		46933A012052ED9500A5B173 /* Montserrat-SemiBold.otf in Resources */ = {isa = PBXBuildFile; fileRef = 469339D52052ED9500A5B173 /* Montserrat-SemiBold.otf */; };
		46933A022052ED9500A5B173 /* Montserrat-Thin.otf in Resources */ = {isa = PBXBuildFile; fileRef = 469339D62052ED9500A5B173 /* Montserrat-Thin.otf */; };
		46933A032052ED9500A5B173 /* MontserratAlternates-Black.otf in Resources */ = {isa = PBXBuildFile; fileRef = 469339D72052ED9500A5B173 /* MontserratAlternates-Black.otf */; };
		46933A042052ED9500A5B173 /* MontserratAlternates-Bold.otf in Resources */ = {isa = PBXBuildFile; fileRef = 469339D82052ED9500A5B173 /* MontserratAlternates-Bold.otf */; };
		46933A052052ED9500A5B173 /* MontserratAlternates-ExtraBold.otf in Resources */ = {isa = PBXBuildFile; fileRef = 469339D92052ED9500A5B173 /* MontserratAlternates-ExtraBold.otf */; };
		46933A062052ED9500A5B173 /* MontserratAlternates-ExtraLight.otf in Resources */ = {isa = PBXBuildFile; fileRef = 469339DA2052ED9500A5B173 /* MontserratAlternates-ExtraLight.otf */; };
		46933A072052ED9500A5B173 /* MontserratAlternates-Light.otf in Resources */ = {isa = PBXBuildFile; fileRef = 469339DB2052ED9500A5B173 /* MontserratAlternates-Light.otf */; };
		46933A082052ED9500A5B173 /* MontserratAlternates-Medium.otf in Resources */ = {isa = PBXBuildFile; fileRef = 469339DC2052ED9500A5B173 /* MontserratAlternates-Medium.otf */; };
		46933A092052ED9500A5B173 /* MontserratAlternates-Regular.otf in Resources */ = {isa = PBXBuildFile; fileRef = 469339DD2052ED9500A5B173 /* MontserratAlternates-Regular.otf */; };
		46933A0A2052ED9500A5B173 /* MontserratAlternates-SemiBold.otf in Resources */ = {isa = PBXBuildFile; fileRef = 469339DE2052ED9500A5B173 /* MontserratAlternates-SemiBold.otf */; };
		46933A0B2052ED9500A5B173 /* MontserratAlternates-Thin.otf in Resources */ = {isa = PBXBuildFile; fileRef = 469339DF2052ED9500A5B173 /* MontserratAlternates-Thin.otf */; };
		46933A0C2052ED9500A5B173 /* Ubuntu-Bold.ttf in Resources */ = {isa = PBXBuildFile; fileRef = 469339E02052ED9500A5B173 /* Ubuntu-Bold.ttf */; };
		46933A0D2052ED9500A5B173 /* Ubuntu-BoldItalic.ttf in Resources */ = {isa = PBXBuildFile; fileRef = 469339E12052ED9500A5B173 /* Ubuntu-BoldItalic.ttf */; };
		46933A0E2052ED9500A5B173 /* Ubuntu-Italic.ttf in Resources */ = {isa = PBXBuildFile; fileRef = 469339E22052ED9500A5B173 /* Ubuntu-Italic.ttf */; };
		46933A0F2052ED9500A5B173 /* Ubuntu-Light.ttf in Resources */ = {isa = PBXBuildFile; fileRef = 469339E32052ED9500A5B173 /* Ubuntu-Light.ttf */; };
		46933A102052ED9500A5B173 /* Ubuntu-LightItalic.ttf in Resources */ = {isa = PBXBuildFile; fileRef = 469339E42052ED9500A5B173 /* Ubuntu-LightItalic.ttf */; };
		46933A112052ED9500A5B173 /* Ubuntu-Medium.ttf in Resources */ = {isa = PBXBuildFile; fileRef = 469339E52052ED9500A5B173 /* Ubuntu-Medium.ttf */; };
		46933A122052ED9500A5B173 /* Ubuntu-MediumItalic.ttf in Resources */ = {isa = PBXBuildFile; fileRef = 469339E62052ED9500A5B173 /* Ubuntu-MediumItalic.ttf */; };
		46933A132052ED9500A5B173 /* Ubuntu-Regular.ttf in Resources */ = {isa = PBXBuildFile; fileRef = 469339E72052ED9500A5B173 /* Ubuntu-Regular.ttf */; };
		F70DFBF721232434004ADAA1 /* TopSelector.swift in Sources */ = {isa = PBXBuildFile; fileRef = F70DFBC921232434004ADAA1 /* TopSelector.swift */; };
		F70DFBF821232434004ADAA1 /* StatisticsTopController.swift in Sources */ = {isa = PBXBuildFile; fileRef = F70DFBCA21232434004ADAA1 /* StatisticsTopController.swift */; };
		F70DFBF921232434004ADAA1 /* GoogleMapTools.swift in Sources */ = {isa = PBXBuildFile; fileRef = F70DFBCC21232434004ADAA1 /* GoogleMapTools.swift */; };
		F70DFBFA21232434004ADAA1 /* loadingIndicator.swift in Sources */ = {isa = PBXBuildFile; fileRef = F70DFBCE21232434004ADAA1 /* loadingIndicator.swift */; };
		F70DFBFB21232434004ADAA1 /* Images.swift in Sources */ = {isa = PBXBuildFile; fileRef = F70DFBD021232434004ADAA1 /* Images.swift */; };
		F70DFBFC21232434004ADAA1 /* UIImageTools.swift in Sources */ = {isa = PBXBuildFile; fileRef = F70DFBD121232434004ADAA1 /* UIImageTools.swift */; };
		F70DFBFD21232434004ADAA1 /* DateHelper.swift in Sources */ = {isa = PBXBuildFile; fileRef = F70DFBD321232434004ADAA1 /* DateHelper.swift */; };
		F70DFBFE21232434004ADAA1 /* CalendarTools.swift in Sources */ = {isa = PBXBuildFile; fileRef = F70DFBD421232434004ADAA1 /* CalendarTools.swift */; };
		F70DFBFF21232434004ADAA1 /* LineGraph.swift in Sources */ = {isa = PBXBuildFile; fileRef = F70DFBD621232434004ADAA1 /* LineGraph.swift */; };
		F70DFC0021232434004ADAA1 /* StripeGraph.swift in Sources */ = {isa = PBXBuildFile; fileRef = F70DFBD721232434004ADAA1 /* StripeGraph.swift */; };
		F70DFC0121232434004ADAA1 /* NavigationTools.swift in Sources */ = {isa = PBXBuildFile; fileRef = F70DFBD921232434004ADAA1 /* NavigationTools.swift */; };
		F70DFC0221232434004ADAA1 /* CircleGesture.swift in Sources */ = {isa = PBXBuildFile; fileRef = F70DFBDB21232434004ADAA1 /* CircleGesture.swift */; };
		F70DFC0321232434004ADAA1 /* TextViewTools.swift in Sources */ = {isa = PBXBuildFile; fileRef = F70DFBDD21232434004ADAA1 /* TextViewTools.swift */; };
		F70DFC0421232434004ADAA1 /* UIScrollViewTools.swift in Sources */ = {isa = PBXBuildFile; fileRef = F70DFBDE21232434004ADAA1 /* UIScrollViewTools.swift */; };
		F70DFC0521232434004ADAA1 /* UIViewControllerTools.swift in Sources */ = {isa = PBXBuildFile; fileRef = F70DFBDF21232434004ADAA1 /* UIViewControllerTools.swift */; };
		F70DFC0621232434004ADAA1 /* ProgressBar.swift in Sources */ = {isa = PBXBuildFile; fileRef = F70DFBE021232434004ADAA1 /* ProgressBar.swift */; };
		F70DFC0721232434004ADAA1 /* UIViewTools.swift in Sources */ = {isa = PBXBuildFile; fileRef = F70DFBE121232434004ADAA1 /* UIViewTools.swift */; };
		F70DFC0821232434004ADAA1 /* TextFieldsTools.swift in Sources */ = {isa = PBXBuildFile; fileRef = F70DFBE221232434004ADAA1 /* TextFieldsTools.swift */; };
		F70DFC0921232434004ADAA1 /* UILabelTools.swift in Sources */ = {isa = PBXBuildFile; fileRef = F70DFBE321232434004ADAA1 /* UILabelTools.swift */; };
		F70DFC0A21232434004ADAA1 /* PieChart.swift in Sources */ = {isa = PBXBuildFile; fileRef = F70DFBE421232434004ADAA1 /* PieChart.swift */; };
		F70DFC0B21232434004ADAA1 /* UITableViewTools.swift in Sources */ = {isa = PBXBuildFile; fileRef = F70DFBE521232434004ADAA1 /* UITableViewTools.swift */; };
		F70DFC0C21232434004ADAA1 /* DottedLine.swift in Sources */ = {isa = PBXBuildFile; fileRef = F70DFBE621232434004ADAA1 /* DottedLine.swift */; };
		F70DFC0D21232434004ADAA1 /* LocalHelper.swift in Sources */ = {isa = PBXBuildFile; fileRef = F70DFBE821232434004ADAA1 /* LocalHelper.swift */; };
		F70DFC0E21232434004ADAA1 /* Utility.swift in Sources */ = {isa = PBXBuildFile; fileRef = F70DFBEA21232434004ADAA1 /* Utility.swift */; };
		F70DFC0F21232434004ADAA1 /* SafeAreaGuideExemple.swift in Sources */ = {isa = PBXBuildFile; fileRef = F70DFBEB21232434004ADAA1 /* SafeAreaGuideExemple.swift */; };
		F70DFC1021232434004ADAA1 /* StripeClass.swift in Sources */ = {isa = PBXBuildFile; fileRef = F70DFBED21232434004ADAA1 /* StripeClass.swift */; };
		F70DFC1121232434004ADAA1 /* IntTools.swift in Sources */ = {isa = PBXBuildFile; fileRef = F70DFBEF21232434004ADAA1 /* IntTools.swift */; };
		F70DFC1221232434004ADAA1 /* FloatTools.swift in Sources */ = {isa = PBXBuildFile; fileRef = F70DFBF021232434004ADAA1 /* FloatTools.swift */; };
		F70DFC1321232434004ADAA1 /* StringTools.swift in Sources */ = {isa = PBXBuildFile; fileRef = F70DFBF121232434004ADAA1 /* StringTools.swift */; };
		F70DFC1421232434004ADAA1 /* ArrayTools.swift in Sources */ = {isa = PBXBuildFile; fileRef = F70DFBF221232434004ADAA1 /* ArrayTools.swift */; };
		F70DFC1521232434004ADAA1 /* NSNumberTools.swift in Sources */ = {isa = PBXBuildFile; fileRef = F70DFBF321232434004ADAA1 /* NSNumberTools.swift */; };
		F70DFC1621232434004ADAA1 /* ColorTools.swift in Sources */ = {isa = PBXBuildFile; fileRef = F70DFBF421232434004ADAA1 /* ColorTools.swift */; };
		F70DFC1721232434004ADAA1 /* AttributedStringTools.swift in Sources */ = {isa = PBXBuildFile; fileRef = F70DFBF521232434004ADAA1 /* AttributedStringTools.swift */; };
		F70DFC1821232434004ADAA1 /* DoubleTools.swift in Sources */ = {isa = PBXBuildFile; fileRef = F70DFBF621232434004ADAA1 /* DoubleTools.swift */; };
		F70DFC1D21232708004ADAA1 /* Global.swift in Sources */ = {isa = PBXBuildFile; fileRef = F70DFC1C21232708004ADAA1 /* Global.swift */; };
		F70DFC1F2123277D004ADAA1 /* SwipePageController.swift in Sources */ = {isa = PBXBuildFile; fileRef = F70DFC1E2123277D004ADAA1 /* SwipePageController.swift */; };
		F76F6F51212355E50072A392 /* UIViewControllerExtensions.swift in Sources */ = {isa = PBXBuildFile; fileRef = F76F6F50212355E50072A392 /* UIViewControllerExtensions.swift */; };
		F7E4D19A21232E9400285C11 /* ShowcasePictureController.swift in Sources */ = {isa = PBXBuildFile; fileRef = F7E4D19921232E9400285C11 /* ShowcasePictureController.swift */; };
/* End PBXBuildFile section */

/* Begin PBXContainerItemProxy section */
		463047081FBF38F9005F1106 /* PBXContainerItemProxy */ = {
			isa = PBXContainerItemProxy;
			containerPortal = 463046EB1FBF38F9005F1106 /* Project object */;
			proxyType = 1;
			remoteGlobalIDString = 463046F21FBF38F9005F1106;
			remoteInfo = "Template Project iOS";
		};
		463047131FBF38FA005F1106 /* PBXContainerItemProxy */ = {
			isa = PBXContainerItemProxy;
			containerPortal = 463046EB1FBF38F9005F1106 /* Project object */;
			proxyType = 1;
			remoteGlobalIDString = 463046F21FBF38F9005F1106;
			remoteInfo = "Template Project iOS";
		};
/* End PBXContainerItemProxy section */

/* Begin PBXFileReference section */
		23A755949F794A29B8937840 /* Pods-Template Project iOS.release.xcconfig */ = {isa = PBXFileReference; includeInIndex = 1; lastKnownFileType = text.xcconfig; name = "Pods-Template Project iOS.release.xcconfig"; path = "Pods/Target Support Files/Pods-Template Project iOS/Pods-Template Project iOS.release.xcconfig"; sourceTree = "<group>"; };
		463046F31FBF38F9005F1106 /* Template Project iOS.app */ = {isa = PBXFileReference; explicitFileType = wrapper.application; includeInIndex = 0; path = "Template Project iOS.app"; sourceTree = BUILT_PRODUCTS_DIR; };
		463046F61FBF38F9005F1106 /* AppDelegate.swift */ = {isa = PBXFileReference; lastKnownFileType = sourcecode.swift; path = AppDelegate.swift; sourceTree = "<group>"; };
		463046F81FBF38F9005F1106 /* ViewController.swift */ = {isa = PBXFileReference; lastKnownFileType = sourcecode.swift; path = ViewController.swift; sourceTree = "<group>"; };
		463046FD1FBF38F9005F1106 /* Assets.xcassets */ = {isa = PBXFileReference; lastKnownFileType = folder.assetcatalog; path = Assets.xcassets; sourceTree = "<group>"; };
		463047001FBF38F9005F1106 /* Base */ = {isa = PBXFileReference; lastKnownFileType = file.storyboard; name = Base; path = Base.lproj/LaunchScreen.storyboard; sourceTree = "<group>"; };
		463047021FBF38F9005F1106 /* Info.plist */ = {isa = PBXFileReference; lastKnownFileType = text.plist.xml; path = Info.plist; sourceTree = "<group>"; };
		463047071FBF38F9005F1106 /* Template Project iOSTests.xctest */ = {isa = PBXFileReference; explicitFileType = wrapper.cfbundle; includeInIndex = 0; path = "Template Project iOSTests.xctest"; sourceTree = BUILT_PRODUCTS_DIR; };
		4630470B1FBF38FA005F1106 /* Template_Project_iOSTests.swift */ = {isa = PBXFileReference; lastKnownFileType = sourcecode.swift; path = Template_Project_iOSTests.swift; sourceTree = "<group>"; };
		4630470D1FBF38FA005F1106 /* Info.plist */ = {isa = PBXFileReference; lastKnownFileType = text.plist.xml; path = Info.plist; sourceTree = "<group>"; };
		463047121FBF38FA005F1106 /* Template Project iOSUITests.xctest */ = {isa = PBXFileReference; explicitFileType = wrapper.cfbundle; includeInIndex = 0; path = "Template Project iOSUITests.xctest"; sourceTree = BUILT_PRODUCTS_DIR; };
		463047161FBF38FA005F1106 /* Template_Project_iOSUITests.swift */ = {isa = PBXFileReference; lastKnownFileType = sourcecode.swift; path = Template_Project_iOSUITests.swift; sourceTree = "<group>"; };
		463047181FBF38FA005F1106 /* Info.plist */ = {isa = PBXFileReference; lastKnownFileType = text.plist.xml; path = Info.plist; sourceTree = "<group>"; };
		469339BC2052ED9500A5B173 /* Lato-Black.ttf */ = {isa = PBXFileReference; lastKnownFileType = file; path = "Lato-Black.ttf"; sourceTree = "<group>"; };
		469339BD2052ED9500A5B173 /* Lato-BlackItalic.ttf */ = {isa = PBXFileReference; lastKnownFileType = file; path = "Lato-BlackItalic.ttf"; sourceTree = "<group>"; };
		469339BE2052ED9500A5B173 /* Lato-Bold.ttf */ = {isa = PBXFileReference; lastKnownFileType = file; path = "Lato-Bold.ttf"; sourceTree = "<group>"; };
		469339BF2052ED9500A5B173 /* Lato-BoldItalic.ttf */ = {isa = PBXFileReference; lastKnownFileType = file; path = "Lato-BoldItalic.ttf"; sourceTree = "<group>"; };
		469339C02052ED9500A5B173 /* Lato-Hairline.ttf */ = {isa = PBXFileReference; lastKnownFileType = file; path = "Lato-Hairline.ttf"; sourceTree = "<group>"; };
		469339C12052ED9500A5B173 /* Lato-HairlineItalic.ttf */ = {isa = PBXFileReference; lastKnownFileType = file; path = "Lato-HairlineItalic.ttf"; sourceTree = "<group>"; };
		469339C22052ED9500A5B173 /* Lato-Heavy.ttf */ = {isa = PBXFileReference; lastKnownFileType = file; path = "Lato-Heavy.ttf"; sourceTree = "<group>"; };
		469339C32052ED9500A5B173 /* Lato-HeavyItalic.ttf */ = {isa = PBXFileReference; lastKnownFileType = file; path = "Lato-HeavyItalic.ttf"; sourceTree = "<group>"; };
		469339C42052ED9500A5B173 /* Lato-Italic.ttf */ = {isa = PBXFileReference; lastKnownFileType = file; path = "Lato-Italic.ttf"; sourceTree = "<group>"; };
		469339C52052ED9500A5B173 /* Lato-Light.ttf */ = {isa = PBXFileReference; lastKnownFileType = file; path = "Lato-Light.ttf"; sourceTree = "<group>"; };
		469339C62052ED9500A5B173 /* Lato-LightItalic.ttf */ = {isa = PBXFileReference; lastKnownFileType = file; path = "Lato-LightItalic.ttf"; sourceTree = "<group>"; };
		469339C72052ED9500A5B173 /* Lato-Medium.ttf */ = {isa = PBXFileReference; lastKnownFileType = file; path = "Lato-Medium.ttf"; sourceTree = "<group>"; };
		469339C82052ED9500A5B173 /* Lato-MediumItalic.ttf */ = {isa = PBXFileReference; lastKnownFileType = file; path = "Lato-MediumItalic.ttf"; sourceTree = "<group>"; };
		469339C92052ED9500A5B173 /* Lato-Regular.ttf */ = {isa = PBXFileReference; lastKnownFileType = file; path = "Lato-Regular.ttf"; sourceTree = "<group>"; };
		469339CA2052ED9500A5B173 /* Lato-Semibold.ttf */ = {isa = PBXFileReference; lastKnownFileType = file; path = "Lato-Semibold.ttf"; sourceTree = "<group>"; };
		469339CB2052ED9500A5B173 /* Lato-SemiboldItalic.ttf */ = {isa = PBXFileReference; lastKnownFileType = file; path = "Lato-SemiboldItalic.ttf"; sourceTree = "<group>"; };
		469339CC2052ED9500A5B173 /* Lato-Thin.ttf */ = {isa = PBXFileReference; lastKnownFileType = file; path = "Lato-Thin.ttf"; sourceTree = "<group>"; };
		469339CD2052ED9500A5B173 /* Lato-ThinItalic.ttf */ = {isa = PBXFileReference; lastKnownFileType = file; path = "Lato-ThinItalic.ttf"; sourceTree = "<group>"; };
		469339CE2052ED9500A5B173 /* Montserrat-Black.otf */ = {isa = PBXFileReference; lastKnownFileType = file; path = "Montserrat-Black.otf"; sourceTree = "<group>"; };
		469339CF2052ED9500A5B173 /* Montserrat-Bold.otf */ = {isa = PBXFileReference; lastKnownFileType = file; path = "Montserrat-Bold.otf"; sourceTree = "<group>"; };
		469339D02052ED9500A5B173 /* Montserrat-ExtraBold.otf */ = {isa = PBXFileReference; lastKnownFileType = file; path = "Montserrat-ExtraBold.otf"; sourceTree = "<group>"; };
		469339D12052ED9500A5B173 /* Montserrat-ExtraLight.otf */ = {isa = PBXFileReference; lastKnownFileType = file; path = "Montserrat-ExtraLight.otf"; sourceTree = "<group>"; };
		469339D22052ED9500A5B173 /* Montserrat-Light.otf */ = {isa = PBXFileReference; lastKnownFileType = file; path = "Montserrat-Light.otf"; sourceTree = "<group>"; };
		469339D32052ED9500A5B173 /* Montserrat-Medium.otf */ = {isa = PBXFileReference; lastKnownFileType = file; path = "Montserrat-Medium.otf"; sourceTree = "<group>"; };
		469339D42052ED9500A5B173 /* Montserrat-Regular.otf */ = {isa = PBXFileReference; lastKnownFileType = file; path = "Montserrat-Regular.otf"; sourceTree = "<group>"; };
		469339D52052ED9500A5B173 /* Montserrat-SemiBold.otf */ = {isa = PBXFileReference; lastKnownFileType = file; path = "Montserrat-SemiBold.otf"; sourceTree = "<group>"; };
		469339D62052ED9500A5B173 /* Montserrat-Thin.otf */ = {isa = PBXFileReference; lastKnownFileType = file; path = "Montserrat-Thin.otf"; sourceTree = "<group>"; };
		469339D72052ED9500A5B173 /* MontserratAlternates-Black.otf */ = {isa = PBXFileReference; lastKnownFileType = file; path = "MontserratAlternates-Black.otf"; sourceTree = "<group>"; };
		469339D82052ED9500A5B173 /* MontserratAlternates-Bold.otf */ = {isa = PBXFileReference; lastKnownFileType = file; path = "MontserratAlternates-Bold.otf"; sourceTree = "<group>"; };
		469339D92052ED9500A5B173 /* MontserratAlternates-ExtraBold.otf */ = {isa = PBXFileReference; lastKnownFileType = file; path = "MontserratAlternates-ExtraBold.otf"; sourceTree = "<group>"; };
		469339DA2052ED9500A5B173 /* MontserratAlternates-ExtraLight.otf */ = {isa = PBXFileReference; lastKnownFileType = file; path = "MontserratAlternates-ExtraLight.otf"; sourceTree = "<group>"; };
		469339DB2052ED9500A5B173 /* MontserratAlternates-Light.otf */ = {isa = PBXFileReference; lastKnownFileType = file; path = "MontserratAlternates-Light.otf"; sourceTree = "<group>"; };
		469339DC2052ED9500A5B173 /* MontserratAlternates-Medium.otf */ = {isa = PBXFileReference; lastKnownFileType = file; path = "MontserratAlternates-Medium.otf"; sourceTree = "<group>"; };
		469339DD2052ED9500A5B173 /* MontserratAlternates-Regular.otf */ = {isa = PBXFileReference; lastKnownFileType = file; path = "MontserratAlternates-Regular.otf"; sourceTree = "<group>"; };
		469339DE2052ED9500A5B173 /* MontserratAlternates-SemiBold.otf */ = {isa = PBXFileReference; lastKnownFileType = file; path = "MontserratAlternates-SemiBold.otf"; sourceTree = "<group>"; };
		469339DF2052ED9500A5B173 /* MontserratAlternates-Thin.otf */ = {isa = PBXFileReference; lastKnownFileType = file; path = "MontserratAlternates-Thin.otf"; sourceTree = "<group>"; };
		469339E02052ED9500A5B173 /* Ubuntu-Bold.ttf */ = {isa = PBXFileReference; lastKnownFileType = file; path = "Ubuntu-Bold.ttf"; sourceTree = "<group>"; };
		469339E12052ED9500A5B173 /* Ubuntu-BoldItalic.ttf */ = {isa = PBXFileReference; lastKnownFileType = file; path = "Ubuntu-BoldItalic.ttf"; sourceTree = "<group>"; };
		469339E22052ED9500A5B173 /* Ubuntu-Italic.ttf */ = {isa = PBXFileReference; lastKnownFileType = file; path = "Ubuntu-Italic.ttf"; sourceTree = "<group>"; };
		469339E32052ED9500A5B173 /* Ubuntu-Light.ttf */ = {isa = PBXFileReference; lastKnownFileType = file; path = "Ubuntu-Light.ttf"; sourceTree = "<group>"; };
		469339E42052ED9500A5B173 /* Ubuntu-LightItalic.ttf */ = {isa = PBXFileReference; lastKnownFileType = file; path = "Ubuntu-LightItalic.ttf"; sourceTree = "<group>"; };
		469339E52052ED9500A5B173 /* Ubuntu-Medium.ttf */ = {isa = PBXFileReference; lastKnownFileType = file; path = "Ubuntu-Medium.ttf"; sourceTree = "<group>"; };
		469339E62052ED9500A5B173 /* Ubuntu-MediumItalic.ttf */ = {isa = PBXFileReference; lastKnownFileType = file; path = "Ubuntu-MediumItalic.ttf"; sourceTree = "<group>"; };
		469339E72052ED9500A5B173 /* Ubuntu-Regular.ttf */ = {isa = PBXFileReference; lastKnownFileType = file; path = "Ubuntu-Regular.ttf"; sourceTree = "<group>"; };
		68DD749026B29B145A32665D /* Pods-Template Project iOS.debug.xcconfig */ = {isa = PBXFileReference; includeInIndex = 1; lastKnownFileType = text.xcconfig; name = "Pods-Template Project iOS.debug.xcconfig"; path = "Pods/Target Support Files/Pods-Template Project iOS/Pods-Template Project iOS.debug.xcconfig"; sourceTree = "<group>"; };
		E8D316A903FF2B7232A0C410 /* Pods_Template_Project_iOS.framework */ = {isa = PBXFileReference; explicitFileType = wrapper.framework; includeInIndex = 0; path = Pods_Template_Project_iOS.framework; sourceTree = BUILT_PRODUCTS_DIR; };
		F70DFBC921232434004ADAA1 /* TopSelector.swift */ = {isa = PBXFileReference; fileEncoding = 4; lastKnownFileType = sourcecode.swift; path = TopSelector.swift; sourceTree = "<group>"; };
		F70DFBCA21232434004ADAA1 /* StatisticsTopController.swift */ = {isa = PBXFileReference; fileEncoding = 4; lastKnownFileType = sourcecode.swift; path = StatisticsTopController.swift; sourceTree = "<group>"; };
		F70DFBCC21232434004ADAA1 /* GoogleMapTools.swift */ = {isa = PBXFileReference; fileEncoding = 4; lastKnownFileType = sourcecode.swift; path = GoogleMapTools.swift; sourceTree = "<group>"; };
		F70DFBCE21232434004ADAA1 /* loadingIndicator.swift */ = {isa = PBXFileReference; fileEncoding = 4; lastKnownFileType = sourcecode.swift; path = loadingIndicator.swift; sourceTree = "<group>"; };
		F70DFBD021232434004ADAA1 /* Images.swift */ = {isa = PBXFileReference; fileEncoding = 4; lastKnownFileType = sourcecode.swift; path = Images.swift; sourceTree = "<group>"; };
		F70DFBD121232434004ADAA1 /* UIImageTools.swift */ = {isa = PBXFileReference; fileEncoding = 4; lastKnownFileType = sourcecode.swift; path = UIImageTools.swift; sourceTree = "<group>"; };
		F70DFBD321232434004ADAA1 /* DateHelper.swift */ = {isa = PBXFileReference; fileEncoding = 4; lastKnownFileType = sourcecode.swift; path = DateHelper.swift; sourceTree = "<group>"; };
		F70DFBD421232434004ADAA1 /* CalendarTools.swift */ = {isa = PBXFileReference; fileEncoding = 4; lastKnownFileType = sourcecode.swift; path = CalendarTools.swift; sourceTree = "<group>"; };
		F70DFBD621232434004ADAA1 /* LineGraph.swift */ = {isa = PBXFileReference; fileEncoding = 4; lastKnownFileType = sourcecode.swift; path = LineGraph.swift; sourceTree = "<group>"; };
		F70DFBD721232434004ADAA1 /* StripeGraph.swift */ = {isa = PBXFileReference; fileEncoding = 4; lastKnownFileType = sourcecode.swift; path = StripeGraph.swift; sourceTree = "<group>"; };
		F70DFBD921232434004ADAA1 /* NavigationTools.swift */ = {isa = PBXFileReference; fileEncoding = 4; lastKnownFileType = sourcecode.swift; path = NavigationTools.swift; sourceTree = "<group>"; };
		F70DFBDB21232434004ADAA1 /* CircleGesture.swift */ = {isa = PBXFileReference; fileEncoding = 4; lastKnownFileType = sourcecode.swift; path = CircleGesture.swift; sourceTree = "<group>"; };
		F70DFBDD21232434004ADAA1 /* TextViewTools.swift */ = {isa = PBXFileReference; fileEncoding = 4; lastKnownFileType = sourcecode.swift; path = TextViewTools.swift; sourceTree = "<group>"; };
		F70DFBDE21232434004ADAA1 /* UIScrollViewTools.swift */ = {isa = PBXFileReference; fileEncoding = 4; lastKnownFileType = sourcecode.swift; path = UIScrollViewTools.swift; sourceTree = "<group>"; };
		F70DFBDF21232434004ADAA1 /* UIViewControllerTools.swift */ = {isa = PBXFileReference; fileEncoding = 4; lastKnownFileType = sourcecode.swift; path = UIViewControllerTools.swift; sourceTree = "<group>"; };
		F70DFBE021232434004ADAA1 /* ProgressBar.swift */ = {isa = PBXFileReference; fileEncoding = 4; lastKnownFileType = sourcecode.swift; path = ProgressBar.swift; sourceTree = "<group>"; };
		F70DFBE121232434004ADAA1 /* UIViewTools.swift */ = {isa = PBXFileReference; fileEncoding = 4; lastKnownFileType = sourcecode.swift; path = UIViewTools.swift; sourceTree = "<group>"; };
		F70DFBE221232434004ADAA1 /* TextFieldsTools.swift */ = {isa = PBXFileReference; fileEncoding = 4; lastKnownFileType = sourcecode.swift; path = TextFieldsTools.swift; sourceTree = "<group>"; };
		F70DFBE321232434004ADAA1 /* UILabelTools.swift */ = {isa = PBXFileReference; fileEncoding = 4; lastKnownFileType = sourcecode.swift; path = UILabelTools.swift; sourceTree = "<group>"; };
		F70DFBE421232434004ADAA1 /* PieChart.swift */ = {isa = PBXFileReference; fileEncoding = 4; lastKnownFileType = sourcecode.swift; path = PieChart.swift; sourceTree = "<group>"; };
		F70DFBE521232434004ADAA1 /* UITableViewTools.swift */ = {isa = PBXFileReference; fileEncoding = 4; lastKnownFileType = sourcecode.swift; path = UITableViewTools.swift; sourceTree = "<group>"; };
		F70DFBE621232434004ADAA1 /* DottedLine.swift */ = {isa = PBXFileReference; fileEncoding = 4; lastKnownFileType = sourcecode.swift; path = DottedLine.swift; sourceTree = "<group>"; };
		F70DFBE821232434004ADAA1 /* LocalHelper.swift */ = {isa = PBXFileReference; fileEncoding = 4; lastKnownFileType = sourcecode.swift; path = LocalHelper.swift; sourceTree = "<group>"; };
		F70DFBEA21232434004ADAA1 /* Utility.swift */ = {isa = PBXFileReference; fileEncoding = 4; lastKnownFileType = sourcecode.swift; path = Utility.swift; sourceTree = "<group>"; };
		F70DFBEB21232434004ADAA1 /* SafeAreaGuideExemple.swift */ = {isa = PBXFileReference; fileEncoding = 4; lastKnownFileType = sourcecode.swift; path = SafeAreaGuideExemple.swift; sourceTree = "<group>"; };
		F70DFBED21232434004ADAA1 /* StripeClass.swift */ = {isa = PBXFileReference; fileEncoding = 4; lastKnownFileType = sourcecode.swift; path = StripeClass.swift; sourceTree = "<group>"; };
		F70DFBEF21232434004ADAA1 /* IntTools.swift */ = {isa = PBXFileReference; fileEncoding = 4; lastKnownFileType = sourcecode.swift; path = IntTools.swift; sourceTree = "<group>"; };
		F70DFBF021232434004ADAA1 /* FloatTools.swift */ = {isa = PBXFileReference; fileEncoding = 4; lastKnownFileType = sourcecode.swift; path = FloatTools.swift; sourceTree = "<group>"; };
		F70DFBF121232434004ADAA1 /* StringTools.swift */ = {isa = PBXFileReference; fileEncoding = 4; lastKnownFileType = sourcecode.swift; path = StringTools.swift; sourceTree = "<group>"; };
		F70DFBF221232434004ADAA1 /* ArrayTools.swift */ = {isa = PBXFileReference; fileEncoding = 4; lastKnownFileType = sourcecode.swift; path = ArrayTools.swift; sourceTree = "<group>"; };
		F70DFBF321232434004ADAA1 /* NSNumberTools.swift */ = {isa = PBXFileReference; fileEncoding = 4; lastKnownFileType = sourcecode.swift; path = NSNumberTools.swift; sourceTree = "<group>"; };
		F70DFBF421232434004ADAA1 /* ColorTools.swift */ = {isa = PBXFileReference; fileEncoding = 4; lastKnownFileType = sourcecode.swift; path = ColorTools.swift; sourceTree = "<group>"; };
		F70DFBF521232434004ADAA1 /* AttributedStringTools.swift */ = {isa = PBXFileReference; fileEncoding = 4; lastKnownFileType = sourcecode.swift; path = AttributedStringTools.swift; sourceTree = "<group>"; };
		F70DFBF621232434004ADAA1 /* DoubleTools.swift */ = {isa = PBXFileReference; fileEncoding = 4; lastKnownFileType = sourcecode.swift; path = DoubleTools.swift; sourceTree = "<group>"; };
		F70DFC1C21232708004ADAA1 /* Global.swift */ = {isa = PBXFileReference; lastKnownFileType = sourcecode.swift; path = Global.swift; sourceTree = "<group>"; };
		F70DFC1E2123277D004ADAA1 /* SwipePageController.swift */ = {isa = PBXFileReference; lastKnownFileType = sourcecode.swift; path = SwipePageController.swift; sourceTree = "<group>"; };
		F76F6F50212355E50072A392 /* UIViewControllerExtensions.swift */ = {isa = PBXFileReference; lastKnownFileType = sourcecode.swift; path = UIViewControllerExtensions.swift; sourceTree = "<group>"; };
		F7E4D19921232E9400285C11 /* ShowcasePictureController.swift */ = {isa = PBXFileReference; lastKnownFileType = sourcecode.swift; path = ShowcasePictureController.swift; sourceTree = "<group>"; };
/* End PBXFileReference section */

/* Begin PBXFrameworksBuildPhase section */
		463046F01FBF38F9005F1106 /* Frameworks */ = {
			isa = PBXFrameworksBuildPhase;
			buildActionMask = 2147483647;
			files = (
				0C70DC7FAC23744A5F502421 /* Pods_Template_Project_iOS.framework in Frameworks */,
			);
			runOnlyForDeploymentPostprocessing = 0;
		};
		463047041FBF38F9005F1106 /* Frameworks */ = {
			isa = PBXFrameworksBuildPhase;
			buildActionMask = 2147483647;
			files = (
			);
			runOnlyForDeploymentPostprocessing = 0;
		};
		4630470F1FBF38FA005F1106 /* Frameworks */ = {
			isa = PBXFrameworksBuildPhase;
			buildActionMask = 2147483647;
			files = (
			);
			runOnlyForDeploymentPostprocessing = 0;
		};
/* End PBXFrameworksBuildPhase section */

/* Begin PBXGroup section */
		3DDF2A7F6543B2C67497AAC6 /* Pods */ = {
			isa = PBXGroup;
			children = (
				68DD749026B29B145A32665D /* Pods-Template Project iOS.debug.xcconfig */,
				23A755949F794A29B8937840 /* Pods-Template Project iOS.release.xcconfig */,
			);
			name = Pods;
			sourceTree = "<group>";
		};
		463046EA1FBF38F9005F1106 = {
			isa = PBXGroup;
			children = (
				463046F51FBF38F9005F1106 /* Template Project iOS */,
				4630470A1FBF38FA005F1106 /* Template Project iOSTests */,
				463047151FBF38FA005F1106 /* Template Project iOSUITests */,
				463046F41FBF38F9005F1106 /* Products */,
				3DDF2A7F6543B2C67497AAC6 /* Pods */,
				A9D64B94FD0240B98E437BB7 /* Frameworks */,
			);
			sourceTree = "<group>";
		};
		463046F41FBF38F9005F1106 /* Products */ = {
			isa = PBXGroup;
			children = (
				463046F31FBF38F9005F1106 /* Template Project iOS.app */,
				463047071FBF38F9005F1106 /* Template Project iOSTests.xctest */,
				463047121FBF38FA005F1106 /* Template Project iOSUITests.xctest */,
			);
			name = Products;
			sourceTree = "<group>";
		};
		463046F51FBF38F9005F1106 /* Template Project iOS */ = {
			isa = PBXGroup;
			children = (
				F70DFC1921232683004ADAA1 /* ArtifexImageShowcase */,
				F70DFBC721232434004ADAA1 /* Tools */,
				469339BB2052ED9500A5B173 /* Fonts */,
				463046F61FBF38F9005F1106 /* AppDelegate.swift */,
				463046F81FBF38F9005F1106 /* ViewController.swift */,
				463046FD1FBF38F9005F1106 /* Assets.xcassets */,
				463046FF1FBF38F9005F1106 /* LaunchScreen.storyboard */,
				463047021FBF38F9005F1106 /* Info.plist */,
				F70DFC1C21232708004ADAA1 /* Global.swift */,
			);
			path = "Template Project iOS";
			sourceTree = "<group>";
		};
		4630470A1FBF38FA005F1106 /* Template Project iOSTests */ = {
			isa = PBXGroup;
			children = (
				4630470B1FBF38FA005F1106 /* Template_Project_iOSTests.swift */,
				4630470D1FBF38FA005F1106 /* Info.plist */,
			);
			path = "Template Project iOSTests";
			sourceTree = "<group>";
		};
		463047151FBF38FA005F1106 /* Template Project iOSUITests */ = {
			isa = PBXGroup;
			children = (
				463047161FBF38FA005F1106 /* Template_Project_iOSUITests.swift */,
				463047181FBF38FA005F1106 /* Info.plist */,
			);
			path = "Template Project iOSUITests";
			sourceTree = "<group>";
		};
		469339BB2052ED9500A5B173 /* Fonts */ = {
			isa = PBXGroup;
			children = (
				469339BC2052ED9500A5B173 /* Lato-Black.ttf */,
				469339BD2052ED9500A5B173 /* Lato-BlackItalic.ttf */,
				469339BE2052ED9500A5B173 /* Lato-Bold.ttf */,
				469339BF2052ED9500A5B173 /* Lato-BoldItalic.ttf */,
				469339C02052ED9500A5B173 /* Lato-Hairline.ttf */,
				469339C12052ED9500A5B173 /* Lato-HairlineItalic.ttf */,
				469339C22052ED9500A5B173 /* Lato-Heavy.ttf */,
				469339C32052ED9500A5B173 /* Lato-HeavyItalic.ttf */,
				469339C42052ED9500A5B173 /* Lato-Italic.ttf */,
				469339C52052ED9500A5B173 /* Lato-Light.ttf */,
				469339C62052ED9500A5B173 /* Lato-LightItalic.ttf */,
				469339C72052ED9500A5B173 /* Lato-Medium.ttf */,
				469339C82052ED9500A5B173 /* Lato-MediumItalic.ttf */,
				469339C92052ED9500A5B173 /* Lato-Regular.ttf */,
				469339CA2052ED9500A5B173 /* Lato-Semibold.ttf */,
				469339CB2052ED9500A5B173 /* Lato-SemiboldItalic.ttf */,
				469339CC2052ED9500A5B173 /* Lato-Thin.ttf */,
				469339CD2052ED9500A5B173 /* Lato-ThinItalic.ttf */,
				469339CE2052ED9500A5B173 /* Montserrat-Black.otf */,
				469339CF2052ED9500A5B173 /* Montserrat-Bold.otf */,
				469339D02052ED9500A5B173 /* Montserrat-ExtraBold.otf */,
				469339D12052ED9500A5B173 /* Montserrat-ExtraLight.otf */,
				469339D22052ED9500A5B173 /* Montserrat-Light.otf */,
				469339D32052ED9500A5B173 /* Montserrat-Medium.otf */,
				469339D42052ED9500A5B173 /* Montserrat-Regular.otf */,
				469339D52052ED9500A5B173 /* Montserrat-SemiBold.otf */,
				469339D62052ED9500A5B173 /* Montserrat-Thin.otf */,
				469339D72052ED9500A5B173 /* MontserratAlternates-Black.otf */,
				469339D82052ED9500A5B173 /* MontserratAlternates-Bold.otf */,
				469339D92052ED9500A5B173 /* MontserratAlternates-ExtraBold.otf */,
				469339DA2052ED9500A5B173 /* MontserratAlternates-ExtraLight.otf */,
				469339DB2052ED9500A5B173 /* MontserratAlternates-Light.otf */,
				469339DC2052ED9500A5B173 /* MontserratAlternates-Medium.otf */,
				469339DD2052ED9500A5B173 /* MontserratAlternates-Regular.otf */,
				469339DE2052ED9500A5B173 /* MontserratAlternates-SemiBold.otf */,
				469339DF2052ED9500A5B173 /* MontserratAlternates-Thin.otf */,
				469339E02052ED9500A5B173 /* Ubuntu-Bold.ttf */,
				469339E12052ED9500A5B173 /* Ubuntu-BoldItalic.ttf */,
				469339E22052ED9500A5B173 /* Ubuntu-Italic.ttf */,
				469339E32052ED9500A5B173 /* Ubuntu-Light.ttf */,
				469339E42052ED9500A5B173 /* Ubuntu-LightItalic.ttf */,
				469339E52052ED9500A5B173 /* Ubuntu-Medium.ttf */,
				469339E62052ED9500A5B173 /* Ubuntu-MediumItalic.ttf */,
				469339E72052ED9500A5B173 /* Ubuntu-Regular.ttf */,
			);
			path = Fonts;
			sourceTree = "<group>";
		};
		A9D64B94FD0240B98E437BB7 /* Frameworks */ = {
			isa = PBXGroup;
			children = (
				E8D316A903FF2B7232A0C410 /* Pods_Template_Project_iOS.framework */,
			);
			name = Frameworks;
			sourceTree = "<group>";
		};
		F70DFBC721232434004ADAA1 /* Tools */ = {
			isa = PBXGroup;
			children = (
				F70DFBC821232434004ADAA1 /* Segmented Controller */,
				F70DFBCB21232434004ADAA1 /* Maps */,
				F70DFBCD21232434004ADAA1 /* Loading */,
				F70DFBCF21232434004ADAA1 /* Images */,
				F70DFBD221232434004ADAA1 /* Date */,
				F70DFBD521232434004ADAA1 /* Graph */,
				F70DFBD821232434004ADAA1 /* Navigation */,
				F70DFBDA21232434004ADAA1 /* Gestures */,
				F70DFBDC21232434004ADAA1 /* Views */,
				F70DFBE721232434004ADAA1 /* Helpers */,
				F70DFBE921232434004ADAA1 /* Global Utility */,
				F70DFBEC21232434004ADAA1 /* Stripe */,
				F70DFBEE21232434004ADAA1 /* Utility */,
			);
			path = Tools;
			sourceTree = "<group>";
		};
		F70DFBC821232434004ADAA1 /* Segmented Controller */ = {
			isa = PBXGroup;
			children = (
				F70DFBC921232434004ADAA1 /* TopSelector.swift */,
				F70DFBCA21232434004ADAA1 /* StatisticsTopController.swift */,
			);
			path = "Segmented Controller";
			sourceTree = "<group>";
		};
		F70DFBCB21232434004ADAA1 /* Maps */ = {
			isa = PBXGroup;
			children = (
				F70DFBCC21232434004ADAA1 /* GoogleMapTools.swift */,
			);
			path = Maps;
			sourceTree = "<group>";
		};
		F70DFBCD21232434004ADAA1 /* Loading */ = {
			isa = PBXGroup;
			children = (
				F70DFBCE21232434004ADAA1 /* loadingIndicator.swift */,
			);
			path = Loading;
			sourceTree = "<group>";
		};
		F70DFBCF21232434004ADAA1 /* Images */ = {
			isa = PBXGroup;
			children = (
				F70DFBD021232434004ADAA1 /* Images.swift */,
				F70DFBD121232434004ADAA1 /* UIImageTools.swift */,
			);
			path = Images;
			sourceTree = "<group>";
		};
		F70DFBD221232434004ADAA1 /* Date */ = {
			isa = PBXGroup;
			children = (
				F70DFBD321232434004ADAA1 /* DateHelper.swift */,
				F70DFBD421232434004ADAA1 /* CalendarTools.swift */,
			);
			path = Date;
			sourceTree = "<group>";
		};
		F70DFBD521232434004ADAA1 /* Graph */ = {
			isa = PBXGroup;
			children = (
				F70DFBD621232434004ADAA1 /* LineGraph.swift */,
				F70DFBD721232434004ADAA1 /* StripeGraph.swift */,
			);
			path = Graph;
			sourceTree = "<group>";
		};
		F70DFBD821232434004ADAA1 /* Navigation */ = {
			isa = PBXGroup;
			children = (
				F70DFBD921232434004ADAA1 /* NavigationTools.swift */,
			);
			path = Navigation;
			sourceTree = "<group>";
		};
		F70DFBDA21232434004ADAA1 /* Gestures */ = {
			isa = PBXGroup;
			children = (
				F70DFBDB21232434004ADAA1 /* CircleGesture.swift */,
			);
			path = Gestures;
			sourceTree = "<group>";
		};
		F70DFBDC21232434004ADAA1 /* Views */ = {
			isa = PBXGroup;
			children = (
				F70DFBDD21232434004ADAA1 /* TextViewTools.swift */,
				F70DFBDE21232434004ADAA1 /* UIScrollViewTools.swift */,
				F70DFBDF21232434004ADAA1 /* UIViewControllerTools.swift */,
				F70DFBE021232434004ADAA1 /* ProgressBar.swift */,
				F70DFBE121232434004ADAA1 /* UIViewTools.swift */,
				F70DFBE221232434004ADAA1 /* TextFieldsTools.swift */,
				F70DFBE321232434004ADAA1 /* UILabelTools.swift */,
				F70DFBE421232434004ADAA1 /* PieChart.swift */,
				F70DFBE521232434004ADAA1 /* UITableViewTools.swift */,
				F70DFBE621232434004ADAA1 /* DottedLine.swift */,
			);
			path = Views;
			sourceTree = "<group>";
		};
		F70DFBE721232434004ADAA1 /* Helpers */ = {
			isa = PBXGroup;
			children = (
				F70DFBE821232434004ADAA1 /* LocalHelper.swift */,
			);
			path = Helpers;
			sourceTree = "<group>";
		};
		F70DFBE921232434004ADAA1 /* Global Utility */ = {
			isa = PBXGroup;
			children = (
				F70DFBEA21232434004ADAA1 /* Utility.swift */,
				F70DFBEB21232434004ADAA1 /* SafeAreaGuideExemple.swift */,
			);
			path = "Global Utility";
			sourceTree = "<group>";
		};
		F70DFBEC21232434004ADAA1 /* Stripe */ = {
			isa = PBXGroup;
			children = (
				F70DFBED21232434004ADAA1 /* StripeClass.swift */,
			);
			path = Stripe;
			sourceTree = "<group>";
		};
		F70DFBEE21232434004ADAA1 /* Utility */ = {
			isa = PBXGroup;
			children = (
				F70DFBEF21232434004ADAA1 /* IntTools.swift */,
				F70DFBF021232434004ADAA1 /* FloatTools.swift */,
				F70DFBF121232434004ADAA1 /* StringTools.swift */,
				F70DFBF221232434004ADAA1 /* ArrayTools.swift */,
				F70DFBF321232434004ADAA1 /* NSNumberTools.swift */,
				F70DFBF421232434004ADAA1 /* ColorTools.swift */,
				F70DFBF521232434004ADAA1 /* AttributedStringTools.swift */,
				F70DFBF621232434004ADAA1 /* DoubleTools.swift */,
			);
			path = Utility;
			sourceTree = "<group>";
		};
		F70DFC1921232683004ADAA1 /* ArtifexImageShowcase */ = {
			isa = PBXGroup;
			children = (
				F70DFC1E2123277D004ADAA1 /* SwipePageController.swift */,
				F7E4D19921232E9400285C11 /* ShowcasePictureController.swift */,
				F76F6F50212355E50072A392 /* UIViewControllerExtensions.swift */,
			);
			path = ArtifexImageShowcase;
			sourceTree = "<group>";
		};
/* End PBXGroup section */

/* Begin PBXNativeTarget section */
		463046F21FBF38F9005F1106 /* Template Project iOS */ = {
			isa = PBXNativeTarget;
			buildConfigurationList = 4630471B1FBF38FA005F1106 /* Build configuration list for PBXNativeTarget "Template Project iOS" */;
			buildPhases = (
				747BF5959DF87D3786B5EE92 /* [CP] Check Pods Manifest.lock */,
				463046EF1FBF38F9005F1106 /* Sources */,
				463046F01FBF38F9005F1106 /* Frameworks */,
				463046F11FBF38F9005F1106 /* Resources */,
				70257AF2A4A2127A3F677CF2 /* [CP] Embed Pods Frameworks */,
				395AB406427767A89D150A1E /* [CP] Copy Pods Resources */,
			);
			buildRules = (
			);
			dependencies = (
			);
			name = "Template Project iOS";
			productName = "Template Project iOS";
			productReference = 463046F31FBF38F9005F1106 /* Template Project iOS.app */;
			productType = "com.apple.product-type.application";
		};
		463047061FBF38F9005F1106 /* Template Project iOSTests */ = {
			isa = PBXNativeTarget;
			buildConfigurationList = 4630471E1FBF38FA005F1106 /* Build configuration list for PBXNativeTarget "Template Project iOSTests" */;
			buildPhases = (
				463047031FBF38F9005F1106 /* Sources */,
				463047041FBF38F9005F1106 /* Frameworks */,
				463047051FBF38F9005F1106 /* Resources */,
			);
			buildRules = (
			);
			dependencies = (
				463047091FBF38F9005F1106 /* PBXTargetDependency */,
			);
			name = "Template Project iOSTests";
			productName = "Template Project iOSTests";
			productReference = 463047071FBF38F9005F1106 /* Template Project iOSTests.xctest */;
			productType = "com.apple.product-type.bundle.unit-test";
		};
		463047111FBF38FA005F1106 /* Template Project iOSUITests */ = {
			isa = PBXNativeTarget;
			buildConfigurationList = 463047211FBF38FA005F1106 /* Build configuration list for PBXNativeTarget "Template Project iOSUITests" */;
			buildPhases = (
				4630470E1FBF38FA005F1106 /* Sources */,
				4630470F1FBF38FA005F1106 /* Frameworks */,
				463047101FBF38FA005F1106 /* Resources */,
			);
			buildRules = (
			);
			dependencies = (
				463047141FBF38FA005F1106 /* PBXTargetDependency */,
			);
			name = "Template Project iOSUITests";
			productName = "Template Project iOSUITests";
			productReference = 463047121FBF38FA005F1106 /* Template Project iOSUITests.xctest */;
			productType = "com.apple.product-type.bundle.ui-testing";
		};
/* End PBXNativeTarget section */

/* Begin PBXProject section */
		463046EB1FBF38F9005F1106 /* Project object */ = {
			isa = PBXProject;
			attributes = {
				LastSwiftUpdateCheck = 0910;
				LastUpgradeCheck = 0910;
				ORGANIZATIONNAME = "Guillaume Jette";
				TargetAttributes = {
					463046F21FBF38F9005F1106 = {
						CreatedOnToolsVersion = 9.1;
						ProvisioningStyle = Automatic;
					};
					463047061FBF38F9005F1106 = {
						CreatedOnToolsVersion = 9.1;
						ProvisioningStyle = Automatic;
						TestTargetID = 463046F21FBF38F9005F1106;
					};
					463047111FBF38FA005F1106 = {
						CreatedOnToolsVersion = 9.1;
						ProvisioningStyle = Automatic;
						TestTargetID = 463046F21FBF38F9005F1106;
					};
				};
			};
			buildConfigurationList = 463046EE1FBF38F9005F1106 /* Build configuration list for PBXProject "Template Project iOS" */;
			compatibilityVersion = "Xcode 8.0";
			developmentRegion = en;
			hasScannedForEncodings = 0;
			knownRegions = (
				en,
				Base,
			);
			mainGroup = 463046EA1FBF38F9005F1106;
			productRefGroup = 463046F41FBF38F9005F1106 /* Products */;
			projectDirPath = "";
			projectRoot = "";
			targets = (
				463046F21FBF38F9005F1106 /* Template Project iOS */,
				463047061FBF38F9005F1106 /* Template Project iOSTests */,
				463047111FBF38FA005F1106 /* Template Project iOSUITests */,
			);
		};
/* End PBXProject section */

/* Begin PBXResourcesBuildPhase section */
		463046F11FBF38F9005F1106 /* Resources */ = {
			isa = PBXResourcesBuildPhase;
			buildActionMask = 2147483647;
			files = (
				469339FC2052ED9500A5B173 /* Montserrat-ExtraBold.otf in Resources */,
				469339EE2052ED9500A5B173 /* Lato-Heavy.ttf in Resources */,
				46933A092052ED9500A5B173 /* MontserratAlternates-Regular.otf in Resources */,
				469339F92052ED9500A5B173 /* Lato-ThinItalic.ttf in Resources */,
				469339F12052ED9500A5B173 /* Lato-Light.ttf in Resources */,
				46933A042052ED9500A5B173 /* MontserratAlternates-Bold.otf in Resources */,
				469339E82052ED9500A5B173 /* Lato-Black.ttf in Resources */,
				469339EA2052ED9500A5B173 /* Lato-Bold.ttf in Resources */,
				46933A0B2052ED9500A5B173 /* MontserratAlternates-Thin.otf in Resources */,
				463047011FBF38F9005F1106 /* LaunchScreen.storyboard in Resources */,
				46933A072052ED9500A5B173 /* MontserratAlternates-Light.otf in Resources */,
				46933A112052ED9500A5B173 /* Ubuntu-Medium.ttf in Resources */,
				469339F42052ED9500A5B173 /* Lato-MediumItalic.ttf in Resources */,
				46933A082052ED9500A5B173 /* MontserratAlternates-Medium.otf in Resources */,
				46933A0A2052ED9500A5B173 /* MontserratAlternates-SemiBold.otf in Resources */,
				469339F72052ED9500A5B173 /* Lato-SemiboldItalic.ttf in Resources */,
				46933A122052ED9500A5B173 /* Ubuntu-MediumItalic.ttf in Resources */,
				46933A032052ED9500A5B173 /* MontserratAlternates-Black.otf in Resources */,
				469339FD2052ED9500A5B173 /* Montserrat-ExtraLight.otf in Resources */,
				469339E92052ED9500A5B173 /* Lato-BlackItalic.ttf in Resources */,
				469339FB2052ED9500A5B173 /* Montserrat-Bold.otf in Resources */,
				46933A012052ED9500A5B173 /* Montserrat-SemiBold.otf in Resources */,
				46933A0C2052ED9500A5B173 /* Ubuntu-Bold.ttf in Resources */,
				469339EF2052ED9500A5B173 /* Lato-HeavyItalic.ttf in Resources */,
				46933A0F2052ED9500A5B173 /* Ubuntu-Light.ttf in Resources */,
				463046FE1FBF38F9005F1106 /* Assets.xcassets in Resources */,
				46933A102052ED9500A5B173 /* Ubuntu-LightItalic.ttf in Resources */,
				469339ED2052ED9500A5B173 /* Lato-HairlineItalic.ttf in Resources */,
				469339FA2052ED9500A5B173 /* Montserrat-Black.otf in Resources */,
				469339FF2052ED9500A5B173 /* Montserrat-Medium.otf in Resources */,
				469339EB2052ED9500A5B173 /* Lato-BoldItalic.ttf in Resources */,
				469339FE2052ED9500A5B173 /* Montserrat-Light.otf in Resources */,
				46933A132052ED9500A5B173 /* Ubuntu-Regular.ttf in Resources */,
				46933A052052ED9500A5B173 /* MontserratAlternates-ExtraBold.otf in Resources */,
				46933A002052ED9500A5B173 /* Montserrat-Regular.otf in Resources */,
				469339F62052ED9500A5B173 /* Lato-Semibold.ttf in Resources */,
				46933A0E2052ED9500A5B173 /* Ubuntu-Italic.ttf in Resources */,
				469339F32052ED9500A5B173 /* Lato-Medium.ttf in Resources */,
				469339EC2052ED9500A5B173 /* Lato-Hairline.ttf in Resources */,
				46933A062052ED9500A5B173 /* MontserratAlternates-ExtraLight.otf in Resources */,
				469339F02052ED9500A5B173 /* Lato-Italic.ttf in Resources */,
				46933A022052ED9500A5B173 /* Montserrat-Thin.otf in Resources */,
				46933A0D2052ED9500A5B173 /* Ubuntu-BoldItalic.ttf in Resources */,
				469339F82052ED9500A5B173 /* Lato-Thin.ttf in Resources */,
				469339F22052ED9500A5B173 /* Lato-LightItalic.ttf in Resources */,
				469339F52052ED9500A5B173 /* Lato-Regular.ttf in Resources */,
			);
			runOnlyForDeploymentPostprocessing = 0;
		};
		463047051FBF38F9005F1106 /* Resources */ = {
			isa = PBXResourcesBuildPhase;
			buildActionMask = 2147483647;
			files = (
			);
			runOnlyForDeploymentPostprocessing = 0;
		};
		463047101FBF38FA005F1106 /* Resources */ = {
			isa = PBXResourcesBuildPhase;
			buildActionMask = 2147483647;
			files = (
			);
			runOnlyForDeploymentPostprocessing = 0;
		};
/* End PBXResourcesBuildPhase section */

/* Begin PBXShellScriptBuildPhase section */
		395AB406427767A89D150A1E /* [CP] Copy Pods Resources */ = {
			isa = PBXShellScriptBuildPhase;
			buildActionMask = 2147483647;
			files = (
			);
			inputPaths = (
				"${SRCROOT}/Pods/Target Support Files/Pods-Template Project iOS/Pods-Template Project iOS-resources.sh",
				"${PODS_ROOT}/GoogleMaps/Maps/Frameworks/GoogleMaps.framework/Resources/GoogleMaps.bundle",
			);
			name = "[CP] Copy Pods Resources";
			outputPaths = (
				"${TARGET_BUILD_DIR}/${UNLOCALIZED_RESOURCES_FOLDER_PATH}/GoogleMaps.bundle",
			);
			runOnlyForDeploymentPostprocessing = 0;
			shellPath = /bin/sh;
			shellScript = "\"${SRCROOT}/Pods/Target Support Files/Pods-Template Project iOS/Pods-Template Project iOS-resources.sh\"\n";
			showEnvVarsInLog = 0;
		};
		70257AF2A4A2127A3F677CF2 /* [CP] Embed Pods Frameworks */ = {
			isa = PBXShellScriptBuildPhase;
			buildActionMask = 2147483647;
			files = (
			);
			inputPaths = (
				"${SRCROOT}/Pods/Target Support Files/Pods-Template Project iOS/Pods-Template Project iOS-frameworks.sh",
				"${BUILT_PRODUCTS_DIR}/Kingfisher/Kingfisher.framework",
			);
			name = "[CP] Embed Pods Frameworks";
			outputPaths = (
				"${TARGET_BUILD_DIR}/${FRAMEWORKS_FOLDER_PATH}/Kingfisher.framework",
			);
			runOnlyForDeploymentPostprocessing = 0;
			shellPath = /bin/sh;
			shellScript = "\"${SRCROOT}/Pods/Target Support Files/Pods-Template Project iOS/Pods-Template Project iOS-frameworks.sh\"\n";
			showEnvVarsInLog = 0;
		};
		747BF5959DF87D3786B5EE92 /* [CP] Check Pods Manifest.lock */ = {
			isa = PBXShellScriptBuildPhase;
			buildActionMask = 2147483647;
			files = (
			);
			inputPaths = (
				"${PODS_PODFILE_DIR_PATH}/Podfile.lock",
				"${PODS_ROOT}/Manifest.lock",
			);
			name = "[CP] Check Pods Manifest.lock";
			outputPaths = (
				"$(DERIVED_FILE_DIR)/Pods-Template Project iOS-checkManifestLockResult.txt",
			);
			runOnlyForDeploymentPostprocessing = 0;
			shellPath = /bin/sh;
			shellScript = "diff \"${PODS_PODFILE_DIR_PATH}/Podfile.lock\" \"${PODS_ROOT}/Manifest.lock\" > /dev/null\nif [ $? != 0 ] ; then\n    # print error to STDERR\n    echo \"error: The sandbox is not in sync with the Podfile.lock. Run 'pod install' or update your CocoaPods installation.\" >&2\n    exit 1\nfi\n# This output is used by Xcode 'outputs' to avoid re-running this script phase.\necho \"SUCCESS\" > \"${SCRIPT_OUTPUT_FILE_0}\"\n";
			showEnvVarsInLog = 0;
		};
/* End PBXShellScriptBuildPhase section */

/* Begin PBXSourcesBuildPhase section */
		463046EF1FBF38F9005F1106 /* Sources */ = {
			isa = PBXSourcesBuildPhase;
			buildActionMask = 2147483647;
			files = (
				F70DFC0F21232434004ADAA1 /* SafeAreaGuideExemple.swift in Sources */,
				F70DFBFB21232434004ADAA1 /* Images.swift in Sources */,
				F70DFC0D21232434004ADAA1 /* LocalHelper.swift in Sources */,
				F70DFC1F2123277D004ADAA1 /* SwipePageController.swift in Sources */,
				F70DFBFA21232434004ADAA1 /* loadingIndicator.swift in Sources */,
				F70DFC1D21232708004ADAA1 /* Global.swift in Sources */,
				F70DFC1821232434004ADAA1 /* DoubleTools.swift in Sources */,
				463046F91FBF38F9005F1106 /* ViewController.swift in Sources */,
				F70DFC1121232434004ADAA1 /* IntTools.swift in Sources */,
				F70DFC1221232434004ADAA1 /* FloatTools.swift in Sources */,
				F70DFBFF21232434004ADAA1 /* LineGraph.swift in Sources */,
				F70DFC0621232434004ADAA1 /* ProgressBar.swift in Sources */,
				F70DFC1621232434004ADAA1 /* ColorTools.swift in Sources */,
				F70DFC0A21232434004ADAA1 /* PieChart.swift in Sources */,
				F70DFC0321232434004ADAA1 /* TextViewTools.swift in Sources */,
				F70DFC1021232434004ADAA1 /* StripeClass.swift in Sources */,
				F70DFBFE21232434004ADAA1 /* CalendarTools.swift in Sources */,
				F70DFC0721232434004ADAA1 /* UIViewTools.swift in Sources */,
				F70DFBF921232434004ADAA1 /* GoogleMapTools.swift in Sources */,
				463046F71FBF38F9005F1106 /* AppDelegate.swift in Sources */,
				F70DFC0B21232434004ADAA1 /* UITableViewTools.swift in Sources */,
				F70DFBF821232434004ADAA1 /* StatisticsTopController.swift in Sources */,
				F70DFC0121232434004ADAA1 /* NavigationTools.swift in Sources */,
				F70DFBFD21232434004ADAA1 /* DateHelper.swift in Sources */,
				F70DFC0C21232434004ADAA1 /* DottedLine.swift in Sources */,
				F70DFC0421232434004ADAA1 /* UIScrollViewTools.swift in Sources */,
				F70DFC1521232434004ADAA1 /* NSNumberTools.swift in Sources */,
				F7E4D19A21232E9400285C11 /* ShowcasePictureController.swift in Sources */,
				F70DFC0521232434004ADAA1 /* UIViewControllerTools.swift in Sources */,
				F70DFC0021232434004ADAA1 /* StripeGraph.swift in Sources */,
				F70DFC0E21232434004ADAA1 /* Utility.swift in Sources */,
				F70DFC0221232434004ADAA1 /* CircleGesture.swift in Sources */,
				F76F6F51212355E50072A392 /* UIViewControllerExtensions.swift in Sources */,
				F70DFC0821232434004ADAA1 /* TextFieldsTools.swift in Sources */,
				F70DFC1421232434004ADAA1 /* ArrayTools.swift in Sources */,
				F70DFBF721232434004ADAA1 /* TopSelector.swift in Sources */,
				F70DFBFC21232434004ADAA1 /* UIImageTools.swift in Sources */,
				F70DFC1721232434004ADAA1 /* AttributedStringTools.swift in Sources */,
				F70DFC1321232434004ADAA1 /* StringTools.swift in Sources */,
				F70DFC0921232434004ADAA1 /* UILabelTools.swift in Sources */,
			);
			runOnlyForDeploymentPostprocessing = 0;
		};
		463047031FBF38F9005F1106 /* Sources */ = {
			isa = PBXSourcesBuildPhase;
			buildActionMask = 2147483647;
			files = (
				4630470C1FBF38FA005F1106 /* Template_Project_iOSTests.swift in Sources */,
			);
			runOnlyForDeploymentPostprocessing = 0;
		};
		4630470E1FBF38FA005F1106 /* Sources */ = {
			isa = PBXSourcesBuildPhase;
			buildActionMask = 2147483647;
			files = (
				463047171FBF38FA005F1106 /* Template_Project_iOSUITests.swift in Sources */,
			);
			runOnlyForDeploymentPostprocessing = 0;
		};
/* End PBXSourcesBuildPhase section */

/* Begin PBXTargetDependency section */
		463047091FBF38F9005F1106 /* PBXTargetDependency */ = {
			isa = PBXTargetDependency;
			target = 463046F21FBF38F9005F1106 /* Template Project iOS */;
			targetProxy = 463047081FBF38F9005F1106 /* PBXContainerItemProxy */;
		};
		463047141FBF38FA005F1106 /* PBXTargetDependency */ = {
			isa = PBXTargetDependency;
			target = 463046F21FBF38F9005F1106 /* Template Project iOS */;
			targetProxy = 463047131FBF38FA005F1106 /* PBXContainerItemProxy */;
		};
/* End PBXTargetDependency section */

/* Begin PBXVariantGroup section */
		463046FF1FBF38F9005F1106 /* LaunchScreen.storyboard */ = {
			isa = PBXVariantGroup;
			children = (
				463047001FBF38F9005F1106 /* Base */,
			);
			name = LaunchScreen.storyboard;
			sourceTree = "<group>";
		};
/* End PBXVariantGroup section */

/* Begin XCBuildConfiguration section */
		463047191FBF38FA005F1106 /* Debug */ = {
			isa = XCBuildConfiguration;
			buildSettings = {
				ALWAYS_SEARCH_USER_PATHS = NO;
				CLANG_ANALYZER_NONNULL = YES;
				CLANG_ANALYZER_NUMBER_OBJECT_CONVERSION = YES_AGGRESSIVE;
				CLANG_CXX_LANGUAGE_STANDARD = "gnu++14";
				CLANG_CXX_LIBRARY = "libc++";
				CLANG_ENABLE_MODULES = YES;
				CLANG_ENABLE_OBJC_ARC = YES;
				CLANG_WARN_BLOCK_CAPTURE_AUTORELEASING = YES;
				CLANG_WARN_BOOL_CONVERSION = YES;
				CLANG_WARN_COMMA = YES;
				CLANG_WARN_CONSTANT_CONVERSION = YES;
				CLANG_WARN_DIRECT_OBJC_ISA_USAGE = YES_ERROR;
				CLANG_WARN_DOCUMENTATION_COMMENTS = YES;
				CLANG_WARN_EMPTY_BODY = YES;
				CLANG_WARN_ENUM_CONVERSION = YES;
				CLANG_WARN_INFINITE_RECURSION = YES;
				CLANG_WARN_INT_CONVERSION = YES;
				CLANG_WARN_NON_LITERAL_NULL_CONVERSION = YES;
				CLANG_WARN_OBJC_LITERAL_CONVERSION = YES;
				CLANG_WARN_OBJC_ROOT_CLASS = YES_ERROR;
				CLANG_WARN_RANGE_LOOP_ANALYSIS = YES;
				CLANG_WARN_STRICT_PROTOTYPES = YES;
				CLANG_WARN_SUSPICIOUS_MOVE = YES;
				CLANG_WARN_UNGUARDED_AVAILABILITY = YES_AGGRESSIVE;
				CLANG_WARN_UNREACHABLE_CODE = YES;
				CLANG_WARN__DUPLICATE_METHOD_MATCH = YES;
				CODE_SIGN_IDENTITY = "iPhone Developer";
				COPY_PHASE_STRIP = NO;
				DEBUG_INFORMATION_FORMAT = dwarf;
				ENABLE_STRICT_OBJC_MSGSEND = YES;
				ENABLE_TESTABILITY = YES;
				GCC_C_LANGUAGE_STANDARD = gnu11;
				GCC_DYNAMIC_NO_PIC = NO;
				GCC_NO_COMMON_BLOCKS = YES;
				GCC_OPTIMIZATION_LEVEL = 0;
				GCC_PREPROCESSOR_DEFINITIONS = (
					"DEBUG=1",
					"$(inherited)",
				);
				GCC_WARN_64_TO_32_BIT_CONVERSION = YES;
				GCC_WARN_ABOUT_RETURN_TYPE = YES_ERROR;
				GCC_WARN_UNDECLARED_SELECTOR = YES;
				GCC_WARN_UNINITIALIZED_AUTOS = YES_AGGRESSIVE;
				GCC_WARN_UNUSED_FUNCTION = YES;
				GCC_WARN_UNUSED_VARIABLE = YES;
				IPHONEOS_DEPLOYMENT_TARGET = 11.1;
				MTL_ENABLE_DEBUG_INFO = YES;
				ONLY_ACTIVE_ARCH = YES;
				SDKROOT = iphoneos;
				SWIFT_ACTIVE_COMPILATION_CONDITIONS = DEBUG;
				SWIFT_OPTIMIZATION_LEVEL = "-Onone";
			};
			name = Debug;
		};
		4630471A1FBF38FA005F1106 /* Release */ = {
			isa = XCBuildConfiguration;
			buildSettings = {
				ALWAYS_SEARCH_USER_PATHS = NO;
				CLANG_ANALYZER_NONNULL = YES;
				CLANG_ANALYZER_NUMBER_OBJECT_CONVERSION = YES_AGGRESSIVE;
				CLANG_CXX_LANGUAGE_STANDARD = "gnu++14";
				CLANG_CXX_LIBRARY = "libc++";
				CLANG_ENABLE_MODULES = YES;
				CLANG_ENABLE_OBJC_ARC = YES;
				CLANG_WARN_BLOCK_CAPTURE_AUTORELEASING = YES;
				CLANG_WARN_BOOL_CONVERSION = YES;
				CLANG_WARN_COMMA = YES;
				CLANG_WARN_CONSTANT_CONVERSION = YES;
				CLANG_WARN_DIRECT_OBJC_ISA_USAGE = YES_ERROR;
				CLANG_WARN_DOCUMENTATION_COMMENTS = YES;
				CLANG_WARN_EMPTY_BODY = YES;
				CLANG_WARN_ENUM_CONVERSION = YES;
				CLANG_WARN_INFINITE_RECURSION = YES;
				CLANG_WARN_INT_CONVERSION = YES;
				CLANG_WARN_NON_LITERAL_NULL_CONVERSION = YES;
				CLANG_WARN_OBJC_LITERAL_CONVERSION = YES;
				CLANG_WARN_OBJC_ROOT_CLASS = YES_ERROR;
				CLANG_WARN_RANGE_LOOP_ANALYSIS = YES;
				CLANG_WARN_STRICT_PROTOTYPES = YES;
				CLANG_WARN_SUSPICIOUS_MOVE = YES;
				CLANG_WARN_UNGUARDED_AVAILABILITY = YES_AGGRESSIVE;
				CLANG_WARN_UNREACHABLE_CODE = YES;
				CLANG_WARN__DUPLICATE_METHOD_MATCH = YES;
				CODE_SIGN_IDENTITY = "iPhone Developer";
				COPY_PHASE_STRIP = NO;
				DEBUG_INFORMATION_FORMAT = "dwarf-with-dsym";
				ENABLE_NS_ASSERTIONS = NO;
				ENABLE_STRICT_OBJC_MSGSEND = YES;
				GCC_C_LANGUAGE_STANDARD = gnu11;
				GCC_NO_COMMON_BLOCKS = YES;
				GCC_WARN_64_TO_32_BIT_CONVERSION = YES;
				GCC_WARN_ABOUT_RETURN_TYPE = YES_ERROR;
				GCC_WARN_UNDECLARED_SELECTOR = YES;
				GCC_WARN_UNINITIALIZED_AUTOS = YES_AGGRESSIVE;
				GCC_WARN_UNUSED_FUNCTION = YES;
				GCC_WARN_UNUSED_VARIABLE = YES;
				IPHONEOS_DEPLOYMENT_TARGET = 11.1;
				MTL_ENABLE_DEBUG_INFO = NO;
				SDKROOT = iphoneos;
				SWIFT_OPTIMIZATION_LEVEL = "-Owholemodule";
				VALIDATE_PRODUCT = YES;
			};
			name = Release;
		};
		4630471C1FBF38FA005F1106 /* Debug */ = {
			isa = XCBuildConfiguration;
			baseConfigurationReference = 68DD749026B29B145A32665D /* Pods-Template Project iOS.debug.xcconfig */;
			buildSettings = {
				ASSETCATALOG_COMPILER_APPICON_NAME = AppIcon;
				CODE_SIGN_STYLE = Automatic;
				DEVELOPMENT_TEAM = JZ96Z54NGV;
				INFOPLIST_FILE = "Template Project iOS/Info.plist";
				LD_RUNPATH_SEARCH_PATHS = "$(inherited) @executable_path/Frameworks";
				PRODUCT_BUNDLE_IDENTIFIER = "Guijet.Template-Project-iOS";
				PRODUCT_NAME = "$(TARGET_NAME)";
				SWIFT_VERSION = 4.0;
				TARGETED_DEVICE_FAMILY = "1,2";
			};
			name = Debug;
		};
		4630471D1FBF38FA005F1106 /* Release */ = {
			isa = XCBuildConfiguration;
			baseConfigurationReference = 23A755949F794A29B8937840 /* Pods-Template Project iOS.release.xcconfig */;
			buildSettings = {
				ASSETCATALOG_COMPILER_APPICON_NAME = AppIcon;
				CODE_SIGN_STYLE = Automatic;
				DEVELOPMENT_TEAM = JZ96Z54NGV;
				INFOPLIST_FILE = "Template Project iOS/Info.plist";
				LD_RUNPATH_SEARCH_PATHS = "$(inherited) @executable_path/Frameworks";
				PRODUCT_BUNDLE_IDENTIFIER = "Guijet.Template-Project-iOS";
				PRODUCT_NAME = "$(TARGET_NAME)";
				SWIFT_VERSION = 4.0;
				TARGETED_DEVICE_FAMILY = "1,2";
			};
			name = Release;
		};
		4630471F1FBF38FA005F1106 /* Debug */ = {
			isa = XCBuildConfiguration;
			buildSettings = {
				ALWAYS_EMBED_SWIFT_STANDARD_LIBRARIES = YES;
				BUNDLE_LOADER = "$(TEST_HOST)";
				CODE_SIGN_STYLE = Automatic;
				DEVELOPMENT_TEAM = ZS22ZRK6AQ;
				INFOPLIST_FILE = "Template Project iOSTests/Info.plist";
				LD_RUNPATH_SEARCH_PATHS = "$(inherited) @executable_path/Frameworks @loader_path/Frameworks";
				PRODUCT_BUNDLE_IDENTIFIER = "Guijet.Template-Project-iOSTests";
				PRODUCT_NAME = "$(TARGET_NAME)";
				SWIFT_VERSION = 4.0;
				TARGETED_DEVICE_FAMILY = "1,2";
				TEST_HOST = "$(BUILT_PRODUCTS_DIR)/Template Project iOS.app/Template Project iOS";
			};
			name = Debug;
		};
		463047201FBF38FA005F1106 /* Release */ = {
			isa = XCBuildConfiguration;
			buildSettings = {
				ALWAYS_EMBED_SWIFT_STANDARD_LIBRARIES = YES;
				BUNDLE_LOADER = "$(TEST_HOST)";
				CODE_SIGN_STYLE = Automatic;
				DEVELOPMENT_TEAM = ZS22ZRK6AQ;
				INFOPLIST_FILE = "Template Project iOSTests/Info.plist";
				LD_RUNPATH_SEARCH_PATHS = "$(inherited) @executable_path/Frameworks @loader_path/Frameworks";
				PRODUCT_BUNDLE_IDENTIFIER = "Guijet.Template-Project-iOSTests";
				PRODUCT_NAME = "$(TARGET_NAME)";
				SWIFT_VERSION = 4.0;
				TARGETED_DEVICE_FAMILY = "1,2";
				TEST_HOST = "$(BUILT_PRODUCTS_DIR)/Template Project iOS.app/Template Project iOS";
			};
			name = Release;
		};
		463047221FBF38FA005F1106 /* Debug */ = {
			isa = XCBuildConfiguration;
			buildSettings = {
				ALWAYS_EMBED_SWIFT_STANDARD_LIBRARIES = YES;
				CODE_SIGN_STYLE = Automatic;
				DEVELOPMENT_TEAM = ZS22ZRK6AQ;
				INFOPLIST_FILE = "Template Project iOSUITests/Info.plist";
				LD_RUNPATH_SEARCH_PATHS = "$(inherited) @executable_path/Frameworks @loader_path/Frameworks";
				PRODUCT_BUNDLE_IDENTIFIER = "Guijet.Template-Project-iOSUITests";
				PRODUCT_NAME = "$(TARGET_NAME)";
				SWIFT_VERSION = 4.0;
				TARGETED_DEVICE_FAMILY = "1,2";
				TEST_TARGET_NAME = "Template Project iOS";
			};
			name = Debug;
		};
		463047231FBF38FA005F1106 /* Release */ = {
			isa = XCBuildConfiguration;
			buildSettings = {
				ALWAYS_EMBED_SWIFT_STANDARD_LIBRARIES = YES;
				CODE_SIGN_STYLE = Automatic;
				DEVELOPMENT_TEAM = ZS22ZRK6AQ;
				INFOPLIST_FILE = "Template Project iOSUITests/Info.plist";
				LD_RUNPATH_SEARCH_PATHS = "$(inherited) @executable_path/Frameworks @loader_path/Frameworks";
				PRODUCT_BUNDLE_IDENTIFIER = "Guijet.Template-Project-iOSUITests";
				PRODUCT_NAME = "$(TARGET_NAME)";
				SWIFT_VERSION = 4.0;
				TARGETED_DEVICE_FAMILY = "1,2";
				TEST_TARGET_NAME = "Template Project iOS";
			};
			name = Release;
		};
/* End XCBuildConfiguration section */

/* Begin XCConfigurationList section */
		463046EE1FBF38F9005F1106 /* Build configuration list for PBXProject "Template Project iOS" */ = {
			isa = XCConfigurationList;
			buildConfigurations = (
				463047191FBF38FA005F1106 /* Debug */,
				4630471A1FBF38FA005F1106 /* Release */,
			);
			defaultConfigurationIsVisible = 0;
			defaultConfigurationName = Release;
		};
		4630471B1FBF38FA005F1106 /* Build configuration list for PBXNativeTarget "Template Project iOS" */ = {
			isa = XCConfigurationList;
			buildConfigurations = (
				4630471C1FBF38FA005F1106 /* Debug */,
				4630471D1FBF38FA005F1106 /* Release */,
			);
			defaultConfigurationIsVisible = 0;
			defaultConfigurationName = Release;
		};
		4630471E1FBF38FA005F1106 /* Build configuration list for PBXNativeTarget "Template Project iOSTests" */ = {
			isa = XCConfigurationList;
			buildConfigurations = (
				4630471F1FBF38FA005F1106 /* Debug */,
				463047201FBF38FA005F1106 /* Release */,
			);
			defaultConfigurationIsVisible = 0;
			defaultConfigurationName = Release;
		};
		463047211FBF38FA005F1106 /* Build configuration list for PBXNativeTarget "Template Project iOSUITests" */ = {
			isa = XCConfigurationList;
			buildConfigurations = (
				463047221FBF38FA005F1106 /* Debug */,
				463047231FBF38FA005F1106 /* Release */,
			);
			defaultConfigurationIsVisible = 0;
			defaultConfigurationName = Release;
		};
/* End XCConfigurationList section */
	};
	rootObject = 463046EB1FBF38F9005F1106 /* Project object */;
}
