// !$*UTF8*$!
{
	archiveVersion = 1;
	classes = {
	};
	objectVersion = 48;
	objects = {

/* Begin PBXBuildFile section */
		463046F71FBF38F9005F1106 /* AppDelegate.swift in Sources */ = {isa = PBXBuildFile; fileRef = 463046F61FBF38F9005F1106 /* AppDelegate.swift */; };
		463046F91FBF38F9005F1106 /* ViewController.swift in Sources */ = {isa = PBXBuildFile; fileRef = 463046F81FBF38F9005F1106 /* ViewController.swift */; };
		463046FC1FBF38F9005F1106 /* Main.storyboard in Resources */ = {isa = PBXBuildFile; fileRef = 463046FA1FBF38F9005F1106 /* Main.storyboard */; };
		463046FE1FBF38F9005F1106 /* Assets.xcassets in Resources */ = {isa = PBXBuildFile; fileRef = 463046FD1FBF38F9005F1106 /* Assets.xcassets */; };
		463047011FBF38F9005F1106 /* LaunchScreen.storyboard in Resources */ = {isa = PBXBuildFile; fileRef = 463046FF1FBF38F9005F1106 /* LaunchScreen.storyboard */; };
		4630470C1FBF38FA005F1106 /* Template_Project_iOSTests.swift in Sources */ = {isa = PBXBuildFile; fileRef = 4630470B1FBF38FA005F1106 /* Template_Project_iOSTests.swift */; };
		463047171FBF38FA005F1106 /* Template_Project_iOSUITests.swift in Sources */ = {isa = PBXBuildFile; fileRef = 463047161FBF38FA005F1106 /* Template_Project_iOSUITests.swift */; };
		465E19EE1FD4C17100E8466B /* GoogleMapTools.swift in Sources */ = {isa = PBXBuildFile; fileRef = 465E19E01FD4C17000E8466B /* GoogleMapTools.swift */; };
		465E19EF1FD4C17100E8466B /* ArrayTools.swift in Sources */ = {isa = PBXBuildFile; fileRef = 465E19E11FD4C17000E8466B /* ArrayTools.swift */; };
		465E19F01FD4C17100E8466B /* StringTools.swift in Sources */ = {isa = PBXBuildFile; fileRef = 465E19E21FD4C17000E8466B /* StringTools.swift */; };
		465E19F11FD4C17100E8466B /* UIImageTools.swift in Sources */ = {isa = PBXBuildFile; fileRef = 465E19E31FD4C17000E8466B /* UIImageTools.swift */; };
		465E19F21FD4C17100E8466B /* UIScrollViewTools.swift in Sources */ = {isa = PBXBuildFile; fileRef = 465E19E41FD4C17000E8466B /* UIScrollViewTools.swift */; };
		465E19F31FD4C17100E8466B /* UIViewControllerTools.swift in Sources */ = {isa = PBXBuildFile; fileRef = 465E19E51FD4C17000E8466B /* UIViewControllerTools.swift */; };
		465E19F41FD4C17100E8466B /* ColorTools.swift in Sources */ = {isa = PBXBuildFile; fileRef = 465E19E61FD4C17000E8466B /* ColorTools.swift */; };
		465E19F51FD4C17100E8466B /* UIViewTools.swift in Sources */ = {isa = PBXBuildFile; fileRef = 465E19E71FD4C17100E8466B /* UIViewTools.swift */; };
		465E19F61FD4C17100E8466B /* ProgressBar.swift in Sources */ = {isa = PBXBuildFile; fileRef = 465E19E81FD4C17100E8466B /* ProgressBar.swift */; };
		465E19F71FD4C17100E8466B /* Images.swift in Sources */ = {isa = PBXBuildFile; fileRef = 465E19E91FD4C17100E8466B /* Images.swift */; };
		465E19F81FD4C17100E8466B /* TextFieldsTools.swift in Sources */ = {isa = PBXBuildFile; fileRef = 465E19EA1FD4C17100E8466B /* TextFieldsTools.swift */; };
		465E19F91FD4C17100E8466B /* UILabelTools.swift in Sources */ = {isa = PBXBuildFile; fileRef = 465E19EB1FD4C17100E8466B /* UILabelTools.swift */; };
		465E19FA1FD4C17100E8466B /* DateHelper.swift in Sources */ = {isa = PBXBuildFile; fileRef = 465E19EC1FD4C17100E8466B /* DateHelper.swift */; };
		465E19FB1FD4C17100E8466B /* HTTPRequest.swift in Sources */ = {isa = PBXBuildFile; fileRef = 465E19ED1FD4C17100E8466B /* HTTPRequest.swift */; };
/* End PBXBuildFile section */

/* Begin PBXContainerItemProxy section */
		463047081FBF38F9005F1106 /* PBXContainerItemProxy */ = {
			isa = PBXContainerItemProxy;
			containerPortal = 463046EB1FBF38F9005F1106 /* Project object */;
			proxyType = 1;
			remoteGlobalIDString = 463046F21FBF38F9005F1106;
			remoteInfo = "Template Project iOS";
		};
		463047131FBF38FA005F1106 /* PBXContainerItemProxy */ = {
			isa = PBXContainerItemProxy;
			containerPortal = 463046EB1FBF38F9005F1106 /* Project object */;
			proxyType = 1;
			remoteGlobalIDString = 463046F21FBF38F9005F1106;
			remoteInfo = "Template Project iOS";
		};
/* End PBXContainerItemProxy section */

/* Begin PBXFileReference section */
		463046F31FBF38F9005F1106 /* Template Project iOS.app */ = {isa = PBXFileReference; explicitFileType = wrapper.application; includeInIndex = 0; path = "Template Project iOS.app"; sourceTree = BUILT_PRODUCTS_DIR; };
		463046F61FBF38F9005F1106 /* AppDelegate.swift */ = {isa = PBXFileReference; lastKnownFileType = sourcecode.swift; path = AppDelegate.swift; sourceTree = "<group>"; };
		463046F81FBF38F9005F1106 /* ViewController.swift */ = {isa = PBXFileReference; lastKnownFileType = sourcecode.swift; path = ViewController.swift; sourceTree = "<group>"; };
		463046FB1FBF38F9005F1106 /* Base */ = {isa = PBXFileReference; lastKnownFileType = file.storyboard; name = Base; path = Base.lproj/Main.storyboard; sourceTree = "<group>"; };
		463046FD1FBF38F9005F1106 /* Assets.xcassets */ = {isa = PBXFileReference; lastKnownFileType = folder.assetcatalog; path = Assets.xcassets; sourceTree = "<group>"; };
		463047001FBF38F9005F1106 /* Base */ = {isa = PBXFileReference; lastKnownFileType = file.storyboard; name = Base; path = Base.lproj/LaunchScreen.storyboard; sourceTree = "<group>"; };
		463047021FBF38F9005F1106 /* Info.plist */ = {isa = PBXFileReference; lastKnownFileType = text.plist.xml; path = Info.plist; sourceTree = "<group>"; };
		463047071FBF38F9005F1106 /* Template Project iOSTests.xctest */ = {isa = PBXFileReference; explicitFileType = wrapper.cfbundle; includeInIndex = 0; path = "Template Project iOSTests.xctest"; sourceTree = BUILT_PRODUCTS_DIR; };
		4630470B1FBF38FA005F1106 /* Template_Project_iOSTests.swift */ = {isa = PBXFileReference; lastKnownFileType = sourcecode.swift; path = Template_Project_iOSTests.swift; sourceTree = "<group>"; };
		4630470D1FBF38FA005F1106 /* Info.plist */ = {isa = PBXFileReference; lastKnownFileType = text.plist.xml; path = Info.plist; sourceTree = "<group>"; };
		463047121FBF38FA005F1106 /* Template Project iOSUITests.xctest */ = {isa = PBXFileReference; explicitFileType = wrapper.cfbundle; includeInIndex = 0; path = "Template Project iOSUITests.xctest"; sourceTree = BUILT_PRODUCTS_DIR; };
		463047161FBF38FA005F1106 /* Template_Project_iOSUITests.swift */ = {isa = PBXFileReference; lastKnownFileType = sourcecode.swift; path = Template_Project_iOSUITests.swift; sourceTree = "<group>"; };
		463047181FBF38FA005F1106 /* Info.plist */ = {isa = PBXFileReference; lastKnownFileType = text.plist.xml; path = Info.plist; sourceTree = "<group>"; };
		465E19E01FD4C17000E8466B /* GoogleMapTools.swift */ = {isa = PBXFileReference; fileEncoding = 4; lastKnownFileType = sourcecode.swift; path = GoogleMapTools.swift; sourceTree = "<group>"; };
		465E19E11FD4C17000E8466B /* ArrayTools.swift */ = {isa = PBXFileReference; fileEncoding = 4; lastKnownFileType = sourcecode.swift; path = ArrayTools.swift; sourceTree = "<group>"; };
		465E19E21FD4C17000E8466B /* StringTools.swift */ = {isa = PBXFileReference; fileEncoding = 4; lastKnownFileType = sourcecode.swift; path = StringTools.swift; sourceTree = "<group>"; };
		465E19E31FD4C17000E8466B /* UIImageTools.swift */ = {isa = PBXFileReference; fileEncoding = 4; lastKnownFileType = sourcecode.swift; path = UIImageTools.swift; sourceTree = "<group>"; };
		465E19E41FD4C17000E8466B /* UIScrollViewTools.swift */ = {isa = PBXFileReference; fileEncoding = 4; lastKnownFileType = sourcecode.swift; path = UIScrollViewTools.swift; sourceTree = "<group>"; };
		465E19E51FD4C17000E8466B /* UIViewControllerTools.swift */ = {isa = PBXFileReference; fileEncoding = 4; lastKnownFileType = sourcecode.swift; path = UIViewControllerTools.swift; sourceTree = "<group>"; };
		465E19E61FD4C17000E8466B /* ColorTools.swift */ = {isa = PBXFileReference; fileEncoding = 4; lastKnownFileType = sourcecode.swift; path = ColorTools.swift; sourceTree = "<group>"; };
		465E19E71FD4C17100E8466B /* UIViewTools.swift */ = {isa = PBXFileReference; fileEncoding = 4; lastKnownFileType = sourcecode.swift; path = UIViewTools.swift; sourceTree = "<group>"; };
		465E19E81FD4C17100E8466B /* ProgressBar.swift */ = {isa = PBXFileReference; fileEncoding = 4; lastKnownFileType = sourcecode.swift; path = ProgressBar.swift; sourceTree = "<group>"; };
		465E19E91FD4C17100E8466B /* Images.swift */ = {isa = PBXFileReference; fileEncoding = 4; lastKnownFileType = sourcecode.swift; path = Images.swift; sourceTree = "<group>"; };
		465E19EA1FD4C17100E8466B /* TextFieldsTools.swift */ = {isa = PBXFileReference; fileEncoding = 4; lastKnownFileType = sourcecode.swift; path = TextFieldsTools.swift; sourceTree = "<group>"; };
		465E19EB1FD4C17100E8466B /* UILabelTools.swift */ = {isa = PBXFileReference; fileEncoding = 4; lastKnownFileType = sourcecode.swift; path = UILabelTools.swift; sourceTree = "<group>"; };
		465E19EC1FD4C17100E8466B /* DateHelper.swift */ = {isa = PBXFileReference; fileEncoding = 4; lastKnownFileType = sourcecode.swift; path = DateHelper.swift; sourceTree = "<group>"; };
		465E19ED1FD4C17100E8466B /* HTTPRequest.swift */ = {isa = PBXFileReference; fileEncoding = 4; lastKnownFileType = sourcecode.swift; path = HTTPRequest.swift; sourceTree = "<group>"; };
/* End PBXFileReference section */

/* Begin PBXFrameworksBuildPhase section */
		463046F01FBF38F9005F1106 /* Frameworks */ = {
			isa = PBXFrameworksBuildPhase;
			buildActionMask = 2147483647;
			files = (
			);
			runOnlyForDeploymentPostprocessing = 0;
		};
		463047041FBF38F9005F1106 /* Frameworks */ = {
			isa = PBXFrameworksBuildPhase;
			buildActionMask = 2147483647;
			files = (
			);
			runOnlyForDeploymentPostprocessing = 0;
		};
		4630470F1FBF38FA005F1106 /* Frameworks */ = {
			isa = PBXFrameworksBuildPhase;
			buildActionMask = 2147483647;
			files = (
			);
			runOnlyForDeploymentPostprocessing = 0;
		};
/* End PBXFrameworksBuildPhase section */

/* Begin PBXGroup section */
		461D1B6C1FC334020017F37F /* Tools */ = {
			isa = PBXGroup;
			children = (
				465E19E11FD4C17000E8466B /* ArrayTools.swift */,
				465E19E61FD4C17000E8466B /* ColorTools.swift */,
				465E19EC1FD4C17100E8466B /* DateHelper.swift */,
				465E19E01FD4C17000E8466B /* GoogleMapTools.swift */,
				465E19ED1FD4C17100E8466B /* HTTPRequest.swift */,
				465E19E91FD4C17100E8466B /* Images.swift */,
				465E19E81FD4C17100E8466B /* ProgressBar.swift */,
				465E19E21FD4C17000E8466B /* StringTools.swift */,
				465E19EA1FD4C17100E8466B /* TextFieldsTools.swift */,
				465E19E31FD4C17000E8466B /* UIImageTools.swift */,
				465E19EB1FD4C17100E8466B /* UILabelTools.swift */,
				465E19E41FD4C17000E8466B /* UIScrollViewTools.swift */,
				465E19E51FD4C17000E8466B /* UIViewControllerTools.swift */,
				465E19E71FD4C17100E8466B /* UIViewTools.swift */,
			);
			path = Tools;
			sourceTree = "<group>";
		};
		463046EA1FBF38F9005F1106 = {
			isa = PBXGroup;
			children = (
				463046F51FBF38F9005F1106 /* Template Project iOS */,
				4630470A1FBF38FA005F1106 /* Template Project iOSTests */,
				463047151FBF38FA005F1106 /* Template Project iOSUITests */,
				463046F41FBF38F9005F1106 /* Products */,
			);
			sourceTree = "<group>";
		};
		463046F41FBF38F9005F1106 /* Products */ = {
			isa = PBXGroup;
			children = (
				463046F31FBF38F9005F1106 /* Template Project iOS.app */,
				463047071FBF38F9005F1106 /* Template Project iOSTests.xctest */,
				463047121FBF38FA005F1106 /* Template Project iOSUITests.xctest */,
			);
			name = Products;
			sourceTree = "<group>";
		};
		463046F51FBF38F9005F1106 /* Template Project iOS */ = {
			isa = PBXGroup;
			children = (
				461D1B6C1FC334020017F37F /* Tools */,
				463046F61FBF38F9005F1106 /* AppDelegate.swift */,
				463046F81FBF38F9005F1106 /* ViewController.swift */,
				463046FA1FBF38F9005F1106 /* Main.storyboard */,
				463046FD1FBF38F9005F1106 /* Assets.xcassets */,
				463046FF1FBF38F9005F1106 /* LaunchScreen.storyboard */,
				463047021FBF38F9005F1106 /* Info.plist */,
			);
			path = "Template Project iOS";
			sourceTree = "<group>";
		};
		4630470A1FBF38FA005F1106 /* Template Project iOSTests */ = {
			isa = PBXGroup;
			children = (
				4630470B1FBF38FA005F1106 /* Template_Project_iOSTests.swift */,
				4630470D1FBF38FA005F1106 /* Info.plist */,
			);
			path = "Template Project iOSTests";
			sourceTree = "<group>";
		};
		463047151FBF38FA005F1106 /* Template Project iOSUITests */ = {
			isa = PBXGroup;
			children = (
				463047161FBF38FA005F1106 /* Template_Project_iOSUITests.swift */,
				463047181FBF38FA005F1106 /* Info.plist */,
			);
			path = "Template Project iOSUITests";
			sourceTree = "<group>";
		};
/* End PBXGroup section */

/* Begin PBXNativeTarget section */
		463046F21FBF38F9005F1106 /* Template Project iOS */ = {
			isa = PBXNativeTarget;
			buildConfigurationList = 4630471B1FBF38FA005F1106 /* Build configuration list for PBXNativeTarget "Template Project iOS" */;
			buildPhases = (
				463046EF1FBF38F9005F1106 /* Sources */,
				463046F01FBF38F9005F1106 /* Frameworks */,
				463046F11FBF38F9005F1106 /* Resources */,
			);
			buildRules = (
			);
			dependencies = (
			);
			name = "Template Project iOS";
			productName = "Template Project iOS";
			productReference = 463046F31FBF38F9005F1106 /* Template Project iOS.app */;
			productType = "com.apple.product-type.application";
		};
		463047061FBF38F9005F1106 /* Template Project iOSTests */ = {
			isa = PBXNativeTarget;
			buildConfigurationList = 4630471E1FBF38FA005F1106 /* Build configuration list for PBXNativeTarget "Template Project iOSTests" */;
			buildPhases = (
				463047031FBF38F9005F1106 /* Sources */,
				463047041FBF38F9005F1106 /* Frameworks */,
				463047051FBF38F9005F1106 /* Resources */,
			);
			buildRules = (
			);
			dependencies = (
				463047091FBF38F9005F1106 /* PBXTargetDependency */,
			);
			name = "Template Project iOSTests";
			productName = "Template Project iOSTests";
			productReference = 463047071FBF38F9005F1106 /* Template Project iOSTests.xctest */;
			productType = "com.apple.product-type.bundle.unit-test";
		};
		463047111FBF38FA005F1106 /* Template Project iOSUITests */ = {
			isa = PBXNativeTarget;
			buildConfigurationList = 463047211FBF38FA005F1106 /* Build configuration list for PBXNativeTarget "Template Project iOSUITests" */;
			buildPhases = (
				4630470E1FBF38FA005F1106 /* Sources */,
				4630470F1FBF38FA005F1106 /* Frameworks */,
				463047101FBF38FA005F1106 /* Resources */,
			);
			buildRules = (
			);
			dependencies = (
				463047141FBF38FA005F1106 /* PBXTargetDependency */,
			);
			name = "Template Project iOSUITests";
			productName = "Template Project iOSUITests";
			productReference = 463047121FBF38FA005F1106 /* Template Project iOSUITests.xctest */;
			productType = "com.apple.product-type.bundle.ui-testing";
		};
/* End PBXNativeTarget section */

/* Begin PBXProject section */
		463046EB1FBF38F9005F1106 /* Project object */ = {
			isa = PBXProject;
			attributes = {
				LastSwiftUpdateCheck = 0910;
				LastUpgradeCheck = 0910;
				ORGANIZATIONNAME = "Guillaume Jette";
				TargetAttributes = {
					463046F21FBF38F9005F1106 = {
						CreatedOnToolsVersion = 9.1;
						ProvisioningStyle = Automatic;
					};
					463047061FBF38F9005F1106 = {
						CreatedOnToolsVersion = 9.1;
						ProvisioningStyle = Automatic;
						TestTargetID = 463046F21FBF38F9005F1106;
					};
					463047111FBF38FA005F1106 = {
						CreatedOnToolsVersion = 9.1;
						ProvisioningStyle = Automatic;
						TestTargetID = 463046F21FBF38F9005F1106;
					};
				};
			};
			buildConfigurationList = 463046EE1FBF38F9005F1106 /* Build configuration list for PBXProject "Template Project iOS" */;
			compatibilityVersion = "Xcode 8.0";
			developmentRegion = en;
			hasScannedForEncodings = 0;
			knownRegions = (
				en,
				Base,
			);
			mainGroup = 463046EA1FBF38F9005F1106;
			productRefGroup = 463046F41FBF38F9005F1106 /* Products */;
			projectDirPath = "";
			projectRoot = "";
			targets = (
				463046F21FBF38F9005F1106 /* Template Project iOS */,
				463047061FBF38F9005F1106 /* Template Project iOSTests */,
				463047111FBF38FA005F1106 /* Template Project iOSUITests */,
			);
		};
/* End PBXProject section */

/* Begin PBXResourcesBuildPhase section */
		463046F11FBF38F9005F1106 /* Resources */ = {
			isa = PBXResourcesBuildPhase;
			buildActionMask = 2147483647;
			files = (
				463047011FBF38F9005F1106 /* LaunchScreen.storyboard in Resources */,
				463046FE1FBF38F9005F1106 /* Assets.xcassets in Resources */,
				463046FC1FBF38F9005F1106 /* Main.storyboard in Resources */,
			);
			runOnlyForDeploymentPostprocessing = 0;
		};
		463047051FBF38F9005F1106 /* Resources */ = {
			isa = PBXResourcesBuildPhase;
			buildActionMask = 2147483647;
			files = (
			);
			runOnlyForDeploymentPostprocessing = 0;
		};
		463047101FBF38FA005F1106 /* Resources */ = {
			isa = PBXResourcesBuildPhase;
			buildActionMask = 2147483647;
			files = (
			);
			runOnlyForDeploymentPostprocessing = 0;
		};
/* End PBXResourcesBuildPhase section */

/* Begin PBXSourcesBuildPhase section */
		463046EF1FBF38F9005F1106 /* Sources */ = {
			isa = PBXSourcesBuildPhase;
			buildActionMask = 2147483647;
			files = (
				465E19FA1FD4C17100E8466B /* DateHelper.swift in Sources */,
				465E19F51FD4C17100E8466B /* UIViewTools.swift in Sources */,
				465E19F81FD4C17100E8466B /* TextFieldsTools.swift in Sources */,
				465E19F71FD4C17100E8466B /* Images.swift in Sources */,
				465E19F61FD4C17100E8466B /* ProgressBar.swift in Sources */,
				465E19FB1FD4C17100E8466B /* HTTPRequest.swift in Sources */,
				465E19F21FD4C17100E8466B /* UIScrollViewTools.swift in Sources */,
				465E19F41FD4C17100E8466B /* ColorTools.swift in Sources */,
				465E19F91FD4C17100E8466B /* UILabelTools.swift in Sources */,
				463046F91FBF38F9005F1106 /* ViewController.swift in Sources */,
				465E19F01FD4C17100E8466B /* StringTools.swift in Sources */,
				465E19EE1FD4C17100E8466B /* GoogleMapTools.swift in Sources */,
				465E19F31FD4C17100E8466B /* UIViewControllerTools.swift in Sources */,
				465E19F11FD4C17100E8466B /* UIImageTools.swift in Sources */,
				463046F71FBF38F9005F1106 /* AppDelegate.swift in Sources */,
				465E19EF1FD4C17100E8466B /* ArrayTools.swift in Sources */,
			);
			runOnlyForDeploymentPostprocessing = 0;
		};
		463047031FBF38F9005F1106 /* Sources */ = {
			isa = PBXSourcesBuildPhase;
			buildActionMask = 2147483647;
			files = (
				4630470C1FBF38FA005F1106 /* Template_Project_iOSTests.swift in Sources */,
			);
			runOnlyForDeploymentPostprocessing = 0;
		};
		4630470E1FBF38FA005F1106 /* Sources */ = {
			isa = PBXSourcesBuildPhase;
			buildActionMask = 2147483647;
			files = (
				463047171FBF38FA005F1106 /* Template_Project_iOSUITests.swift in Sources */,
			);
			runOnlyForDeploymentPostprocessing = 0;
		};
/* End PBXSourcesBuildPhase section */

/* Begin PBXTargetDependency section */
		463047091FBF38F9005F1106 /* PBXTargetDependency */ = {
			isa = PBXTargetDependency;
			target = 463046F21FBF38F9005F1106 /* Template Project iOS */;
			targetProxy = 463047081FBF38F9005F1106 /* PBXContainerItemProxy */;
		};
		463047141FBF38FA005F1106 /* PBXTargetDependency */ = {
			isa = PBXTargetDependency;
			target = 463046F21FBF38F9005F1106 /* Template Project iOS */;
			targetProxy = 463047131FBF38FA005F1106 /* PBXContainerItemProxy */;
		};
/* End PBXTargetDependency section */

/* Begin PBXVariantGroup section */
		463046FA1FBF38F9005F1106 /* Main.storyboard */ = {
			isa = PBXVariantGroup;
			children = (
				463046FB1FBF38F9005F1106 /* Base */,
			);
			name = Main.storyboard;
			sourceTree = "<group>";
		};
		463046FF1FBF38F9005F1106 /* LaunchScreen.storyboard */ = {
			isa = PBXVariantGroup;
			children = (
				463047001FBF38F9005F1106 /* Base */,
			);
			name = LaunchScreen.storyboard;
			sourceTree = "<group>";
		};
/* End PBXVariantGroup section */

/* Begin XCBuildConfiguration section */
		463047191FBF38FA005F1106 /* Debug */ = {
			isa = XCBuildConfiguration;
			buildSettings = {
				ALWAYS_SEARCH_USER_PATHS = NO;
				CLANG_ANALYZER_NONNULL = YES;
				CLANG_ANALYZER_NUMBER_OBJECT_CONVERSION = YES_AGGRESSIVE;
				CLANG_CXX_LANGUAGE_STANDARD = "gnu++14";
				CLANG_CXX_LIBRARY = "libc++";
				CLANG_ENABLE_MODULES = YES;
				CLANG_ENABLE_OBJC_ARC = YES;
				CLANG_WARN_BLOCK_CAPTURE_AUTORELEASING = YES;
				CLANG_WARN_BOOL_CONVERSION = YES;
				CLANG_WARN_COMMA = YES;
				CLANG_WARN_CONSTANT_CONVERSION = YES;
				CLANG_WARN_DIRECT_OBJC_ISA_USAGE = YES_ERROR;
				CLANG_WARN_DOCUMENTATION_COMMENTS = YES;
				CLANG_WARN_EMPTY_BODY = YES;
				CLANG_WARN_ENUM_CONVERSION = YES;
				CLANG_WARN_INFINITE_RECURSION = YES;
				CLANG_WARN_INT_CONVERSION = YES;
				CLANG_WARN_NON_LITERAL_NULL_CONVERSION = YES;
				CLANG_WARN_OBJC_LITERAL_CONVERSION = YES;
				CLANG_WARN_OBJC_ROOT_CLASS = YES_ERROR;
				CLANG_WARN_RANGE_LOOP_ANALYSIS = YES;
				CLANG_WARN_STRICT_PROTOTYPES = YES;
				CLANG_WARN_SUSPICIOUS_MOVE = YES;
				CLANG_WARN_UNGUARDED_AVAILABILITY = YES_AGGRESSIVE;
				CLANG_WARN_UNREACHABLE_CODE = YES;
				CLANG_WARN__DUPLICATE_METHOD_MATCH = YES;
				CODE_SIGN_IDENTITY = "iPhone Developer";
				COPY_PHASE_STRIP = NO;
				DEBUG_INFORMATION_FORMAT = dwarf;
				ENABLE_STRICT_OBJC_MSGSEND = YES;
				ENABLE_TESTABILITY = YES;
				GCC_C_LANGUAGE_STANDARD = gnu11;
				GCC_DYNAMIC_NO_PIC = NO;
				GCC_NO_COMMON_BLOCKS = YES;
				GCC_OPTIMIZATION_LEVEL = 0;
				GCC_PREPROCESSOR_DEFINITIONS = (
					"DEBUG=1",
					"$(inherited)",
				);
				GCC_WARN_64_TO_32_BIT_CONVERSION = YES;
				GCC_WARN_ABOUT_RETURN_TYPE = YES_ERROR;
				GCC_WARN_UNDECLARED_SELECTOR = YES;
				GCC_WARN_UNINITIALIZED_AUTOS = YES_AGGRESSIVE;
				GCC_WARN_UNUSED_FUNCTION = YES;
				GCC_WARN_UNUSED_VARIABLE = YES;
				IPHONEOS_DEPLOYMENT_TARGET = 11.1;
				MTL_ENABLE_DEBUG_INFO = YES;
				ONLY_ACTIVE_ARCH = YES;
				SDKROOT = iphoneos;
				SWIFT_ACTIVE_COMPILATION_CONDITIONS = DEBUG;
				SWIFT_OPTIMIZATION_LEVEL = "-Onone";
			};
			name = Debug;
		};
		4630471A1FBF38FA005F1106 /* Release */ = {
			isa = XCBuildConfiguration;
			buildSettings = {
				ALWAYS_SEARCH_USER_PATHS = NO;
				CLANG_ANALYZER_NONNULL = YES;
				CLANG_ANALYZER_NUMBER_OBJECT_CONVERSION = YES_AGGRESSIVE;
				CLANG_CXX_LANGUAGE_STANDARD = "gnu++14";
				CLANG_CXX_LIBRARY = "libc++";
				CLANG_ENABLE_MODULES = YES;
				CLANG_ENABLE_OBJC_ARC = YES;
				CLANG_WARN_BLOCK_CAPTURE_AUTORELEASING = YES;
				CLANG_WARN_BOOL_CONVERSION = YES;
				CLANG_WARN_COMMA = YES;
				CLANG_WARN_CONSTANT_CONVERSION = YES;
				CLANG_WARN_DIRECT_OBJC_ISA_USAGE = YES_ERROR;
				CLANG_WARN_DOCUMENTATION_COMMENTS = YES;
				CLANG_WARN_EMPTY_BODY = YES;
				CLANG_WARN_ENUM_CONVERSION = YES;
				CLANG_WARN_INFINITE_RECURSION = YES;
				CLANG_WARN_INT_CONVERSION = YES;
				CLANG_WARN_NON_LITERAL_NULL_CONVERSION = YES;
				CLANG_WARN_OBJC_LITERAL_CONVERSION = YES;
				CLANG_WARN_OBJC_ROOT_CLASS = YES_ERROR;
				CLANG_WARN_RANGE_LOOP_ANALYSIS = YES;
				CLANG_WARN_STRICT_PROTOTYPES = YES;
				CLANG_WARN_SUSPICIOUS_MOVE = YES;
				CLANG_WARN_UNGUARDED_AVAILABILITY = YES_AGGRESSIVE;
				CLANG_WARN_UNREACHABLE_CODE = YES;
				CLANG_WARN__DUPLICATE_METHOD_MATCH = YES;
				CODE_SIGN_IDENTITY = "iPhone Developer";
				COPY_PHASE_STRIP = NO;
				DEBUG_INFORMATION_FORMAT = "dwarf-with-dsym";
				ENABLE_NS_ASSERTIONS = NO;
				ENABLE_STRICT_OBJC_MSGSEND = YES;
				GCC_C_LANGUAGE_STANDARD = gnu11;
				GCC_NO_COMMON_BLOCKS = YES;
				GCC_WARN_64_TO_32_BIT_CONVERSION = YES;
				GCC_WARN_ABOUT_RETURN_TYPE = YES_ERROR;
				GCC_WARN_UNDECLARED_SELECTOR = YES;
				GCC_WARN_UNINITIALIZED_AUTOS = YES_AGGRESSIVE;
				GCC_WARN_UNUSED_FUNCTION = YES;
				GCC_WARN_UNUSED_VARIABLE = YES;
				IPHONEOS_DEPLOYMENT_TARGET = 11.1;
				MTL_ENABLE_DEBUG_INFO = NO;
				SDKROOT = iphoneos;
				SWIFT_OPTIMIZATION_LEVEL = "-Owholemodule";
				VALIDATE_PRODUCT = YES;
			};
			name = Release;
		};
		4630471C1FBF38FA005F1106 /* Debug */ = {
			isa = XCBuildConfiguration;
			buildSettings = {
				ASSETCATALOG_COMPILER_APPICON_NAME = AppIcon;
				CODE_SIGN_STYLE = Automatic;
				DEVELOPMENT_TEAM = ZS22ZRK6AQ;
				INFOPLIST_FILE = "Template Project iOS/Info.plist";
				LD_RUNPATH_SEARCH_PATHS = "$(inherited) @executable_path/Frameworks";
				PRODUCT_BUNDLE_IDENTIFIER = "Guijet.Template-Project-iOS";
				PRODUCT_NAME = "$(TARGET_NAME)";
				SWIFT_VERSION = 4.0;
				TARGETED_DEVICE_FAMILY = "1,2";
			};
			name = Debug;
		};
		4630471D1FBF38FA005F1106 /* Release */ = {
			isa = XCBuildConfiguration;
			buildSettings = {
				ASSETCATALOG_COMPILER_APPICON_NAME = AppIcon;
				CODE_SIGN_STYLE = Automatic;
				DEVELOPMENT_TEAM = ZS22ZRK6AQ;
				INFOPLIST_FILE = "Template Project iOS/Info.plist";
				LD_RUNPATH_SEARCH_PATHS = "$(inherited) @executable_path/Frameworks";
				PRODUCT_BUNDLE_IDENTIFIER = "Guijet.Template-Project-iOS";
				PRODUCT_NAME = "$(TARGET_NAME)";
				SWIFT_VERSION = 4.0;
				TARGETED_DEVICE_FAMILY = "1,2";
			};
			name = Release;
		};
		4630471F1FBF38FA005F1106 /* Debug */ = {
			isa = XCBuildConfiguration;
			buildSettings = {
				ALWAYS_EMBED_SWIFT_STANDARD_LIBRARIES = YES;
				BUNDLE_LOADER = "$(TEST_HOST)";
				CODE_SIGN_STYLE = Automatic;
				DEVELOPMENT_TEAM = ZS22ZRK6AQ;
				INFOPLIST_FILE = "Template Project iOSTests/Info.plist";
				LD_RUNPATH_SEARCH_PATHS = "$(inherited) @executable_path/Frameworks @loader_path/Frameworks";
				PRODUCT_BUNDLE_IDENTIFIER = "Guijet.Template-Project-iOSTests";
				PRODUCT_NAME = "$(TARGET_NAME)";
				SWIFT_VERSION = 4.0;
				TARGETED_DEVICE_FAMILY = "1,2";
				TEST_HOST = "$(BUILT_PRODUCTS_DIR)/Template Project iOS.app/Template Project iOS";
			};
			name = Debug;
		};
		463047201FBF38FA005F1106 /* Release */ = {
			isa = XCBuildConfiguration;
			buildSettings = {
				ALWAYS_EMBED_SWIFT_STANDARD_LIBRARIES = YES;
				BUNDLE_LOADER = "$(TEST_HOST)";
				CODE_SIGN_STYLE = Automatic;
				DEVELOPMENT_TEAM = ZS22ZRK6AQ;
				INFOPLIST_FILE = "Template Project iOSTests/Info.plist";
				LD_RUNPATH_SEARCH_PATHS = "$(inherited) @executable_path/Frameworks @loader_path/Frameworks";
				PRODUCT_BUNDLE_IDENTIFIER = "Guijet.Template-Project-iOSTests";
				PRODUCT_NAME = "$(TARGET_NAME)";
				SWIFT_VERSION = 4.0;
				TARGETED_DEVICE_FAMILY = "1,2";
				TEST_HOST = "$(BUILT_PRODUCTS_DIR)/Template Project iOS.app/Template Project iOS";
			};
			name = Release;
		};
		463047221FBF38FA005F1106 /* Debug */ = {
			isa = XCBuildConfiguration;
			buildSettings = {
				ALWAYS_EMBED_SWIFT_STANDARD_LIBRARIES = YES;
				CODE_SIGN_STYLE = Automatic;
				DEVELOPMENT_TEAM = ZS22ZRK6AQ;
				INFOPLIST_FILE = "Template Project iOSUITests/Info.plist";
				LD_RUNPATH_SEARCH_PATHS = "$(inherited) @executable_path/Frameworks @loader_path/Frameworks";
				PRODUCT_BUNDLE_IDENTIFIER = "Guijet.Template-Project-iOSUITests";
				PRODUCT_NAME = "$(TARGET_NAME)";
				SWIFT_VERSION = 4.0;
				TARGETED_DEVICE_FAMILY = "1,2";
				TEST_TARGET_NAME = "Template Project iOS";
			};
			name = Debug;
		};
		463047231FBF38FA005F1106 /* Release */ = {
			isa = XCBuildConfiguration;
			buildSettings = {
				ALWAYS_EMBED_SWIFT_STANDARD_LIBRARIES = YES;
				CODE_SIGN_STYLE = Automatic;
				DEVELOPMENT_TEAM = ZS22ZRK6AQ;
				INFOPLIST_FILE = "Template Project iOSUITests/Info.plist";
				LD_RUNPATH_SEARCH_PATHS = "$(inherited) @executable_path/Frameworks @loader_path/Frameworks";
				PRODUCT_BUNDLE_IDENTIFIER = "Guijet.Template-Project-iOSUITests";
				PRODUCT_NAME = "$(TARGET_NAME)";
				SWIFT_VERSION = 4.0;
				TARGETED_DEVICE_FAMILY = "1,2";
				TEST_TARGET_NAME = "Template Project iOS";
			};
			name = Release;
		};
/* End XCBuildConfiguration section */

/* Begin XCConfigurationList section */
		463046EE1FBF38F9005F1106 /* Build configuration list for PBXProject "Template Project iOS" */ = {
			isa = XCConfigurationList;
			buildConfigurations = (
				463047191FBF38FA005F1106 /* Debug */,
				4630471A1FBF38FA005F1106 /* Release */,
			);
			defaultConfigurationIsVisible = 0;
			defaultConfigurationName = Release;
		};
		4630471B1FBF38FA005F1106 /* Build configuration list for PBXNativeTarget "Template Project iOS" */ = {
			isa = XCConfigurationList;
			buildConfigurations = (
				4630471C1FBF38FA005F1106 /* Debug */,
				4630471D1FBF38FA005F1106 /* Release */,
			);
			defaultConfigurationIsVisible = 0;
			defaultConfigurationName = Release;
		};
		4630471E1FBF38FA005F1106 /* Build configuration list for PBXNativeTarget "Template Project iOSTests" */ = {
			isa = XCConfigurationList;
			buildConfigurations = (
				4630471F1FBF38FA005F1106 /* Debug */,
				463047201FBF38FA005F1106 /* Release */,
			);
			defaultConfigurationIsVisible = 0;
			defaultConfigurationName = Release;
		};
		463047211FBF38FA005F1106 /* Build configuration list for PBXNativeTarget "Template Project iOSUITests" */ = {
			isa = XCConfigurationList;
			buildConfigurations = (
				463047221FBF38FA005F1106 /* Debug */,
				463047231FBF38FA005F1106 /* Release */,
			);
			defaultConfigurationIsVisible = 0;
			defaultConfigurationName = Release;
		};
/* End XCConfigurationList section */
	};
	rootObject = 463046EB1FBF38F9005F1106 /* Project object */;
}
